Microsoft Visual Studio Solution File, Format Version 12.00
# Visual Studio 16
Project("{8BC9CEB8-8B4A-11D0-8D11-00A0C91BC942}") = "ALL_BUILD", "ALL_BUILD.vcxproj", "{C53F4DC2-D57D-379B-BA2C-B8F3DD79623D}"
	ProjectSection(ProjectDependencies) = postProject
		{68F378AC-594E-374E-B79D-1F460C29043E} = {68F378AC-594E-374E-B79D-1F460C29043E}
		{F0E36188-61C5-376F-B4B2-20B17B136D7B} = {F0E36188-61C5-376F-B4B2-20B17B136D7B}
		{57267856-61AC-33A8-B0AF-BA03E60D2DAB} = {57267856-61AC-33A8-B0AF-BA03E60D2DAB}
		{DDAA8532-4791-34B0-ACCB-217FE5AB3235} = {DDAA8532-4791-34B0-ACCB-217FE5AB3235}
		{33C839F2-3499-398F-8238-6E16B864C2A5} = {33C839F2-3499-398F-8238-6E16B864C2A5}
		{CB836C28-9040-3140-9D33-799C183AB23E} = {CB836C28-9040-3140-9D33-799C183AB23E}
		{FEE1923D-B00F-3658-8B22-F1363B095F13} = {FEE1923D-B00F-3658-8B22-F1363B095F13}
		{D6407126-9144-3643-ADF6-7C70D5A34C8D} = {D6407126-9144-3643-ADF6-7C70D5A34C8D}
		{2BB6E5EA-533C-3849-8EFD-2DD73342DCB4} = {2BB6E5EA-533C-3849-8EFD-2DD73342DCB4}
		{FE990DD8-0D1C-3C69-8572-5982A951771D} = {FE990DD8-0D1C-3C69-8572-5982A951771D}
		{5BB23491-3C09-3BCB-B41B-E3FF781A39C7} = {5BB23491-3C09-3BCB-B41B-E3FF781A39C7}
		{CAA1EC7E-FC62-32B5-B8AE-E4B3CF833349} = {CAA1EC7E-FC62-32B5-B8AE-E4B3CF833349}
		{DF0EC9D0-78D6-3845-84AB-DC17A9485A41} = {DF0EC9D0-78D6-3845-84AB-DC17A9485A41}
		{9F5AE4D0-7EF6-3320-8AC4-DE2D0F85ABBF} = {9F5AE4D0-7EF6-3320-8AC4-DE2D0F85ABBF}
		{137DDA7F-2EB8-3BC1-BA9A-1BD02A1ABC0C} = {137DDA7F-2EB8-3BC1-BA9A-1BD02A1ABC0C}
		{4F1F8F1F-84CF-3D4F-90F3-2E0B2CAA4162} = {4F1F8F1F-84CF-3D4F-90F3-2E0B2CAA4162}
		{080343F1-B4A5-3910-9E99-C843AE4DD22C} = {080343F1-B4A5-3910-9E99-C843AE4DD22C}
		{A550C529-725C-31BF-92C0-5811BBC2FED7} = {A550C529-725C-31BF-92C0-5811BBC2FED7}
	EndProjectSection
EndProject
Project("{8BC9CEB8-8B4A-11D0-8D11-00A0C91BC942}") = "Continuous", "Continuous.vcxproj", "{20A226EF-D828-3C73-93C1-D56E52EC7AA3}"
	ProjectSection(ProjectDependencies) = postProject
		{68F378AC-594E-374E-B79D-1F460C29043E} = {68F378AC-594E-374E-B79D-1F460C29043E}
	EndProjectSection
EndProject
Project("{8BC9CEB8-8B4A-11D0-8D11-00A0C91BC942}") = "Experimental", "Experimental.vcxproj", "{7F65126E-7431-3397-823F-7BEECC007D13}"
	ProjectSection(ProjectDependencies) = postProject
		{68F378AC-594E-374E-B79D-1F460C29043E} = {68F378AC-594E-374E-B79D-1F460C29043E}
	EndProjectSection
EndProject
Project("{8BC9CEB8-8B4A-11D0-8D11-00A0C91BC942}") = "INSTALL", "INSTALL.vcxproj", "{6A835244-E395-33AB-8CE2-EF815E6C42DC}"
	ProjectSection(ProjectDependencies) = postProject
		{C53F4DC2-D57D-379B-BA2C-B8F3DD79623D} = {C53F4DC2-D57D-379B-BA2C-B8F3DD79623D}
		{68F378AC-594E-374E-B79D-1F460C29043E} = {68F378AC-594E-374E-B79D-1F460C29043E}
	EndProjectSection
EndProject
Project("{8BC9CEB8-8B4A-11D0-8D11-00A0C91BC942}") = "Nightly", "Nightly.vcxproj", "{FE21A375-231C-3399-A7C8-39E231424157}"
	ProjectSection(ProjectDependencies) = postProject
		{68F378AC-594E-374E-B79D-1F460C29043E} = {68F378AC-594E-374E-B79D-1F460C29043E}
	EndProjectSection
EndProject
Project("{8BC9CEB8-8B4A-11D0-8D11-00A0C91BC942}") = "NightlyMemoryCheck", "NightlyMemoryCheck.vcxproj", "{74C9F956-C43E-3647-9B30-D779376844F1}"
	ProjectSection(ProjectDependencies) = postProject
		{68F378AC-594E-374E-B79D-1F460C29043E} = {68F378AC-594E-374E-B79D-1F460C29043E}
	EndProjectSection
EndProject
Project("{8BC9CEB8-8B4A-11D0-8D11-00A0C91BC942}") = "RUN_TESTS", "RUN_TESTS.vcxproj", "{C4B47679-1889-3716-AE52-4EBE8DC230C7}"
	ProjectSection(ProjectDependencies) = postProject
		{68F378AC-594E-374E-B79D-1F460C29043E} = {68F378AC-594E-374E-B79D-1F460C29043E}
	EndProjectSection
EndProject
Project("{8BC9CEB8-8B4A-11D0-8D11-00A0C91BC942}") = "ZERO_CHECK", "ZERO_CHECK.vcxproj", "{68F378AC-594E-374E-B79D-1F460C29043E}"
	ProjectSection(ProjectDependencies) = postProject
	EndProjectSection
EndProject
Project("{8BC9CEB8-8B4A-11D0-8D11-00A0C91BC942}") = "astyle", "tools\astyle\astyle.vcxproj", "{F0E36188-61C5-376F-B4B2-20B17B136D7B}"
	ProjectSection(ProjectDependencies) = postProject
		{68F378AC-594E-374E-B79D-1F460C29043E} = {68F378AC-594E-374E-B79D-1F460C29043E}
	EndProjectSection
EndProject
Project("{8BC9CEB8-8B4A-11D0-8D11-00A0C91BC942}") = "check", "check.vcxproj", "{3E7D29E0-B5FC-3C04-B251-4D557C621ADD}"
	ProjectSection(ProjectDependencies) = postProject
		{68F378AC-594E-374E-B79D-1F460C29043E} = {68F378AC-594E-374E-B79D-1F460C29043E}
	EndProjectSection
EndProject
Project("{8BC9CEB8-8B4A-11D0-8D11-00A0C91BC942}") = "example", "doc\example.vcxproj", "{57267856-61AC-33A8-B0AF-BA03E60D2DAB}"
	ProjectSection(ProjectDependencies) = postProject
		{68F378AC-594E-374E-B79D-1F460C29043E} = {68F378AC-594E-374E-B79D-1F460C29043E}
		{DDAA8532-4791-34B0-ACCB-217FE5AB3235} = {DDAA8532-4791-34B0-ACCB-217FE5AB3235}
	EndProjectSection
EndProject
Project("{8BC9CEB8-8B4A-11D0-8D11-00A0C91BC942}") = "geos", "geos.vcxproj", "{DDAA8532-4791-34B0-ACCB-217FE5AB3235}"
	ProjectSection(ProjectDependencies) = postProject
		{68F378AC-594E-374E-B79D-1F460C29043E} = {68F378AC-594E-374E-B79D-1F460C29043E}
	EndProjectSection
EndProject
Project("{8BC9CEB8-8B4A-11D0-8D11-00A0C91BC942}") = "geos_c", "geos_c.vcxproj", "{33C839F2-3499-398F-8238-6E16B864C2A5}"
	ProjectSection(ProjectDependencies) = postProject
		{68F378AC-594E-374E-B79D-1F460C29043E} = {68F378AC-594E-374E-B79D-1F460C29043E}
		{DDAA8532-4791-34B0-ACCB-217FE5AB3235} = {DDAA8532-4791-34B0-ACCB-217FE5AB3235}
	EndProjectSection
EndProject
Project("{8BC9CEB8-8B4A-11D0-8D11-00A0C91BC942}") = "perf_class_sizes", "benchmarks\perf_class_sizes.vcxproj", "{CB836C28-9040-3140-9D33-799C183AB23E}"
	ProjectSection(ProjectDependencies) = postProject
		{68F378AC-594E-374E-B79D-1F460C29043E} = {68F378AC-594E-374E-B79D-1F460C29043E}
		{DDAA8532-4791-34B0-ACCB-217FE5AB3235} = {DDAA8532-4791-34B0-ACCB-217FE5AB3235}
	EndProjectSection
EndProject
Project("{8BC9CEB8-8B4A-11D0-8D11-00A0C91BC942}") = "perf_geospreparedcontains", "benchmarks\capi\perf_geospreparedcontains.vcxproj", "{FEE1923D-B00F-3658-8B22-F1363B095F13}"
	ProjectSection(ProjectDependencies) = postProject
		{68F378AC-594E-374E-B79D-1F460C29043E} = {68F378AC-594E-374E-B79D-1F460C29043E}
		{DDAA8532-4791-34B0-ACCB-217FE5AB3235} = {DDAA8532-4791-34B0-ACCB-217FE5AB3235}
		{33C839F2-3499-398F-8238-6E16B864C2A5} = {33C839F2-3499-398F-8238-6E16B864C2A5}
	EndProjectSection
EndProject
Project("{8BC9CEB8-8B4A-11D0-8D11-00A0C91BC942}") = "perf_interiorpoint_area", "benchmarks\algorithm\perf_interiorpoint_area.vcxproj", "{D6407126-9144-3643-ADF6-7C70D5A34C8D}"
	ProjectSection(ProjectDependencies) = postProject
		{68F378AC-594E-374E-B79D-1F460C29043E} = {68F378AC-594E-374E-B79D-1F460C29043E}
		{DDAA8532-4791-34B0-ACCB-217FE5AB3235} = {DDAA8532-4791-34B0-ACCB-217FE5AB3235}
	EndProjectSection
EndProject
Project("{8BC9CEB8-8B4A-11D0-8D11-00A0C91BC942}") = "perf_intersection", "benchmarks\capi\perf_intersection.vcxproj", "{2BB6E5EA-533C-3849-8EFD-2DD73342DCB4}"
	ProjectSection(ProjectDependencies) = postProject
		{68F378AC-594E-374E-B79D-1F460C29043E} = {68F378AC-594E-374E-B79D-1F460C29043E}
		{DDAA8532-4791-34B0-ACCB-217FE5AB3235} = {DDAA8532-4791-34B0-ACCB-217FE5AB3235}
		{33C839F2-3499-398F-8238-6E16B864C2A5} = {33C839F2-3499-398F-8238-6E16B864C2A5}
	EndProjectSection
EndProject
Project("{8BC9CEB8-8B4A-11D0-8D11-00A0C91BC942}") = "perf_iterated_buffer", "benchmarks\operation\buffer\perf_iterated_buffer.vcxproj", "{FE990DD8-0D1C-3C69-8572-5982A951771D}"
	ProjectSection(ProjectDependencies) = postProject
		{68F378AC-594E-374E-B79D-1F460C29043E} = {68F378AC-594E-374E-B79D-1F460C29043E}
		{DDAA8532-4791-34B0-ACCB-217FE5AB3235} = {DDAA8532-4791-34B0-ACCB-217FE5AB3235}
	EndProjectSection
EndProject
Project("{8BC9CEB8-8B4A-11D0-8D11-00A0C91BC942}") = "perf_memleak_mp_prep", "benchmarks\capi\perf_memleak_mp_prep.vcxproj", "{5BB23491-3C09-3BCB-B41B-E3FF781A39C7}"
	ProjectSection(ProjectDependencies) = postProject
		{68F378AC-594E-374E-B79D-1F460C29043E} = {68F378AC-594E-374E-B79D-1F460C29043E}
		{33C839F2-3499-398F-8238-6E16B864C2A5} = {33C839F2-3499-398F-8238-6E16B864C2A5}
	EndProjectSection
EndProject
Project("{8BC9CEB8-8B4A-11D0-8D11-00A0C91BC942}") = "perf_rectangle_intersects", "benchmarks\operation\predicate\perf_rectangle_intersects.vcxproj", "{CAA1EC7E-FC62-32B5-B8AE-E4B3CF833349}"
	ProjectSection(ProjectDependencies) = postProject
		{68F378AC-594E-374E-B79D-1F460C29043E} = {68F378AC-594E-374E-B79D-1F460C29043E}
		{DDAA8532-4791-34B0-ACCB-217FE5AB3235} = {DDAA8532-4791-34B0-ACCB-217FE5AB3235}
	EndProjectSection
EndProject
Project("{8BC9CEB8-8B4A-11D0-8D11-00A0C91BC942}") = "perf_unaryunion_segments", "benchmarks\algorithm\perf_unaryunion_segments.vcxproj", "{DF0EC9D0-78D6-3845-84AB-DC17A9485A41}"
	ProjectSection(ProjectDependencies) = postProject
		{68F378AC-594E-374E-B79D-1F460C29043E} = {68F378AC-594E-374E-B79D-1F460C29043E}
		{DDAA8532-4791-34B0-ACCB-217FE5AB3235} = {DDAA8532-4791-34B0-ACCB-217FE5AB3235}
	EndProjectSection
EndProject
Project("{8BC9CEB8-8B4A-11D0-8D11-00A0C91BC942}") = "perf_voronoi", "benchmarks\algorithm\perf_voronoi.vcxproj", "{9F5AE4D0-7EF6-3320-8AC4-DE2D0F85ABBF}"
	ProjectSection(ProjectDependencies) = postProject
		{68F378AC-594E-374E-B79D-1F460C29043E} = {68F378AC-594E-374E-B79D-1F460C29043E}
		{DDAA8532-4791-34B0-ACCB-217FE5AB3235} = {DDAA8532-4791-34B0-ACCB-217FE5AB3235}
	EndProjectSection
EndProject
Project("{8BC9CEB8-8B4A-11D0-8D11-00A0C91BC942}") = "test_big_sweep_line_speed", "tests\bigtest\test_big_sweep_line_speed.vcxproj", "{137DDA7F-2EB8-3BC1-BA9A-1BD02A1ABC0C}"
	ProjectSection(ProjectDependencies) = postProject
		{68F378AC-594E-374E-B79D-1F460C29043E} = {68F378AC-594E-374E-B79D-1F460C29043E}
		{DDAA8532-4791-34B0-ACCB-217FE5AB3235} = {DDAA8532-4791-34B0-ACCB-217FE5AB3235}
	EndProjectSection
EndProject
Project("{8BC9CEB8-8B4A-11D0-8D11-00A0C91BC942}") = "test_geos_unit", "tests\unit\test_geos_unit.vcxproj", "{4F1F8F1F-84CF-3D4F-90F3-2E0B2CAA4162}"
	ProjectSection(ProjectDependencies) = postProject
		{68F378AC-594E-374E-B79D-1F460C29043E} = {68F378AC-594E-374E-B79D-1F460C29043E}
		{DDAA8532-4791-34B0-ACCB-217FE5AB3235} = {DDAA8532-4791-34B0-ACCB-217FE5AB3235}
		{33C839F2-3499-398F-8238-6E16B864C2A5} = {33C839F2-3499-398F-8238-6E16B864C2A5}
	EndProjectSection
EndProject
Project("{8BC9CEB8-8B4A-11D0-8D11-00A0C91BC942}") = "test_simplewkttester", "tests\xmltester\test_simplewkttester.vcxproj", "{080343F1-B4A5-3910-9E99-C843AE4DD22C}"
	ProjectSection(ProjectDependencies) = postProject
		{68F378AC-594E-374E-B79D-1F460C29043E} = {68F378AC-594E-374E-B79D-1F460C29043E}
		{DDAA8532-4791-34B0-ACCB-217FE5AB3235} = {DDAA8532-4791-34B0-ACCB-217FE5AB3235}
	EndProjectSection
EndProject
Project("{8BC9CEB8-8B4A-11D0-8D11-00A0C91BC942}") = "test_xmltester", "tests\xmltester\test_xmltester.vcxproj", "{A550C529-725C-31BF-92C0-5811BBC2FED7}"
	ProjectSection(ProjectDependencies) = postProject
		{68F378AC-594E-374E-B79D-1F460C29043E} = {68F378AC-594E-374E-B79D-1F460C29043E}
		{DDAA8532-4791-34B0-ACCB-217FE5AB3235} = {DDAA8532-4791-34B0-ACCB-217FE5AB3235}
	EndProjectSection
EndProject
Project("{8BC9CEB8-8B4A-11D0-8D11-00A0C91BC942}") = "uninstall", "uninstall.vcxproj", "{3364A9CE-3A5D-3B11-9E17-8E1015DF6196}"
	ProjectSection(ProjectDependencies) = postProject
		{68F378AC-594E-374E-B79D-1F460C29043E} = {68F378AC-594E-374E-B79D-1F460C29043E}
	EndProjectSection
EndProject
Global
	GlobalSection(SolutionConfigurationPlatforms) = preSolution
		Debug|x64 = Debug|x64
		Release|x64 = Release|x64
		MinSizeRel|x64 = MinSizeRel|x64
		RelWithDebInfo|x64 = RelWithDebInfo|x64
	EndGlobalSection
	GlobalSection(ProjectConfigurationPlatforms) = postSolution
		{C53F4DC2-D57D-379B-BA2C-B8F3DD79623D}.Debug|x64.ActiveCfg = Debug|x64
		{C53F4DC2-D57D-379B-BA2C-B8F3DD79623D}.Debug|x64.Build.0 = Debug|x64
		{C53F4DC2-D57D-379B-BA2C-B8F3DD79623D}.Release|x64.ActiveCfg = Release|x64
		{C53F4DC2-D57D-379B-BA2C-B8F3DD79623D}.Release|x64.Build.0 = Release|x64
		{C53F4DC2-D57D-379B-BA2C-B8F3DD79623D}.MinSizeRel|x64.ActiveCfg = MinSizeRel|x64
		{C53F4DC2-D57D-379B-BA2C-B8F3DD79623D}.MinSizeRel|x64.Build.0 = MinSizeRel|x64
		{C53F4DC2-D57D-379B-BA2C-B8F3DD79623D}.RelWithDebInfo|x64.ActiveCfg = RelWithDebInfo|x64
		{C53F4DC2-D57D-379B-BA2C-B8F3DD79623D}.RelWithDebInfo|x64.Build.0 = RelWithDebInfo|x64
		{20A226EF-D828-3C73-93C1-D56E52EC7AA3}.Debug|x64.ActiveCfg = Debug|x64
		{20A226EF-D828-3C73-93C1-D56E52EC7AA3}.Release|x64.ActiveCfg = Release|x64
		{20A226EF-D828-3C73-93C1-D56E52EC7AA3}.MinSizeRel|x64.ActiveCfg = MinSizeRel|x64
		{20A226EF-D828-3C73-93C1-D56E52EC7AA3}.RelWithDebInfo|x64.ActiveCfg = RelWithDebInfo|x64
		{7F65126E-7431-3397-823F-7BEECC007D13}.Debug|x64.ActiveCfg = Debug|x64
		{7F65126E-7431-3397-823F-7BEECC007D13}.Release|x64.ActiveCfg = Release|x64
		{7F65126E-7431-3397-823F-7BEECC007D13}.MinSizeRel|x64.ActiveCfg = MinSizeRel|x64
		{7F65126E-7431-3397-823F-7BEECC007D13}.RelWithDebInfo|x64.ActiveCfg = RelWithDebInfo|x64
		{6A835244-E395-33AB-8CE2-EF815E6C42DC}.Debug|x64.ActiveCfg = Debug|x64
		{6A835244-E395-33AB-8CE2-EF815E6C42DC}.Release|x64.ActiveCfg = Release|x64
		{6A835244-E395-33AB-8CE2-EF815E6C42DC}.MinSizeRel|x64.ActiveCfg = MinSizeRel|x64
		{6A835244-E395-33AB-8CE2-EF815E6C42DC}.RelWithDebInfo|x64.ActiveCfg = RelWithDebInfo|x64
		{FE21A375-231C-3399-A7C8-39E231424157}.Debug|x64.ActiveCfg = Debug|x64
		{FE21A375-231C-3399-A7C8-39E231424157}.Release|x64.ActiveCfg = Release|x64
		{FE21A375-231C-3399-A7C8-39E231424157}.MinSizeRel|x64.ActiveCfg = MinSizeRel|x64
		{FE21A375-231C-3399-A7C8-39E231424157}.RelWithDebInfo|x64.ActiveCfg = RelWithDebInfo|x64
		{74C9F956-C43E-3647-9B30-D779376844F1}.Debug|x64.ActiveCfg = Debug|x64
		{74C9F956-C43E-3647-9B30-D779376844F1}.Release|x64.ActiveCfg = Release|x64
		{74C9F956-C43E-3647-9B30-D779376844F1}.MinSizeRel|x64.ActiveCfg = MinSizeRel|x64
		{74C9F956-C43E-3647-9B30-D779376844F1}.RelWithDebInfo|x64.ActiveCfg = RelWithDebInfo|x64
		{C4B47679-1889-3716-AE52-4EBE8DC230C7}.Debug|x64.ActiveCfg = Debug|x64
		{C4B47679-1889-3716-AE52-4EBE8DC230C7}.Release|x64.ActiveCfg = Release|x64
		{C4B47679-1889-3716-AE52-4EBE8DC230C7}.MinSizeRel|x64.ActiveCfg = MinSizeRel|x64
		{C4B47679-1889-3716-AE52-4EBE8DC230C7}.RelWithDebInfo|x64.ActiveCfg = RelWithDebInfo|x64
		{68F378AC-594E-374E-B79D-1F460C29043E}.Debug|x64.ActiveCfg = Debug|x64
		{68F378AC-594E-374E-B79D-1F460C29043E}.Debug|x64.Build.0 = Debug|x64
		{68F378AC-594E-374E-B79D-1F460C29043E}.Release|x64.ActiveCfg = Release|x64
		{68F378AC-594E-374E-B79D-1F460C29043E}.Release|x64.Build.0 = Release|x64
		{68F378AC-594E-374E-B79D-1F460C29043E}.MinSizeRel|x64.ActiveCfg = MinSizeRel|x64
		{68F378AC-594E-374E-B79D-1F460C29043E}.MinSizeRel|x64.Build.0 = MinSizeRel|x64
		{68F378AC-594E-374E-B79D-1F460C29043E}.RelWithDebInfo|x64.ActiveCfg = RelWithDebInfo|x64
		{68F378AC-594E-374E-B79D-1F460C29043E}.RelWithDebInfo|x64.Build.0 = RelWithDebInfo|x64
		{F0E36188-61C5-376F-B4B2-20B17B136D7B}.Debug|x64.ActiveCfg = Debug|x64
		{F0E36188-61C5-376F-B4B2-20B17B136D7B}.Debug|x64.Build.0 = Debug|x64
		{F0E36188-61C5-376F-B4B2-20B17B136D7B}.Release|x64.ActiveCfg = Release|x64
		{F0E36188-61C5-376F-B4B2-20B17B136D7B}.Release|x64.Build.0 = Release|x64
		{F0E36188-61C5-376F-B4B2-20B17B136D7B}.MinSizeRel|x64.ActiveCfg = MinSizeRel|x64
		{F0E36188-61C5-376F-B4B2-20B17B136D7B}.MinSizeRel|x64.Build.0 = MinSizeRel|x64
		{F0E36188-61C5-376F-B4B2-20B17B136D7B}.RelWithDebInfo|x64.ActiveCfg = RelWithDebInfo|x64
		{F0E36188-61C5-376F-B4B2-20B17B136D7B}.RelWithDebInfo|x64.Build.0 = RelWithDebInfo|x64
		{3E7D29E0-B5FC-3C04-B251-4D557C621ADD}.Debug|x64.ActiveCfg = Debug|x64
		{3E7D29E0-B5FC-3C04-B251-4D557C621ADD}.Release|x64.ActiveCfg = Release|x64
		{3E7D29E0-B5FC-3C04-B251-4D557C621ADD}.MinSizeRel|x64.ActiveCfg = MinSizeRel|x64
		{3E7D29E0-B5FC-3C04-B251-4D557C621ADD}.RelWithDebInfo|x64.ActiveCfg = RelWithDebInfo|x64
		{57267856-61AC-33A8-B0AF-BA03E60D2DAB}.Debug|x64.ActiveCfg = Debug|x64
		{57267856-61AC-33A8-B0AF-BA03E60D2DAB}.Debug|x64.Build.0 = Debug|x64
		{57267856-61AC-33A8-B0AF-BA03E60D2DAB}.Release|x64.ActiveCfg = Release|x64
		{57267856-61AC-33A8-B0AF-BA03E60D2DAB}.Release|x64.Build.0 = Release|x64
		{57267856-61AC-33A8-B0AF-BA03E60D2DAB}.MinSizeRel|x64.ActiveCfg = MinSizeRel|x64
		{57267856-61AC-33A8-B0AF-BA03E60D2DAB}.MinSizeRel|x64.Build.0 = MinSizeRel|x64
		{57267856-61AC-33A8-B0AF-BA03E60D2DAB}.RelWithDebInfo|x64.ActiveCfg = RelWithDebInfo|x64
		{57267856-61AC-33A8-B0AF-BA03E60D2DAB}.RelWithDebInfo|x64.Build.0 = RelWithDebInfo|x64
		{DDAA8532-4791-34B0-ACCB-217FE5AB3235}.Debug|x64.ActiveCfg = Debug|x64
		{DDAA8532-4791-34B0-ACCB-217FE5AB3235}.Debug|x64.Build.0 = Debug|x64
		{DDAA8532-4791-34B0-ACCB-217FE5AB3235}.Release|x64.ActiveCfg = Release|x64
		{DDAA8532-4791-34B0-ACCB-217FE5AB3235}.Release|x64.Build.0 = Release|x64
		{DDAA8532-4791-34B0-ACCB-217FE5AB3235}.MinSizeRel|x64.ActiveCfg = MinSizeRel|x64
		{DDAA8532-4791-34B0-ACCB-217FE5AB3235}.MinSizeRel|x64.Build.0 = MinSizeRel|x64
		{DDAA8532-4791-34B0-ACCB-217FE5AB3235}.RelWithDebInfo|x64.ActiveCfg = RelWithDebInfo|x64
		{DDAA8532-4791-34B0-ACCB-217FE5AB3235}.RelWithDebInfo|x64.Build.0 = RelWithDebInfo|x64
		{33C839F2-3499-398F-8238-6E16B864C2A5}.Debug|x64.ActiveCfg = Debug|x64
		{33C839F2-3499-398F-8238-6E16B864C2A5}.Debug|x64.Build.0 = Debug|x64
		{33C839F2-3499-398F-8238-6E16B864C2A5}.Release|x64.ActiveCfg = Release|x64
		{33C839F2-3499-398F-8238-6E16B864C2A5}.Release|x64.Build.0 = Release|x64
		{33C839F2-3499-398F-8238-6E16B864C2A5}.MinSizeRel|x64.ActiveCfg = MinSizeRel|x64
		{33C839F2-3499-398F-8238-6E16B864C2A5}.MinSizeRel|x64.Build.0 = MinSizeRel|x64
		{33C839F2-3499-398F-8238-6E16B864C2A5}.RelWithDebInfo|x64.ActiveCfg = RelWithDebInfo|x64
		{33C839F2-3499-398F-8238-6E16B864C2A5}.RelWithDebInfo|x64.Build.0 = RelWithDebInfo|x64
		{CB836C28-9040-3140-9D33-799C183AB23E}.Debug|x64.ActiveCfg = Debug|x64
		{CB836C28-9040-3140-9D33-799C183AB23E}.Debug|x64.Build.0 = Debug|x64
		{CB836C28-9040-3140-9D33-799C183AB23E}.Release|x64.ActiveCfg = Release|x64
		{CB836C28-9040-3140-9D33-799C183AB23E}.Release|x64.Build.0 = Release|x64
		{CB836C28-9040-3140-9D33-799C183AB23E}.MinSizeRel|x64.ActiveCfg = MinSizeRel|x64
		{CB836C28-9040-3140-9D33-799C183AB23E}.MinSizeRel|x64.Build.0 = MinSizeRel|x64
		{CB836C28-9040-3140-9D33-799C183AB23E}.RelWithDebInfo|x64.ActiveCfg = RelWithDebInfo|x64
		{CB836C28-9040-3140-9D33-799C183AB23E}.RelWithDebInfo|x64.Build.0 = RelWithDebInfo|x64
		{FEE1923D-B00F-3658-8B22-F1363B095F13}.Debug|x64.ActiveCfg = Debug|x64
		{FEE1923D-B00F-3658-8B22-F1363B095F13}.Debug|x64.Build.0 = Debug|x64
		{FEE1923D-B00F-3658-8B22-F1363B095F13}.Release|x64.ActiveCfg = Release|x64
		{FEE1923D-B00F-3658-8B22-F1363B095F13}.Release|x64.Build.0 = Release|x64
		{FEE1923D-B00F-3658-8B22-F1363B095F13}.MinSizeRel|x64.ActiveCfg = MinSizeRel|x64
		{FEE1923D-B00F-3658-8B22-F1363B095F13}.MinSizeRel|x64.Build.0 = MinSizeRel|x64
		{FEE1923D-B00F-3658-8B22-F1363B095F13}.RelWithDebInfo|x64.ActiveCfg = RelWithDebInfo|x64
		{FEE1923D-B00F-3658-8B22-F1363B095F13}.RelWithDebInfo|x64.Build.0 = RelWithDebInfo|x64
		{D6407126-9144-3643-ADF6-7C70D5A34C8D}.Debug|x64.ActiveCfg = Debug|x64
		{D6407126-9144-3643-ADF6-7C70D5A34C8D}.Debug|x64.Build.0 = Debug|x64
		{D6407126-9144-3643-ADF6-7C70D5A34C8D}.Release|x64.ActiveCfg = Release|x64
		{D6407126-9144-3643-ADF6-7C70D5A34C8D}.Release|x64.Build.0 = Release|x64
		{D6407126-9144-3643-ADF6-7C70D5A34C8D}.MinSizeRel|x64.ActiveCfg = MinSizeRel|x64
		{D6407126-9144-3643-ADF6-7C70D5A34C8D}.MinSizeRel|x64.Build.0 = MinSizeRel|x64
		{D6407126-9144-3643-ADF6-7C70D5A34C8D}.RelWithDebInfo|x64.ActiveCfg = RelWithDebInfo|x64
		{D6407126-9144-3643-ADF6-7C70D5A34C8D}.RelWithDebInfo|x64.Build.0 = RelWithDebInfo|x64
		{2BB6E5EA-533C-3849-8EFD-2DD73342DCB4}.Debug|x64.ActiveCfg = Debug|x64
		{2BB6E5EA-533C-3849-8EFD-2DD73342DCB4}.Debug|x64.Build.0 = Debug|x64
		{2BB6E5EA-533C-3849-8EFD-2DD73342DCB4}.Release|x64.ActiveCfg = Release|x64
		{2BB6E5EA-533C-3849-8EFD-2DD73342DCB4}.Release|x64.Build.0 = Release|x64
		{2BB6E5EA-533C-3849-8EFD-2DD73342DCB4}.MinSizeRel|x64.ActiveCfg = MinSizeRel|x64
		{2BB6E5EA-533C-3849-8EFD-2DD73342DCB4}.MinSizeRel|x64.Build.0 = MinSizeRel|x64
		{2BB6E5EA-533C-3849-8EFD-2DD73342DCB4}.RelWithDebInfo|x64.ActiveCfg = RelWithDebInfo|x64
		{2BB6E5EA-533C-3849-8EFD-2DD73342DCB4}.RelWithDebInfo|x64.Build.0 = RelWithDebInfo|x64
		{FE990DD8-0D1C-3C69-8572-5982A951771D}.Debug|x64.ActiveCfg = Debug|x64
		{FE990DD8-0D1C-3C69-8572-5982A951771D}.Debug|x64.Build.0 = Debug|x64
		{FE990DD8-0D1C-3C69-8572-5982A951771D}.Release|x64.ActiveCfg = Release|x64
		{FE990DD8-0D1C-3C69-8572-5982A951771D}.Release|x64.Build.0 = Release|x64
		{FE990DD8-0D1C-3C69-8572-5982A951771D}.MinSizeRel|x64.ActiveCfg = MinSizeRel|x64
		{FE990DD8-0D1C-3C69-8572-5982A951771D}.MinSizeRel|x64.Build.0 = MinSizeRel|x64
		{FE990DD8-0D1C-3C69-8572-5982A951771D}.RelWithDebInfo|x64.ActiveCfg = RelWithDebInfo|x64
		{FE990DD8-0D1C-3C69-8572-5982A951771D}.RelWithDebInfo|x64.Build.0 = RelWithDebInfo|x64
		{5BB23491-3C09-3BCB-B41B-E3FF781A39C7}.Debug|x64.ActiveCfg = Debug|x64
		{5BB23491-3C09-3BCB-B41B-E3FF781A39C7}.Debug|x64.Build.0 = Debug|x64
		{5BB23491-3C09-3BCB-B41B-E3FF781A39C7}.Release|x64.ActiveCfg = Release|x64
		{5BB23491-3C09-3BCB-B41B-E3FF781A39C7}.Release|x64.Build.0 = Release|x64
		{5BB23491-3C09-3BCB-B41B-E3FF781A39C7}.MinSizeRel|x64.ActiveCfg = MinSizeRel|x64
		{5BB23491-3C09-3BCB-B41B-E3FF781A39C7}.MinSizeRel|x64.Build.0 = MinSizeRel|x64
		{5BB23491-3C09-3BCB-B41B-E3FF781A39C7}.RelWithDebInfo|x64.ActiveCfg = RelWithDebInfo|x64
		{5BB23491-3C09-3BCB-B41B-E3FF781A39C7}.RelWithDebInfo|x64.Build.0 = RelWithDebInfo|x64
		{CAA1EC7E-FC62-32B5-B8AE-E4B3CF833349}.Debug|x64.ActiveCfg = Debug|x64
		{CAA1EC7E-FC62-32B5-B8AE-E4B3CF833349}.Debug|x64.Build.0 = Debug|x64
		{CAA1EC7E-FC62-32B5-B8AE-E4B3CF833349}.Release|x64.ActiveCfg = Release|x64
		{CAA1EC7E-FC62-32B5-B8AE-E4B3CF833349}.Release|x64.Build.0 = Release|x64
		{CAA1EC7E-FC62-32B5-B8AE-E4B3CF833349}.MinSizeRel|x64.ActiveCfg = MinSizeRel|x64
		{CAA1EC7E-FC62-32B5-B8AE-E4B3CF833349}.MinSizeRel|x64.Build.0 = MinSizeRel|x64
		{CAA1EC7E-FC62-32B5-B8AE-E4B3CF833349}.RelWithDebInfo|x64.ActiveCfg = RelWithDebInfo|x64
		{CAA1EC7E-FC62-32B5-B8AE-E4B3CF833349}.RelWithDebInfo|x64.Build.0 = RelWithDebInfo|x64
		{DF0EC9D0-78D6-3845-84AB-DC17A9485A41}.Debug|x64.ActiveCfg = Debug|x64
		{DF0EC9D0-78D6-3845-84AB-DC17A9485A41}.Debug|x64.Build.0 = Debug|x64
		{DF0EC9D0-78D6-3845-84AB-DC17A9485A41}.Release|x64.ActiveCfg = Release|x64
		{DF0EC9D0-78D6-3845-84AB-DC17A9485A41}.Release|x64.Build.0 = Release|x64
		{DF0EC9D0-78D6-3845-84AB-DC17A9485A41}.MinSizeRel|x64.ActiveCfg = MinSizeRel|x64
		{DF0EC9D0-78D6-3845-84AB-DC17A9485A41}.MinSizeRel|x64.Build.0 = MinSizeRel|x64
		{DF0EC9D0-78D6-3845-84AB-DC17A9485A41}.RelWithDebInfo|x64.ActiveCfg = RelWithDebInfo|x64
		{DF0EC9D0-78D6-3845-84AB-DC17A9485A41}.RelWithDebInfo|x64.Build.0 = RelWithDebInfo|x64
		{9F5AE4D0-7EF6-3320-8AC4-DE2D0F85ABBF}.Debug|x64.ActiveCfg = Debug|x64
		{9F5AE4D0-7EF6-3320-8AC4-DE2D0F85ABBF}.Debug|x64.Build.0 = Debug|x64
		{9F5AE4D0-7EF6-3320-8AC4-DE2D0F85ABBF}.Release|x64.ActiveCfg = Release|x64
		{9F5AE4D0-7EF6-3320-8AC4-DE2D0F85ABBF}.Release|x64.Build.0 = Release|x64
		{9F5AE4D0-7EF6-3320-8AC4-DE2D0F85ABBF}.MinSizeRel|x64.ActiveCfg = MinSizeRel|x64
		{9F5AE4D0-7EF6-3320-8AC4-DE2D0F85ABBF}.MinSizeRel|x64.Build.0 = MinSizeRel|x64
		{9F5AE4D0-7EF6-3320-8AC4-DE2D0F85ABBF}.RelWithDebInfo|x64.ActiveCfg = RelWithDebInfo|x64
		{9F5AE4D0-7EF6-3320-8AC4-DE2D0F85ABBF}.RelWithDebInfo|x64.Build.0 = RelWithDebInfo|x64
		{137DDA7F-2EB8-3BC1-BA9A-1BD02A1ABC0C}.Debug|x64.ActiveCfg = Debug|x64
		{137DDA7F-2EB8-3BC1-BA9A-1BD02A1ABC0C}.Debug|x64.Build.0 = Debug|x64
		{137DDA7F-2EB8-3BC1-BA9A-1BD02A1ABC0C}.Release|x64.ActiveCfg = Release|x64
		{137DDA7F-2EB8-3BC1-BA9A-1BD02A1ABC0C}.Release|x64.Build.0 = Release|x64
		{137DDA7F-2EB8-3BC1-BA9A-1BD02A1ABC0C}.MinSizeRel|x64.ActiveCfg = MinSizeRel|x64
		{137DDA7F-2EB8-3BC1-BA9A-1BD02A1ABC0C}.MinSizeRel|x64.Build.0 = MinSizeRel|x64
		{137DDA7F-2EB8-3BC1-BA9A-1BD02A1ABC0C}.RelWithDebInfo|x64.ActiveCfg = RelWithDebInfo|x64
		{137DDA7F-2EB8-3BC1-BA9A-1BD02A1ABC0C}.RelWithDebInfo|x64.Build.0 = RelWithDebInfo|x64
		{4F1F8F1F-84CF-3D4F-90F3-2E0B2CAA4162}.Debug|x64.ActiveCfg = Debug|x64
		{4F1F8F1F-84CF-3D4F-90F3-2E0B2CAA4162}.Debug|x64.Build.0 = Debug|x64
		{4F1F8F1F-84CF-3D4F-90F3-2E0B2CAA4162}.Release|x64.ActiveCfg = Release|x64
		{4F1F8F1F-84CF-3D4F-90F3-2E0B2CAA4162}.Release|x64.Build.0 = Release|x64
		{4F1F8F1F-84CF-3D4F-90F3-2E0B2CAA4162}.MinSizeRel|x64.ActiveCfg = MinSizeRel|x64
		{4F1F8F1F-84CF-3D4F-90F3-2E0B2CAA4162}.MinSizeRel|x64.Build.0 = MinSizeRel|x64
		{4F1F8F1F-84CF-3D4F-90F3-2E0B2CAA4162}.RelWithDebInfo|x64.ActiveCfg = RelWithDebInfo|x64
		{4F1F8F1F-84CF-3D4F-90F3-2E0B2CAA4162}.RelWithDebInfo|x64.Build.0 = RelWithDebInfo|x64
		{080343F1-B4A5-3910-9E99-C843AE4DD22C}.Debug|x64.ActiveCfg = Debug|x64
		{080343F1-B4A5-3910-9E99-C843AE4DD22C}.Debug|x64.Build.0 = Debug|x64
		{080343F1-B4A5-3910-9E99-C843AE4DD22C}.Release|x64.ActiveCfg = Release|x64
		{080343F1-B4A5-3910-9E99-C843AE4DD22C}.Release|x64.Build.0 = Release|x64
		{080343F1-B4A5-3910-9E99-C843AE4DD22C}.MinSizeRel|x64.ActiveCfg = MinSizeRel|x64
		{080343F1-B4A5-3910-9E99-C843AE4DD22C}.MinSizeRel|x64.Build.0 = MinSizeRel|x64
		{080343F1-B4A5-3910-9E99-C843AE4DD22C}.RelWithDebInfo|x64.ActiveCfg = RelWithDebInfo|x64
		{080343F1-B4A5-3910-9E99-C843AE4DD22C}.RelWithDebInfo|x64.Build.0 = RelWithDebInfo|x64
		{A550C529-725C-31BF-92C0-5811BBC2FED7}.Debug|x64.ActiveCfg = Debug|x64
		{A550C529-725C-31BF-92C0-5811BBC2FED7}.Debug|x64.Build.0 = Debug|x64
		{A550C529-725C-31BF-92C0-5811BBC2FED7}.Release|x64.ActiveCfg = Release|x64
		{A550C529-725C-31BF-92C0-5811BBC2FED7}.Release|x64.Build.0 = Release|x64
		{A550C529-725C-31BF-92C0-5811BBC2FED7}.MinSizeRel|x64.ActiveCfg = MinSizeRel|x64
		{A550C529-725C-31BF-92C0-5811BBC2FED7}.MinSizeRel|x64.Build.0 = MinSizeRel|x64
		{A550C529-725C-31BF-92C0-5811BBC2FED7}.RelWithDebInfo|x64.ActiveCfg = RelWithDebInfo|x64
		{A550C529-725C-31BF-92C0-5811BBC2FED7}.RelWithDebInfo|x64.Build.0 = RelWithDebInfo|x64
		{3364A9CE-3A5D-3B11-9E17-8E1015DF6196}.Debug|x64.ActiveCfg = Debug|x64
		{3364A9CE-3A5D-3B11-9E17-8E1015DF6196}.Release|x64.ActiveCfg = Release|x64
		{3364A9CE-3A5D-3B11-9E17-8E1015DF6196}.MinSizeRel|x64.ActiveCfg = MinSizeRel|x64
		{3364A9CE-3A5D-3B11-9E17-8E1015DF6196}.RelWithDebInfo|x64.ActiveCfg = RelWithDebInfo|x64
	EndGlobalSection
	GlobalSection(ExtensibilityGlobals) = postSolution
		SolutionGuid = {CDF5916B-A81E-33DE-8574-3A2F387C2E5E}
	EndGlobalSection
	GlobalSection(ExtensibilityAddIns) = postSolution
	EndGlobalSection
EndGlobal
