Microsoft Visual Studio Solution File, Format Version 12.00
# Visual Studio 16
Project("{8BC9CEB8-8B4A-11D0-8D11-00A0C91BC942}") = "ALL_BUILD", "ALL_BUILD.vcxproj", "{1DC3A2C2-1DCD-3E50-8549-32627A40F4EB}"
	ProjectSection(ProjectDependencies) = postProject
		{6099C37A-8C1C-378A-B186-73AFCC5BE56D} = {6099C37A-8C1C-378A-B186-73AFCC5BE56D}
		{7536DB6A-E781-3501-A85A-D971A4365BE1} = {7536DB6A-E781-3501-A85A-D971A4365BE1}
		{CB1822B0-8258-39C1-AD78-037BC4AF18F1} = {CB1822B0-8258-39C1-AD78-037BC4AF18F1}
		{369271FA-F8CE-3ACB-80B2-33E225BF5587} = {369271FA-F8CE-3ACB-80B2-33E225BF5587}
		{D8CFE828-FBBE-3529-8C3F-C0631FB6CE00} = {D8CFE828-FBBE-3529-8C3F-C0631FB6CE00}
	EndProjectSection
EndProject
Project("{8BC9CEB8-8B4A-11D0-8D11-00A0C91BC942}") = "INSTALL", "INSTALL.vcxproj", "{D270A0CB-5027-3F2A-8673-54134026985C}"
	ProjectSection(ProjectDependencies) = postProject
		{1DC3A2C2-1DCD-3E50-8549-32627A40F4EB} = {1DC3A2C2-1DCD-3E50-8549-32627A40F4EB}
		{6099C37A-8C1C-378A-B186-73AFCC5BE56D} = {6099C37A-8C1C-378A-B186-73AFCC5BE56D}
	EndProjectSection
EndProject
Project("{8BC9CEB8-8B4A-11D0-8D11-00A0C91BC942}") = "RUN_TESTS", "RUN_TESTS.vcxproj", "{A66E56AA-89CF-3E0A-8C66-DA75C6CA40AE}"
	ProjectSection(ProjectDependencies) = postProject
		{6099C37A-8C1C-378A-B186-73AFCC5BE56D} = {6099C37A-8C1C-378A-B186-73AFCC5BE56D}
	EndProjectSection
EndProject
Project("{8BC9CEB8-8B4A-11D0-8D11-00A0C91BC942}") = "ZERO_CHECK", "..\..\\ZERO_CHECK.vcxproj", "{6099C37A-8C1C-378A-B186-73AFCC5BE56D}"
	ProjectSection(ProjectDependencies) = postProject
	EndProjectSection
EndProject
Project("{8BC9CEB8-8B4A-11D0-8D11-00A0C91BC942}") = "gmock", "gmock.vcxproj", "{7536DB6A-E781-3501-A85A-D971A4365BE1}"
	ProjectSection(ProjectDependencies) = postProject
		{6099C37A-8C1C-378A-B186-73AFCC5BE56D} = {6099C37A-8C1C-378A-B186-73AFCC5BE56D}
	EndProjectSection
EndProject
Project("{8BC9CEB8-8B4A-11D0-8D11-00A0C91BC942}") = "gmock_main", "gmock_main.vcxproj", "{CB1822B0-8258-39C1-AD78-037BC4AF18F1}"
	ProjectSection(ProjectDependencies) = postProject
		{6099C37A-8C1C-378A-B186-73AFCC5BE56D} = {6099C37A-8C1C-378A-B186-73AFCC5BE56D}
	EndProjectSection
EndProject
Project("{8BC9CEB8-8B4A-11D0-8D11-00A0C91BC942}") = "gtest", "gtest\gtest.vcxproj", "{369271FA-F8CE-3ACB-80B2-33E225BF5587}"
	ProjectSection(ProjectDependencies) = postProject
		{6099C37A-8C1C-378A-B186-73AFCC5BE56D} = {6099C37A-8C1C-378A-B186-73AFCC5BE56D}
	EndProjectSection
EndProject
Project("{8BC9CEB8-8B4A-11D0-8D11-00A0C91BC942}") = "gtest_main", "gtest\gtest_main.vcxproj", "{D8CFE828-FBBE-3529-8C3F-C0631FB6CE00}"
	ProjectSection(ProjectDependencies) = postProject
		{6099C37A-8C1C-378A-B186-73AFCC5BE56D} = {6099C37A-8C1C-378A-B186-73AFCC5BE56D}
		{369271FA-F8CE-3ACB-80B2-33E225BF5587} = {369271FA-F8CE-3ACB-80B2-33E225BF5587}
	EndProjectSection
EndProject
Global
	GlobalSection(SolutionConfigurationPlatforms) = preSolution
		Debug|x64 = Debug|x64
		Release|x64 = Release|x64
		MinSizeRel|x64 = MinSizeRel|x64
		RelWithDebInfo|x64 = RelWithDebInfo|x64
	EndGlobalSection
	GlobalSection(ProjectConfigurationPlatforms) = postSolution
		{1DC3A2C2-1DCD-3E50-8549-32627A40F4EB}.Debug|x64.ActiveCfg = Debug|x64
		{1DC3A2C2-1DCD-3E50-8549-32627A40F4EB}.Debug|x64.Build.0 = Debug|x64
		{1DC3A2C2-1DCD-3E50-8549-32627A40F4EB}.Release|x64.ActiveCfg = Release|x64
		{1DC3A2C2-1DCD-3E50-8549-32627A40F4EB}.Release|x64.Build.0 = Release|x64
		{1DC3A2C2-1DCD-3E50-8549-32627A40F4EB}.MinSizeRel|x64.ActiveCfg = MinSizeRel|x64
		{1DC3A2C2-1DCD-3E50-8549-32627A40F4EB}.MinSizeRel|x64.Build.0 = MinSizeRel|x64
		{1DC3A2C2-1DCD-3E50-8549-32627A40F4EB}.RelWithDebInfo|x64.ActiveCfg = RelWithDebInfo|x64
		{1DC3A2C2-1DCD-3E50-8549-32627A40F4EB}.RelWithDebInfo|x64.Build.0 = RelWithDebInfo|x64
		{D270A0CB-5027-3F2A-8673-54134026985C}.Debug|x64.ActiveCfg = Debug|x64
		{D270A0CB-5027-3F2A-8673-54134026985C}.Release|x64.ActiveCfg = Release|x64
		{D270A0CB-5027-3F2A-8673-54134026985C}.MinSizeRel|x64.ActiveCfg = MinSizeRel|x64
		{D270A0CB-5027-3F2A-8673-54134026985C}.RelWithDebInfo|x64.ActiveCfg = RelWithDebInfo|x64
		{A66E56AA-89CF-3E0A-8C66-DA75C6CA40AE}.Debug|x64.ActiveCfg = Debug|x64
		{A66E56AA-89CF-3E0A-8C66-DA75C6CA40AE}.Release|x64.ActiveCfg = Release|x64
		{A66E56AA-89CF-3E0A-8C66-DA75C6CA40AE}.MinSizeRel|x64.ActiveCfg = MinSizeRel|x64
		{A66E56AA-89CF-3E0A-8C66-DA75C6CA40AE}.RelWithDebInfo|x64.ActiveCfg = RelWithDebInfo|x64
		{6099C37A-8C1C-378A-B186-73AFCC5BE56D}.Debug|x64.ActiveCfg = Debug|x64
		{6099C37A-8C1C-378A-B186-73AFCC5BE56D}.Debug|x64.Build.0 = Debug|x64
		{6099C37A-8C1C-378A-B186-73AFCC5BE56D}.Release|x64.ActiveCfg = Release|x64
		{6099C37A-8C1C-378A-B186-73AFCC5BE56D}.Release|x64.Build.0 = Release|x64
		{6099C37A-8C1C-378A-B186-73AFCC5BE56D}.MinSizeRel|x64.ActiveCfg = MinSizeRel|x64
		{6099C37A-8C1C-378A-B186-73AFCC5BE56D}.MinSizeRel|x64.Build.0 = MinSizeRel|x64
		{6099C37A-8C1C-378A-B186-73AFCC5BE56D}.RelWithDebInfo|x64.ActiveCfg = RelWithDebInfo|x64
		{6099C37A-8C1C-378A-B186-73AFCC5BE56D}.RelWithDebInfo|x64.Build.0 = RelWithDebInfo|x64
		{7536DB6A-E781-3501-A85A-D971A4365BE1}.Debug|x64.ActiveCfg = Debug|x64
		{7536DB6A-E781-3501-A85A-D971A4365BE1}.Debug|x64.Build.0 = Debug|x64
		{7536DB6A-E781-3501-A85A-D971A4365BE1}.Release|x64.ActiveCfg = Release|x64
		{7536DB6A-E781-3501-A85A-D971A4365BE1}.Release|x64.Build.0 = Release|x64
		{7536DB6A-E781-3501-A85A-D971A4365BE1}.MinSizeRel|x64.ActiveCfg = MinSizeRel|x64
		{7536DB6A-E781-3501-A85A-D971A4365BE1}.MinSizeRel|x64.Build.0 = MinSizeRel|x64
		{7536DB6A-E781-3501-A85A-D971A4365BE1}.RelWithDebInfo|x64.ActiveCfg = RelWithDebInfo|x64
		{7536DB6A-E781-3501-A85A-D971A4365BE1}.RelWithDebInfo|x64.Build.0 = RelWithDebInfo|x64
		{CB1822B0-8258-39C1-AD78-037BC4AF18F1}.Debug|x64.ActiveCfg = Debug|x64
		{CB1822B0-8258-39C1-AD78-037BC4AF18F1}.Debug|x64.Build.0 = Debug|x64
		{CB1822B0-8258-39C1-AD78-037BC4AF18F1}.Release|x64.ActiveCfg = Release|x64
		{CB1822B0-8258-39C1-AD78-037BC4AF18F1}.Release|x64.Build.0 = Release|x64
		{CB1822B0-8258-39C1-AD78-037BC4AF18F1}.MinSizeRel|x64.ActiveCfg = MinSizeRel|x64
		{CB1822B0-8258-39C1-AD78-037BC4AF18F1}.MinSizeRel|x64.Build.0 = MinSizeRel|x64
		{CB1822B0-8258-39C1-AD78-037BC4AF18F1}.RelWithDebInfo|x64.ActiveCfg = RelWithDebInfo|x64
		{CB1822B0-8258-39C1-AD78-037BC4AF18F1}.RelWithDebInfo|x64.Build.0 = RelWithDebInfo|x64
		{369271FA-F8CE-3ACB-80B2-33E225BF5587}.Debug|x64.ActiveCfg = Debug|x64
		{369271FA-F8CE-3ACB-80B2-33E225BF5587}.Debug|x64.Build.0 = Debug|x64
		{369271FA-F8CE-3ACB-80B2-33E225BF5587}.Release|x64.ActiveCfg = Release|x64
		{369271FA-F8CE-3ACB-80B2-33E225BF5587}.Release|x64.Build.0 = Release|x64
		{369271FA-F8CE-3ACB-80B2-33E225BF5587}.MinSizeRel|x64.ActiveCfg = MinSizeRel|x64
		{369271FA-F8CE-3ACB-80B2-33E225BF5587}.MinSizeRel|x64.Build.0 = MinSizeRel|x64
		{369271FA-F8CE-3ACB-80B2-33E225BF5587}.RelWithDebInfo|x64.ActiveCfg = RelWithDebInfo|x64
		{369271FA-F8CE-3ACB-80B2-33E225BF5587}.RelWithDebInfo|x64.Build.0 = RelWithDebInfo|x64
		{D8CFE828-FBBE-3529-8C3F-C0631FB6CE00}.Debug|x64.ActiveCfg = Debug|x64
		{D8CFE828-FBBE-3529-8C3F-C0631FB6CE00}.Debug|x64.Build.0 = Debug|x64
		{D8CFE828-FBBE-3529-8C3F-C0631FB6CE00}.Release|x64.ActiveCfg = Release|x64
		{D8CFE828-FBBE-3529-8C3F-C0631FB6CE00}.Release|x64.Build.0 = Release|x64
		{D8CFE828-FBBE-3529-8C3F-C0631FB6CE00}.MinSizeRel|x64.ActiveCfg = MinSizeRel|x64
		{D8CFE828-FBBE-3529-8C3F-C0631FB6CE00}.MinSizeRel|x64.Build.0 = MinSizeRel|x64
		{D8CFE828-FBBE-3529-8C3F-C0631FB6CE00}.RelWithDebInfo|x64.ActiveCfg = RelWithDebInfo|x64
		{D8CFE828-FBBE-3529-8C3F-C0631FB6CE00}.RelWithDebInfo|x64.Build.0 = RelWithDebInfo|x64
	EndGlobalSection
	GlobalSection(ExtensibilityGlobals) = postSolution
		SolutionGuid = {16972B1A-09C6-3B4D-AFA0-4B9147A4A859}
	EndGlobalSection
	GlobalSection(ExtensibilityAddIns) = postSolution
	EndGlobalSection
EndGlobal
