<?xml version="1.0" encoding="utf-8"?>
<Project ToolsVersion="16.0" xmlns="http://schemas.microsoft.com/developer/msbuild/2003">
  <ItemGroup>
    <CustomBuild Include="F:\code\3rdparty\PROJ\vs2019\CMakeFiles\588cb830eb883159a1164279ab071195\INSTALL_force.rule">
      <Filter>CMake Rules</Filter>
    </CustomBuild>
  </ItemGroup>
  <ItemGroup>
    <Filter Include="CMake Rules">
      <UniqueIdentifier>{7BC5703F-ED08-33AE-8A7A-0F24DFDC6304}</UniqueIdentifier>
    </Filter>
  </ItemGroup>
</Project>
