Microsoft Visual Studio Solution File, Format Version 12.00
# Visual Studio 16
Project("{8BC9CEB8-8B4A-11D0-8D11-00A0C91BC942}") = "ALL_BUILD", "ALL_BUILD.vcxproj", "{4348BF32-404B-3D5F-BD78-5065448DA1AF}"
	ProjectSection(ProjectDependencies) = postProject
		{3CCE3D53-A9B2-38B6-B65A-E832AC7C9334} = {3CCE3D53-A9B2-38B6-B65A-E832AC7C9334}
		{78D5FACA-B71E-34DD-BAF1-F3873B215A9D} = {78D5FACA-B71E-34DD-BAF1-F3873B215A9D}
		{C7C4FE45-4874-3E12-A9DE-CBB2E1BF8988} = {C7C4FE45-4874-3E12-A9DE-CBB2E1BF8988}
		{59C90814-35C2-31C0-9A0C-EFED66C9BBD2} = {59C90814-35C2-31C0-9A0C-EFED66C9BBD2}
		{70CFE1B2-F79A-34A8-B491-5AFBB715EF4A} = {70CFE1B2-F79A-34A8-B491-5AFBB715EF4A}
		{28C078AD-1106-3B57-ABEB-A84C05D1223C} = {28C078AD-1106-3B57-ABEB-A84C05D1223C}
		{29D4C2B4-EAEF-337F-A819-EC4F31930F0C} = {29D4C2B4-EAEF-337F-A819-EC4F31930F0C}
		{DFC0F0EF-A532-32FF-843A-54FA68365945} = {DFC0F0EF-A532-32FF-843A-54FA68365945}
		{38ED8EB0-991C-32EB-9727-A5684D671B85} = {38ED8EB0-991C-32EB-9727-A5684D671B85}
	EndProjectSection
EndProject
Project("{8BC9CEB8-8B4A-11D0-8D11-00A0C91BC942}") = "INSTALL", "INSTALL.vcxproj", "{B9FB2C97-E658-3B31-953B-AC560F644506}"
	ProjectSection(ProjectDependencies) = postProject
		{4348BF32-404B-3D5F-BD78-5065448DA1AF} = {4348BF32-404B-3D5F-BD78-5065448DA1AF}
		{3CCE3D53-A9B2-38B6-B65A-E832AC7C9334} = {3CCE3D53-A9B2-38B6-B65A-E832AC7C9334}
	EndProjectSection
EndProject
Project("{8BC9CEB8-8B4A-11D0-8D11-00A0C91BC942}") = "ZERO_CHECK", "ZERO_CHECK.vcxproj", "{3CCE3D53-A9B2-38B6-B65A-E832AC7C9334}"
	ProjectSection(ProjectDependencies) = postProject
	EndProjectSection
EndProject
Project("{8BC9CEB8-8B4A-11D0-8D11-00A0C91BC942}") = "gif2rgb", "gif2rgb.vcxproj", "{78D5FACA-B71E-34DD-BAF1-F3873B215A9D}"
	ProjectSection(ProjectDependencies) = postProject
		{3CCE3D53-A9B2-38B6-B65A-E832AC7C9334} = {3CCE3D53-A9B2-38B6-B65A-E832AC7C9334}
		{29D4C2B4-EAEF-337F-A819-EC4F31930F0C} = {29D4C2B4-EAEF-337F-A819-EC4F31930F0C}
	EndProjectSection
EndProject
Project("{8BC9CEB8-8B4A-11D0-8D11-00A0C91BC942}") = "gifbuild", "gifbuild.vcxproj", "{C7C4FE45-4874-3E12-A9DE-CBB2E1BF8988}"
	ProjectSection(ProjectDependencies) = postProject
		{3CCE3D53-A9B2-38B6-B65A-E832AC7C9334} = {3CCE3D53-A9B2-38B6-B65A-E832AC7C9334}
		{29D4C2B4-EAEF-337F-A819-EC4F31930F0C} = {29D4C2B4-EAEF-337F-A819-EC4F31930F0C}
	EndProjectSection
EndProject
Project("{8BC9CEB8-8B4A-11D0-8D11-00A0C91BC942}") = "gifclrmp", "gifclrmp.vcxproj", "{59C90814-35C2-31C0-9A0C-EFED66C9BBD2}"
	ProjectSection(ProjectDependencies) = postProject
		{3CCE3D53-A9B2-38B6-B65A-E832AC7C9334} = {3CCE3D53-A9B2-38B6-B65A-E832AC7C9334}
		{29D4C2B4-EAEF-337F-A819-EC4F31930F0C} = {29D4C2B4-EAEF-337F-A819-EC4F31930F0C}
	EndProjectSection
EndProject
Project("{8BC9CEB8-8B4A-11D0-8D11-00A0C91BC942}") = "giffix", "giffix.vcxproj", "{70CFE1B2-F79A-34A8-B491-5AFBB715EF4A}"
	ProjectSection(ProjectDependencies) = postProject
		{3CCE3D53-A9B2-38B6-B65A-E832AC7C9334} = {3CCE3D53-A9B2-38B6-B65A-E832AC7C9334}
		{29D4C2B4-EAEF-337F-A819-EC4F31930F0C} = {29D4C2B4-EAEF-337F-A819-EC4F31930F0C}
	EndProjectSection
EndProject
Project("{8BC9CEB8-8B4A-11D0-8D11-00A0C91BC942}") = "giflib", "giflib.vcxproj", "{28C078AD-1106-3B57-ABEB-A84C05D1223C}"
	ProjectSection(ProjectDependencies) = postProject
		{3CCE3D53-A9B2-38B6-B65A-E832AC7C9334} = {3CCE3D53-A9B2-38B6-B65A-E832AC7C9334}
	EndProjectSection
EndProject
Project("{8BC9CEB8-8B4A-11D0-8D11-00A0C91BC942}") = "giflib_static", "giflib_static.vcxproj", "{29D4C2B4-EAEF-337F-A819-EC4F31930F0C}"
	ProjectSection(ProjectDependencies) = postProject
		{3CCE3D53-A9B2-38B6-B65A-E832AC7C9334} = {3CCE3D53-A9B2-38B6-B65A-E832AC7C9334}
	EndProjectSection
EndProject
Project("{8BC9CEB8-8B4A-11D0-8D11-00A0C91BC942}") = "giftext", "giftext.vcxproj", "{DFC0F0EF-A532-32FF-843A-54FA68365945}"
	ProjectSection(ProjectDependencies) = postProject
		{3CCE3D53-A9B2-38B6-B65A-E832AC7C9334} = {3CCE3D53-A9B2-38B6-B65A-E832AC7C9334}
		{29D4C2B4-EAEF-337F-A819-EC4F31930F0C} = {29D4C2B4-EAEF-337F-A819-EC4F31930F0C}
	EndProjectSection
EndProject
Project("{8BC9CEB8-8B4A-11D0-8D11-00A0C91BC942}") = "giftool", "giftool.vcxproj", "{38ED8EB0-991C-32EB-9727-A5684D671B85}"
	ProjectSection(ProjectDependencies) = postProject
		{3CCE3D53-A9B2-38B6-B65A-E832AC7C9334} = {3CCE3D53-A9B2-38B6-B65A-E832AC7C9334}
		{29D4C2B4-EAEF-337F-A819-EC4F31930F0C} = {29D4C2B4-EAEF-337F-A819-EC4F31930F0C}
	EndProjectSection
EndProject
Global
	GlobalSection(SolutionConfigurationPlatforms) = preSolution
		Debug|x64 = Debug|x64
		Release|x64 = Release|x64
		MinSizeRel|x64 = MinSizeRel|x64
		RelWithDebInfo|x64 = RelWithDebInfo|x64
	EndGlobalSection
	GlobalSection(ProjectConfigurationPlatforms) = postSolution
		{4348BF32-404B-3D5F-BD78-5065448DA1AF}.Debug|x64.ActiveCfg = Debug|x64
		{4348BF32-404B-3D5F-BD78-5065448DA1AF}.Debug|x64.Build.0 = Debug|x64
		{4348BF32-404B-3D5F-BD78-5065448DA1AF}.Release|x64.ActiveCfg = Release|x64
		{4348BF32-404B-3D5F-BD78-5065448DA1AF}.Release|x64.Build.0 = Release|x64
		{4348BF32-404B-3D5F-BD78-5065448DA1AF}.MinSizeRel|x64.ActiveCfg = MinSizeRel|x64
		{4348BF32-404B-3D5F-BD78-5065448DA1AF}.MinSizeRel|x64.Build.0 = MinSizeRel|x64
		{4348BF32-404B-3D5F-BD78-5065448DA1AF}.RelWithDebInfo|x64.ActiveCfg = RelWithDebInfo|x64
		{4348BF32-404B-3D5F-BD78-5065448DA1AF}.RelWithDebInfo|x64.Build.0 = RelWithDebInfo|x64
		{B9FB2C97-E658-3B31-953B-AC560F644506}.Debug|x64.ActiveCfg = Debug|x64
		{B9FB2C97-E658-3B31-953B-AC560F644506}.Release|x64.ActiveCfg = Release|x64
		{B9FB2C97-E658-3B31-953B-AC560F644506}.MinSizeRel|x64.ActiveCfg = MinSizeRel|x64
		{B9FB2C97-E658-3B31-953B-AC560F644506}.RelWithDebInfo|x64.ActiveCfg = RelWithDebInfo|x64
		{3CCE3D53-A9B2-38B6-B65A-E832AC7C9334}.Debug|x64.ActiveCfg = Debug|x64
		{3CCE3D53-A9B2-38B6-B65A-E832AC7C9334}.Debug|x64.Build.0 = Debug|x64
		{3CCE3D53-A9B2-38B6-B65A-E832AC7C9334}.Release|x64.ActiveCfg = Release|x64
		{3CCE3D53-A9B2-38B6-B65A-E832AC7C9334}.Release|x64.Build.0 = Release|x64
		{3CCE3D53-A9B2-38B6-B65A-E832AC7C9334}.MinSizeRel|x64.ActiveCfg = MinSizeRel|x64
		{3CCE3D53-A9B2-38B6-B65A-E832AC7C9334}.MinSizeRel|x64.Build.0 = MinSizeRel|x64
		{3CCE3D53-A9B2-38B6-B65A-E832AC7C9334}.RelWithDebInfo|x64.ActiveCfg = RelWithDebInfo|x64
		{3CCE3D53-A9B2-38B6-B65A-E832AC7C9334}.RelWithDebInfo|x64.Build.0 = RelWithDebInfo|x64
		{78D5FACA-B71E-34DD-BAF1-F3873B215A9D}.Debug|x64.ActiveCfg = Debug|x64
		{78D5FACA-B71E-34DD-BAF1-F3873B215A9D}.Debug|x64.Build.0 = Debug|x64
		{78D5FACA-B71E-34DD-BAF1-F3873B215A9D}.Release|x64.ActiveCfg = Release|x64
		{78D5FACA-B71E-34DD-BAF1-F3873B215A9D}.Release|x64.Build.0 = Release|x64
		{78D5FACA-B71E-34DD-BAF1-F3873B215A9D}.MinSizeRel|x64.ActiveCfg = MinSizeRel|x64
		{78D5FACA-B71E-34DD-BAF1-F3873B215A9D}.MinSizeRel|x64.Build.0 = MinSizeRel|x64
		{78D5FACA-B71E-34DD-BAF1-F3873B215A9D}.RelWithDebInfo|x64.ActiveCfg = RelWithDebInfo|x64
		{78D5FACA-B71E-34DD-BAF1-F3873B215A9D}.RelWithDebInfo|x64.Build.0 = RelWithDebInfo|x64
		{C7C4FE45-4874-3E12-A9DE-CBB2E1BF8988}.Debug|x64.ActiveCfg = Debug|x64
		{C7C4FE45-4874-3E12-A9DE-CBB2E1BF8988}.Debug|x64.Build.0 = Debug|x64
		{C7C4FE45-4874-3E12-A9DE-CBB2E1BF8988}.Release|x64.ActiveCfg = Release|x64
		{C7C4FE45-4874-3E12-A9DE-CBB2E1BF8988}.Release|x64.Build.0 = Release|x64
		{C7C4FE45-4874-3E12-A9DE-CBB2E1BF8988}.MinSizeRel|x64.ActiveCfg = MinSizeRel|x64
		{C7C4FE45-4874-3E12-A9DE-CBB2E1BF8988}.MinSizeRel|x64.Build.0 = MinSizeRel|x64
		{C7C4FE45-4874-3E12-A9DE-CBB2E1BF8988}.RelWithDebInfo|x64.ActiveCfg = RelWithDebInfo|x64
		{C7C4FE45-4874-3E12-A9DE-CBB2E1BF8988}.RelWithDebInfo|x64.Build.0 = RelWithDebInfo|x64
		{59C90814-35C2-31C0-9A0C-EFED66C9BBD2}.Debug|x64.ActiveCfg = Debug|x64
		{59C90814-35C2-31C0-9A0C-EFED66C9BBD2}.Debug|x64.Build.0 = Debug|x64
		{59C90814-35C2-31C0-9A0C-EFED66C9BBD2}.Release|x64.ActiveCfg = Release|x64
		{59C90814-35C2-31C0-9A0C-EFED66C9BBD2}.Release|x64.Build.0 = Release|x64
		{59C90814-35C2-31C0-9A0C-EFED66C9BBD2}.MinSizeRel|x64.ActiveCfg = MinSizeRel|x64
		{59C90814-35C2-31C0-9A0C-EFED66C9BBD2}.MinSizeRel|x64.Build.0 = MinSizeRel|x64
		{59C90814-35C2-31C0-9A0C-EFED66C9BBD2}.RelWithDebInfo|x64.ActiveCfg = RelWithDebInfo|x64
		{59C90814-35C2-31C0-9A0C-EFED66C9BBD2}.RelWithDebInfo|x64.Build.0 = RelWithDebInfo|x64
		{70CFE1B2-F79A-34A8-B491-5AFBB715EF4A}.Debug|x64.ActiveCfg = Debug|x64
		{70CFE1B2-F79A-34A8-B491-5AFBB715EF4A}.Debug|x64.Build.0 = Debug|x64
		{70CFE1B2-F79A-34A8-B491-5AFBB715EF4A}.Release|x64.ActiveCfg = Release|x64
		{70CFE1B2-F79A-34A8-B491-5AFBB715EF4A}.Release|x64.Build.0 = Release|x64
		{70CFE1B2-F79A-34A8-B491-5AFBB715EF4A}.MinSizeRel|x64.ActiveCfg = MinSizeRel|x64
		{70CFE1B2-F79A-34A8-B491-5AFBB715EF4A}.MinSizeRel|x64.Build.0 = MinSizeRel|x64
		{70CFE1B2-F79A-34A8-B491-5AFBB715EF4A}.RelWithDebInfo|x64.ActiveCfg = RelWithDebInfo|x64
		{70CFE1B2-F79A-34A8-B491-5AFBB715EF4A}.RelWithDebInfo|x64.Build.0 = RelWithDebInfo|x64
		{28C078AD-1106-3B57-ABEB-A84C05D1223C}.Debug|x64.ActiveCfg = Debug|x64
		{28C078AD-1106-3B57-ABEB-A84C05D1223C}.Debug|x64.Build.0 = Debug|x64
		{28C078AD-1106-3B57-ABEB-A84C05D1223C}.Release|x64.ActiveCfg = Release|x64
		{28C078AD-1106-3B57-ABEB-A84C05D1223C}.Release|x64.Build.0 = Release|x64
		{28C078AD-1106-3B57-ABEB-A84C05D1223C}.MinSizeRel|x64.ActiveCfg = MinSizeRel|x64
		{28C078AD-1106-3B57-ABEB-A84C05D1223C}.MinSizeRel|x64.Build.0 = MinSizeRel|x64
		{28C078AD-1106-3B57-ABEB-A84C05D1223C}.RelWithDebInfo|x64.ActiveCfg = RelWithDebInfo|x64
		{28C078AD-1106-3B57-ABEB-A84C05D1223C}.RelWithDebInfo|x64.Build.0 = RelWithDebInfo|x64
		{29D4C2B4-EAEF-337F-A819-EC4F31930F0C}.Debug|x64.ActiveCfg = Debug|x64
		{29D4C2B4-EAEF-337F-A819-EC4F31930F0C}.Debug|x64.Build.0 = Debug|x64
		{29D4C2B4-EAEF-337F-A819-EC4F31930F0C}.Release|x64.ActiveCfg = Release|x64
		{29D4C2B4-EAEF-337F-A819-EC4F31930F0C}.Release|x64.Build.0 = Release|x64
		{29D4C2B4-EAEF-337F-A819-EC4F31930F0C}.MinSizeRel|x64.ActiveCfg = MinSizeRel|x64
		{29D4C2B4-EAEF-337F-A819-EC4F31930F0C}.MinSizeRel|x64.Build.0 = MinSizeRel|x64
		{29D4C2B4-EAEF-337F-A819-EC4F31930F0C}.RelWithDebInfo|x64.ActiveCfg = RelWithDebInfo|x64
		{29D4C2B4-EAEF-337F-A819-EC4F31930F0C}.RelWithDebInfo|x64.Build.0 = RelWithDebInfo|x64
		{DFC0F0EF-A532-32FF-843A-54FA68365945}.Debug|x64.ActiveCfg = Debug|x64
		{DFC0F0EF-A532-32FF-843A-54FA68365945}.Debug|x64.Build.0 = Debug|x64
		{DFC0F0EF-A532-32FF-843A-54FA68365945}.Release|x64.ActiveCfg = Release|x64
		{DFC0F0EF-A532-32FF-843A-54FA68365945}.Release|x64.Build.0 = Release|x64
		{DFC0F0EF-A532-32FF-843A-54FA68365945}.MinSizeRel|x64.ActiveCfg = MinSizeRel|x64
		{DFC0F0EF-A532-32FF-843A-54FA68365945}.MinSizeRel|x64.Build.0 = MinSizeRel|x64
		{DFC0F0EF-A532-32FF-843A-54FA68365945}.RelWithDebInfo|x64.ActiveCfg = RelWithDebInfo|x64
		{DFC0F0EF-A532-32FF-843A-54FA68365945}.RelWithDebInfo|x64.Build.0 = RelWithDebInfo|x64
		{38ED8EB0-991C-32EB-9727-A5684D671B85}.Debug|x64.ActiveCfg = Debug|x64
		{38ED8EB0-991C-32EB-9727-A5684D671B85}.Debug|x64.Build.0 = Debug|x64
		{38ED8EB0-991C-32EB-9727-A5684D671B85}.Release|x64.ActiveCfg = Release|x64
		{38ED8EB0-991C-32EB-9727-A5684D671B85}.Release|x64.Build.0 = Release|x64
		{38ED8EB0-991C-32EB-9727-A5684D671B85}.MinSizeRel|x64.ActiveCfg = MinSizeRel|x64
		{38ED8EB0-991C-32EB-9727-A5684D671B85}.MinSizeRel|x64.Build.0 = MinSizeRel|x64
		{38ED8EB0-991C-32EB-9727-A5684D671B85}.RelWithDebInfo|x64.ActiveCfg = RelWithDebInfo|x64
		{38ED8EB0-991C-32EB-9727-A5684D671B85}.RelWithDebInfo|x64.Build.0 = RelWithDebInfo|x64
	EndGlobalSection
	GlobalSection(ExtensibilityGlobals) = postSolution
		SolutionGuid = {BC8BB92E-883A-3F22-A4A4-06DD79B035E9}
	EndGlobalSection
	GlobalSection(ExtensibilityAddIns) = postSolution
	EndGlobalSection
EndGlobal
