<?xml version="1.0" encoding="utf-8"?>
<Project ToolsVersion="16.0" xmlns="http://schemas.microsoft.com/developer/msbuild/2003">
  <ItemGroup>
    <ClCompile Include="F:\code\3rdparty\PROJ\PROJ-master\src\4D_api.cpp">
      <Filter>Source Files\Core</Filter>
    </ClCompile>
    <ClCompile Include="F:\code\3rdparty\PROJ\PROJ-master\src\aasincos.cpp">
      <Filter>Source Files\Core</Filter>
    </ClCompile>
    <ClCompile Include="F:\code\3rdparty\PROJ\PROJ-master\src\adjlon.cpp">
      <Filter>Source Files\Core</Filter>
    </ClCompile>
    <ClCompile Include="F:\code\3rdparty\PROJ\PROJ-master\src\auth.cpp">
      <Filter>Source Files\Core</Filter>
    </ClCompile>
    <ClCompile Include="F:\code\3rdparty\PROJ\PROJ-master\src\ctx.cpp">
      <Filter>Source Files\Core</Filter>
    </ClCompile>
    <ClCompile Include="F:\code\3rdparty\PROJ\PROJ-master\src\datum_set.cpp">
      <Filter>Source Files\Core</Filter>
    </ClCompile>
    <ClCompile Include="F:\code\3rdparty\PROJ\PROJ-master\src\datums.cpp">
      <Filter>Source Files\Core</Filter>
    </ClCompile>
    <ClCompile Include="F:\code\3rdparty\PROJ\PROJ-master\src\deriv.cpp">
      <Filter>Source Files\Core</Filter>
    </ClCompile>
    <ClCompile Include="F:\code\3rdparty\PROJ\PROJ-master\src\dmstor.cpp">
      <Filter>Source Files\Core</Filter>
    </ClCompile>
    <ClCompile Include="F:\code\3rdparty\PROJ\PROJ-master\src\ell_set.cpp">
      <Filter>Source Files\Core</Filter>
    </ClCompile>
    <ClCompile Include="F:\code\3rdparty\PROJ\PROJ-master\src\ellps.cpp">
      <Filter>Source Files\Core</Filter>
    </ClCompile>
    <ClCompile Include="F:\code\3rdparty\PROJ\PROJ-master\src\errno.cpp">
      <Filter>Source Files\Core</Filter>
    </ClCompile>
    <ClCompile Include="F:\code\3rdparty\PROJ\PROJ-master\src\factors.cpp">
      <Filter>Source Files\Core</Filter>
    </ClCompile>
    <ClCompile Include="F:\code\3rdparty\PROJ\PROJ-master\src\fileapi.cpp">
      <Filter>Source Files\Core</Filter>
    </ClCompile>
    <ClCompile Include="F:\code\3rdparty\PROJ\PROJ-master\src\fwd.cpp">
      <Filter>Source Files\Core</Filter>
    </ClCompile>
    <ClCompile Include="F:\code\3rdparty\PROJ\PROJ-master\src\gauss.cpp">
      <Filter>Source Files\Core</Filter>
    </ClCompile>
    <ClCompile Include="F:\code\3rdparty\PROJ\PROJ-master\src\geodesic.c">
      <Filter>Source Files\Core</Filter>
    </ClCompile>
    <ClCompile Include="F:\code\3rdparty\PROJ\PROJ-master\src\init.cpp">
      <Filter>Source Files\Core</Filter>
    </ClCompile>
    <ClCompile Include="F:\code\3rdparty\PROJ\PROJ-master\src\initcache.cpp">
      <Filter>Source Files\Core</Filter>
    </ClCompile>
    <ClCompile Include="F:\code\3rdparty\PROJ\PROJ-master\src\internal.cpp">
      <Filter>Source Files\Core</Filter>
    </ClCompile>
    <ClCompile Include="F:\code\3rdparty\PROJ\PROJ-master\src\inv.cpp">
      <Filter>Source Files\Core</Filter>
    </ClCompile>
    <ClCompile Include="F:\code\3rdparty\PROJ\PROJ-master\src\list.cpp">
      <Filter>Source Files\Core</Filter>
    </ClCompile>
    <ClCompile Include="F:\code\3rdparty\PROJ\PROJ-master\src\log.cpp">
      <Filter>Source Files\Core</Filter>
    </ClCompile>
    <ClCompile Include="F:\code\3rdparty\PROJ\PROJ-master\src\malloc.cpp">
      <Filter>Source Files\Core</Filter>
    </ClCompile>
    <ClCompile Include="F:\code\3rdparty\PROJ\PROJ-master\src\mlfn.cpp">
      <Filter>Source Files\Core</Filter>
    </ClCompile>
    <ClCompile Include="F:\code\3rdparty\PROJ\PROJ-master\src\msfn.cpp">
      <Filter>Source Files\Core</Filter>
    </ClCompile>
    <ClCompile Include="F:\code\3rdparty\PROJ\PROJ-master\src\mutex.cpp">
      <Filter>Source Files\Core</Filter>
    </ClCompile>
    <ClCompile Include="F:\code\3rdparty\PROJ\PROJ-master\src\param.cpp">
      <Filter>Source Files\Core</Filter>
    </ClCompile>
    <ClCompile Include="F:\code\3rdparty\PROJ\PROJ-master\src\phi2.cpp">
      <Filter>Source Files\Core</Filter>
    </ClCompile>
    <ClCompile Include="F:\code\3rdparty\PROJ\PROJ-master\src\pipeline.cpp">
      <Filter>Source Files\Core</Filter>
    </ClCompile>
    <ClCompile Include="F:\code\3rdparty\PROJ\PROJ-master\src\pr_list.cpp">
      <Filter>Source Files\Core</Filter>
    </ClCompile>
    <ClCompile Include="F:\code\3rdparty\PROJ\PROJ-master\src\proj_mdist.cpp">
      <Filter>Source Files\Core</Filter>
    </ClCompile>
    <ClCompile Include="F:\code\3rdparty\PROJ\PROJ-master\src\qsfn.cpp">
      <Filter>Source Files\Core</Filter>
    </ClCompile>
    <ClCompile Include="F:\code\3rdparty\PROJ\PROJ-master\src\release.cpp">
      <Filter>Source Files\Core</Filter>
    </ClCompile>
    <ClCompile Include="F:\code\3rdparty\PROJ\PROJ-master\src\rtodms.cpp">
      <Filter>Source Files\Core</Filter>
    </ClCompile>
    <ClCompile Include="F:\code\3rdparty\PROJ\PROJ-master\src\strerrno.cpp">
      <Filter>Source Files\Core</Filter>
    </ClCompile>
    <ClCompile Include="F:\code\3rdparty\PROJ\PROJ-master\src\strtod.cpp">
      <Filter>Source Files\Core</Filter>
    </ClCompile>
    <ClCompile Include="F:\code\3rdparty\PROJ\PROJ-master\src\transform.cpp">
      <Filter>Source Files\Core</Filter>
    </ClCompile>
    <ClCompile Include="F:\code\3rdparty\PROJ\PROJ-master\src\tsfn.cpp">
      <Filter>Source Files\Core</Filter>
    </ClCompile>
    <ClCompile Include="F:\code\3rdparty\PROJ\PROJ-master\src\units.cpp">
      <Filter>Source Files\Core</Filter>
    </ClCompile>
    <ClCompile Include="F:\code\3rdparty\PROJ\PROJ-master\src\utils.cpp">
      <Filter>Source Files\Core</Filter>
    </ClCompile>
    <ClCompile Include="F:\code\3rdparty\PROJ\PROJ-master\src\wkt1_generated_parser.c">
      <Filter>Source Files\Core</Filter>
    </ClCompile>
    <ClCompile Include="F:\code\3rdparty\PROJ\PROJ-master\src\wkt1_parser.cpp">
      <Filter>Source Files\Core</Filter>
    </ClCompile>
    <ClCompile Include="F:\code\3rdparty\PROJ\PROJ-master\src\wkt2_generated_parser.c">
      <Filter>Source Files\Core</Filter>
    </ClCompile>
    <ClCompile Include="F:\code\3rdparty\PROJ\PROJ-master\src\wkt2_parser.cpp">
      <Filter>Source Files\Core</Filter>
    </ClCompile>
    <ClCompile Include="F:\code\3rdparty\PROJ\PROJ-master\src\wkt_parser.cpp">
      <Filter>Source Files\Core</Filter>
    </ClCompile>
    <ClCompile Include="F:\code\3rdparty\PROJ\PROJ-master\src\zpoly1.cpp">
      <Filter>Source Files\Core</Filter>
    </ClCompile>
    <ClCompile Include="F:\code\3rdparty\PROJ\PROJ-master\src\proj_json_streaming_writer.cpp">
      <Filter>Source Files\Core</Filter>
    </ClCompile>
    <ClCompile Include="F:\code\3rdparty\PROJ\PROJ-master\src\tracing.cpp">
      <Filter>Source Files\Core</Filter>
    </ClCompile>
    <ClCompile Include="F:\code\3rdparty\PROJ\PROJ-master\src\grids.cpp">
      <Filter>Source Files\Core</Filter>
    </ClCompile>
    <ClCompile Include="F:\code\3rdparty\PROJ\PROJ-master\src\filemanager.cpp">
      <Filter>Source Files\Core</Filter>
    </ClCompile>
    <ClCompile Include="F:\code\3rdparty\PROJ\PROJ-master\src\networkfilemanager.cpp">
      <Filter>Source Files\Core</Filter>
    </ClCompile>
    <ClCompile Include="F:\code\3rdparty\PROJ\PROJ-master\src\sqlite3_utils.cpp">
      <Filter>Source Files\Core</Filter>
    </ClCompile>
    <ClCompile Include="F:\code\3rdparty\PROJ\PROJ-master\src\conversions\axisswap.cpp">
      <Filter>Source Files\Conversions</Filter>
    </ClCompile>
    <ClCompile Include="F:\code\3rdparty\PROJ\PROJ-master\src\conversions\cart.cpp">
      <Filter>Source Files\Conversions</Filter>
    </ClCompile>
    <ClCompile Include="F:\code\3rdparty\PROJ\PROJ-master\src\conversions\geoc.cpp">
      <Filter>Source Files\Conversions</Filter>
    </ClCompile>
    <ClCompile Include="F:\code\3rdparty\PROJ\PROJ-master\src\conversions\geocent.cpp">
      <Filter>Source Files\Conversions</Filter>
    </ClCompile>
    <ClCompile Include="F:\code\3rdparty\PROJ\PROJ-master\src\conversions\noop.cpp">
      <Filter>Source Files\Conversions</Filter>
    </ClCompile>
    <ClCompile Include="F:\code\3rdparty\PROJ\PROJ-master\src\conversions\set.cpp">
      <Filter>Source Files\Conversions</Filter>
    </ClCompile>
    <ClCompile Include="F:\code\3rdparty\PROJ\PROJ-master\src\conversions\unitconvert.cpp">
      <Filter>Source Files\Conversions</Filter>
    </ClCompile>
    <ClCompile Include="F:\code\3rdparty\PROJ\PROJ-master\src\projections\aeqd.cpp">
      <Filter>Source Files\Projections</Filter>
    </ClCompile>
    <ClCompile Include="F:\code\3rdparty\PROJ\PROJ-master\src\projections\adams.cpp">
      <Filter>Source Files\Projections</Filter>
    </ClCompile>
    <ClCompile Include="F:\code\3rdparty\PROJ\PROJ-master\src\projections\gnom.cpp">
      <Filter>Source Files\Projections</Filter>
    </ClCompile>
    <ClCompile Include="F:\code\3rdparty\PROJ\PROJ-master\src\projections\laea.cpp">
      <Filter>Source Files\Projections</Filter>
    </ClCompile>
    <ClCompile Include="F:\code\3rdparty\PROJ\PROJ-master\src\projections\mod_ster.cpp">
      <Filter>Source Files\Projections</Filter>
    </ClCompile>
    <ClCompile Include="F:\code\3rdparty\PROJ\PROJ-master\src\projections\nsper.cpp">
      <Filter>Source Files\Projections</Filter>
    </ClCompile>
    <ClCompile Include="F:\code\3rdparty\PROJ\PROJ-master\src\projections\nzmg.cpp">
      <Filter>Source Files\Projections</Filter>
    </ClCompile>
    <ClCompile Include="F:\code\3rdparty\PROJ\PROJ-master\src\projections\ortho.cpp">
      <Filter>Source Files\Projections</Filter>
    </ClCompile>
    <ClCompile Include="F:\code\3rdparty\PROJ\PROJ-master\src\projections\stere.cpp">
      <Filter>Source Files\Projections</Filter>
    </ClCompile>
    <ClCompile Include="F:\code\3rdparty\PROJ\PROJ-master\src\projections\sterea.cpp">
      <Filter>Source Files\Projections</Filter>
    </ClCompile>
    <ClCompile Include="F:\code\3rdparty\PROJ\PROJ-master\src\projections\aea.cpp">
      <Filter>Source Files\Projections</Filter>
    </ClCompile>
    <ClCompile Include="F:\code\3rdparty\PROJ\PROJ-master\src\projections\bipc.cpp">
      <Filter>Source Files\Projections</Filter>
    </ClCompile>
    <ClCompile Include="F:\code\3rdparty\PROJ\PROJ-master\src\projections\bonne.cpp">
      <Filter>Source Files\Projections</Filter>
    </ClCompile>
    <ClCompile Include="F:\code\3rdparty\PROJ\PROJ-master\src\projections\eqdc.cpp">
      <Filter>Source Files\Projections</Filter>
    </ClCompile>
    <ClCompile Include="F:\code\3rdparty\PROJ\PROJ-master\src\projections\isea.cpp">
      <Filter>Source Files\Projections</Filter>
    </ClCompile>
    <ClCompile Include="F:\code\3rdparty\PROJ\PROJ-master\src\projections\ccon.cpp">
      <Filter>Source Files\Projections</Filter>
    </ClCompile>
    <ClCompile Include="F:\code\3rdparty\PROJ\PROJ-master\src\projections\imw_p.cpp">
      <Filter>Source Files\Projections</Filter>
    </ClCompile>
    <ClCompile Include="F:\code\3rdparty\PROJ\PROJ-master\src\projections\krovak.cpp">
      <Filter>Source Files\Projections</Filter>
    </ClCompile>
    <ClCompile Include="F:\code\3rdparty\PROJ\PROJ-master\src\projections\lcc.cpp">
      <Filter>Source Files\Projections</Filter>
    </ClCompile>
    <ClCompile Include="F:\code\3rdparty\PROJ\PROJ-master\src\projections\poly.cpp">
      <Filter>Source Files\Projections</Filter>
    </ClCompile>
    <ClCompile Include="F:\code\3rdparty\PROJ\PROJ-master\src\projections\rpoly.cpp">
      <Filter>Source Files\Projections</Filter>
    </ClCompile>
    <ClCompile Include="F:\code\3rdparty\PROJ\PROJ-master\src\projections\sconics.cpp">
      <Filter>Source Files\Projections</Filter>
    </ClCompile>
    <ClCompile Include="F:\code\3rdparty\PROJ\PROJ-master\src\projections\rouss.cpp">
      <Filter>Source Files\Projections</Filter>
    </ClCompile>
    <ClCompile Include="F:\code\3rdparty\PROJ\PROJ-master\src\projections\cass.cpp">
      <Filter>Source Files\Projections</Filter>
    </ClCompile>
    <ClCompile Include="F:\code\3rdparty\PROJ\PROJ-master\src\projections\cc.cpp">
      <Filter>Source Files\Projections</Filter>
    </ClCompile>
    <ClCompile Include="F:\code\3rdparty\PROJ\PROJ-master\src\projections\cea.cpp">
      <Filter>Source Files\Projections</Filter>
    </ClCompile>
    <ClCompile Include="F:\code\3rdparty\PROJ\PROJ-master\src\projections\eqc.cpp">
      <Filter>Source Files\Projections</Filter>
    </ClCompile>
    <ClCompile Include="F:\code\3rdparty\PROJ\PROJ-master\src\projections\gall.cpp">
      <Filter>Source Files\Projections</Filter>
    </ClCompile>
    <ClCompile Include="F:\code\3rdparty\PROJ\PROJ-master\src\projections\labrd.cpp">
      <Filter>Source Files\Projections</Filter>
    </ClCompile>
    <ClCompile Include="F:\code\3rdparty\PROJ\PROJ-master\src\projections\lsat.cpp">
      <Filter>Source Files\Projections</Filter>
    </ClCompile>
    <ClCompile Include="F:\code\3rdparty\PROJ\PROJ-master\src\projections\misrsom.cpp">
      <Filter>Source Files\Projections</Filter>
    </ClCompile>
    <ClCompile Include="F:\code\3rdparty\PROJ\PROJ-master\src\projections\merc.cpp">
      <Filter>Source Files\Projections</Filter>
    </ClCompile>
    <ClCompile Include="F:\code\3rdparty\PROJ\PROJ-master\src\projections\mill.cpp">
      <Filter>Source Files\Projections</Filter>
    </ClCompile>
    <ClCompile Include="F:\code\3rdparty\PROJ\PROJ-master\src\projections\ocea.cpp">
      <Filter>Source Files\Projections</Filter>
    </ClCompile>
    <ClCompile Include="F:\code\3rdparty\PROJ\PROJ-master\src\projections\omerc.cpp">
      <Filter>Source Files\Projections</Filter>
    </ClCompile>
    <ClCompile Include="F:\code\3rdparty\PROJ\PROJ-master\src\projections\somerc.cpp">
      <Filter>Source Files\Projections</Filter>
    </ClCompile>
    <ClCompile Include="F:\code\3rdparty\PROJ\PROJ-master\src\projections\tcc.cpp">
      <Filter>Source Files\Projections</Filter>
    </ClCompile>
    <ClCompile Include="F:\code\3rdparty\PROJ\PROJ-master\src\projections\tcea.cpp">
      <Filter>Source Files\Projections</Filter>
    </ClCompile>
    <ClCompile Include="F:\code\3rdparty\PROJ\PROJ-master\src\projections\times.cpp">
      <Filter>Source Files\Projections</Filter>
    </ClCompile>
    <ClCompile Include="F:\code\3rdparty\PROJ\PROJ-master\src\projections\tmerc.cpp">
      <Filter>Source Files\Projections</Filter>
    </ClCompile>
    <ClCompile Include="F:\code\3rdparty\PROJ\PROJ-master\src\projections\tobmerc.cpp">
      <Filter>Source Files\Projections</Filter>
    </ClCompile>
    <ClCompile Include="F:\code\3rdparty\PROJ\PROJ-master\src\projections\airy.cpp">
      <Filter>Source Files\Projections</Filter>
    </ClCompile>
    <ClCompile Include="F:\code\3rdparty\PROJ\PROJ-master\src\projections\aitoff.cpp">
      <Filter>Source Files\Projections</Filter>
    </ClCompile>
    <ClCompile Include="F:\code\3rdparty\PROJ\PROJ-master\src\projections\august.cpp">
      <Filter>Source Files\Projections</Filter>
    </ClCompile>
    <ClCompile Include="F:\code\3rdparty\PROJ\PROJ-master\src\projections\bacon.cpp">
      <Filter>Source Files\Projections</Filter>
    </ClCompile>
    <ClCompile Include="F:\code\3rdparty\PROJ\PROJ-master\src\projections\bertin1953.cpp">
      <Filter>Source Files\Projections</Filter>
    </ClCompile>
    <ClCompile Include="F:\code\3rdparty\PROJ\PROJ-master\src\projections\chamb.cpp">
      <Filter>Source Files\Projections</Filter>
    </ClCompile>
    <ClCompile Include="F:\code\3rdparty\PROJ\PROJ-master\src\projections\hammer.cpp">
      <Filter>Source Files\Projections</Filter>
    </ClCompile>
    <ClCompile Include="F:\code\3rdparty\PROJ\PROJ-master\src\projections\lagrng.cpp">
      <Filter>Source Files\Projections</Filter>
    </ClCompile>
    <ClCompile Include="F:\code\3rdparty\PROJ\PROJ-master\src\projections\larr.cpp">
      <Filter>Source Files\Projections</Filter>
    </ClCompile>
    <ClCompile Include="F:\code\3rdparty\PROJ\PROJ-master\src\projections\lask.cpp">
      <Filter>Source Files\Projections</Filter>
    </ClCompile>
    <ClCompile Include="F:\code\3rdparty\PROJ\PROJ-master\src\projections\latlong.cpp">
      <Filter>Source Files\Projections</Filter>
    </ClCompile>
    <ClCompile Include="F:\code\3rdparty\PROJ\PROJ-master\src\projections\nicol.cpp">
      <Filter>Source Files\Projections</Filter>
    </ClCompile>
    <ClCompile Include="F:\code\3rdparty\PROJ\PROJ-master\src\projections\ob_tran.cpp">
      <Filter>Source Files\Projections</Filter>
    </ClCompile>
    <ClCompile Include="F:\code\3rdparty\PROJ\PROJ-master\src\projections\oea.cpp">
      <Filter>Source Files\Projections</Filter>
    </ClCompile>
    <ClCompile Include="F:\code\3rdparty\PROJ\PROJ-master\src\projections\tpeqd.cpp">
      <Filter>Source Files\Projections</Filter>
    </ClCompile>
    <ClCompile Include="F:\code\3rdparty\PROJ\PROJ-master\src\projections\vandg.cpp">
      <Filter>Source Files\Projections</Filter>
    </ClCompile>
    <ClCompile Include="F:\code\3rdparty\PROJ\PROJ-master\src\projections\vandg2.cpp">
      <Filter>Source Files\Projections</Filter>
    </ClCompile>
    <ClCompile Include="F:\code\3rdparty\PROJ\PROJ-master\src\projections\vandg4.cpp">
      <Filter>Source Files\Projections</Filter>
    </ClCompile>
    <ClCompile Include="F:\code\3rdparty\PROJ\PROJ-master\src\projections\wag7.cpp">
      <Filter>Source Files\Projections</Filter>
    </ClCompile>
    <ClCompile Include="F:\code\3rdparty\PROJ\PROJ-master\src\projections\lcca.cpp">
      <Filter>Source Files\Projections</Filter>
    </ClCompile>
    <ClCompile Include="F:\code\3rdparty\PROJ\PROJ-master\src\projections\geos.cpp">
      <Filter>Source Files\Projections</Filter>
    </ClCompile>
    <ClCompile Include="F:\code\3rdparty\PROJ\PROJ-master\src\projections\boggs.cpp">
      <Filter>Source Files\Projections</Filter>
    </ClCompile>
    <ClCompile Include="F:\code\3rdparty\PROJ\PROJ-master\src\projections\collg.cpp">
      <Filter>Source Files\Projections</Filter>
    </ClCompile>
    <ClCompile Include="F:\code\3rdparty\PROJ\PROJ-master\src\projections\comill.cpp">
      <Filter>Source Files\Projections</Filter>
    </ClCompile>
    <ClCompile Include="F:\code\3rdparty\PROJ\PROJ-master\src\projections\crast.cpp">
      <Filter>Source Files\Projections</Filter>
    </ClCompile>
    <ClCompile Include="F:\code\3rdparty\PROJ\PROJ-master\src\projections\denoy.cpp">
      <Filter>Source Files\Projections</Filter>
    </ClCompile>
    <ClCompile Include="F:\code\3rdparty\PROJ\PROJ-master\src\projections\eck1.cpp">
      <Filter>Source Files\Projections</Filter>
    </ClCompile>
    <ClCompile Include="F:\code\3rdparty\PROJ\PROJ-master\src\projections\eck2.cpp">
      <Filter>Source Files\Projections</Filter>
    </ClCompile>
    <ClCompile Include="F:\code\3rdparty\PROJ\PROJ-master\src\projections\eck3.cpp">
      <Filter>Source Files\Projections</Filter>
    </ClCompile>
    <ClCompile Include="F:\code\3rdparty\PROJ\PROJ-master\src\projections\eck4.cpp">
      <Filter>Source Files\Projections</Filter>
    </ClCompile>
    <ClCompile Include="F:\code\3rdparty\PROJ\PROJ-master\src\projections\eck5.cpp">
      <Filter>Source Files\Projections</Filter>
    </ClCompile>
    <ClCompile Include="F:\code\3rdparty\PROJ\PROJ-master\src\projections\fahey.cpp">
      <Filter>Source Files\Projections</Filter>
    </ClCompile>
    <ClCompile Include="F:\code\3rdparty\PROJ\PROJ-master\src\projections\fouc_s.cpp">
      <Filter>Source Files\Projections</Filter>
    </ClCompile>
    <ClCompile Include="F:\code\3rdparty\PROJ\PROJ-master\src\projections\gins8.cpp">
      <Filter>Source Files\Projections</Filter>
    </ClCompile>
    <ClCompile Include="F:\code\3rdparty\PROJ\PROJ-master\src\projections\gstmerc.cpp">
      <Filter>Source Files\Projections</Filter>
    </ClCompile>
    <ClCompile Include="F:\code\3rdparty\PROJ\PROJ-master\src\projections\gn_sinu.cpp">
      <Filter>Source Files\Projections</Filter>
    </ClCompile>
    <ClCompile Include="F:\code\3rdparty\PROJ\PROJ-master\src\projections\goode.cpp">
      <Filter>Source Files\Projections</Filter>
    </ClCompile>
    <ClCompile Include="F:\code\3rdparty\PROJ\PROJ-master\src\projections\igh.cpp">
      <Filter>Source Files\Projections</Filter>
    </ClCompile>
    <ClCompile Include="F:\code\3rdparty\PROJ\PROJ-master\src\projections\igh_o.cpp">
      <Filter>Source Files\Projections</Filter>
    </ClCompile>
    <ClCompile Include="F:\code\3rdparty\PROJ\PROJ-master\src\projections\hatano.cpp">
      <Filter>Source Files\Projections</Filter>
    </ClCompile>
    <ClCompile Include="F:\code\3rdparty\PROJ\PROJ-master\src\projections\loxim.cpp">
      <Filter>Source Files\Projections</Filter>
    </ClCompile>
    <ClCompile Include="F:\code\3rdparty\PROJ\PROJ-master\src\projections\mbt_fps.cpp">
      <Filter>Source Files\Projections</Filter>
    </ClCompile>
    <ClCompile Include="F:\code\3rdparty\PROJ\PROJ-master\src\projections\mbtfpp.cpp">
      <Filter>Source Files\Projections</Filter>
    </ClCompile>
    <ClCompile Include="F:\code\3rdparty\PROJ\PROJ-master\src\projections\mbtfpq.cpp">
      <Filter>Source Files\Projections</Filter>
    </ClCompile>
    <ClCompile Include="F:\code\3rdparty\PROJ\PROJ-master\src\projections\moll.cpp">
      <Filter>Source Files\Projections</Filter>
    </ClCompile>
    <ClCompile Include="F:\code\3rdparty\PROJ\PROJ-master\src\projections\nell.cpp">
      <Filter>Source Files\Projections</Filter>
    </ClCompile>
    <ClCompile Include="F:\code\3rdparty\PROJ\PROJ-master\src\projections\nell_h.cpp">
      <Filter>Source Files\Projections</Filter>
    </ClCompile>
    <ClCompile Include="F:\code\3rdparty\PROJ\PROJ-master\src\projections\patterson.cpp">
      <Filter>Source Files\Projections</Filter>
    </ClCompile>
    <ClCompile Include="F:\code\3rdparty\PROJ\PROJ-master\src\projections\putp2.cpp">
      <Filter>Source Files\Projections</Filter>
    </ClCompile>
    <ClCompile Include="F:\code\3rdparty\PROJ\PROJ-master\src\projections\putp3.cpp">
      <Filter>Source Files\Projections</Filter>
    </ClCompile>
    <ClCompile Include="F:\code\3rdparty\PROJ\PROJ-master\src\projections\putp4p.cpp">
      <Filter>Source Files\Projections</Filter>
    </ClCompile>
    <ClCompile Include="F:\code\3rdparty\PROJ\PROJ-master\src\projections\putp5.cpp">
      <Filter>Source Files\Projections</Filter>
    </ClCompile>
    <ClCompile Include="F:\code\3rdparty\PROJ\PROJ-master\src\projections\putp6.cpp">
      <Filter>Source Files\Projections</Filter>
    </ClCompile>
    <ClCompile Include="F:\code\3rdparty\PROJ\PROJ-master\src\projections\qsc.cpp">
      <Filter>Source Files\Projections</Filter>
    </ClCompile>
    <ClCompile Include="F:\code\3rdparty\PROJ\PROJ-master\src\projections\robin.cpp">
      <Filter>Source Files\Projections</Filter>
    </ClCompile>
    <ClCompile Include="F:\code\3rdparty\PROJ\PROJ-master\src\projections\sch.cpp">
      <Filter>Source Files\Projections</Filter>
    </ClCompile>
    <ClCompile Include="F:\code\3rdparty\PROJ\PROJ-master\src\projections\sts.cpp">
      <Filter>Source Files\Projections</Filter>
    </ClCompile>
    <ClCompile Include="F:\code\3rdparty\PROJ\PROJ-master\src\projections\urm5.cpp">
      <Filter>Source Files\Projections</Filter>
    </ClCompile>
    <ClCompile Include="F:\code\3rdparty\PROJ\PROJ-master\src\projections\urmfps.cpp">
      <Filter>Source Files\Projections</Filter>
    </ClCompile>
    <ClCompile Include="F:\code\3rdparty\PROJ\PROJ-master\src\projections\wag2.cpp">
      <Filter>Source Files\Projections</Filter>
    </ClCompile>
    <ClCompile Include="F:\code\3rdparty\PROJ\PROJ-master\src\projections\wag3.cpp">
      <Filter>Source Files\Projections</Filter>
    </ClCompile>
    <ClCompile Include="F:\code\3rdparty\PROJ\PROJ-master\src\projections\wink1.cpp">
      <Filter>Source Files\Projections</Filter>
    </ClCompile>
    <ClCompile Include="F:\code\3rdparty\PROJ\PROJ-master\src\projections\wink2.cpp">
      <Filter>Source Files\Projections</Filter>
    </ClCompile>
    <ClCompile Include="F:\code\3rdparty\PROJ\PROJ-master\src\projections\healpix.cpp">
      <Filter>Source Files\Projections</Filter>
    </ClCompile>
    <ClCompile Include="F:\code\3rdparty\PROJ\PROJ-master\src\projections\natearth.cpp">
      <Filter>Source Files\Projections</Filter>
    </ClCompile>
    <ClCompile Include="F:\code\3rdparty\PROJ\PROJ-master\src\projections\natearth2.cpp">
      <Filter>Source Files\Projections</Filter>
    </ClCompile>
    <ClCompile Include="F:\code\3rdparty\PROJ\PROJ-master\src\projections\calcofi.cpp">
      <Filter>Source Files\Projections</Filter>
    </ClCompile>
    <ClCompile Include="F:\code\3rdparty\PROJ\PROJ-master\src\projections\eqearth.cpp">
      <Filter>Source Files\Projections</Filter>
    </ClCompile>
    <ClCompile Include="F:\code\3rdparty\PROJ\PROJ-master\src\transformations\affine.cpp">
      <Filter>Source Files\Transformations</Filter>
    </ClCompile>
    <ClCompile Include="F:\code\3rdparty\PROJ\PROJ-master\src\transformations\deformation.cpp">
      <Filter>Source Files\Transformations</Filter>
    </ClCompile>
    <ClCompile Include="F:\code\3rdparty\PROJ\PROJ-master\src\transformations\helmert.cpp">
      <Filter>Source Files\Transformations</Filter>
    </ClCompile>
    <ClCompile Include="F:\code\3rdparty\PROJ\PROJ-master\src\transformations\hgridshift.cpp">
      <Filter>Source Files\Transformations</Filter>
    </ClCompile>
    <ClCompile Include="F:\code\3rdparty\PROJ\PROJ-master\src\transformations\horner.cpp">
      <Filter>Source Files\Transformations</Filter>
    </ClCompile>
    <ClCompile Include="F:\code\3rdparty\PROJ\PROJ-master\src\transformations\molodensky.cpp">
      <Filter>Source Files\Transformations</Filter>
    </ClCompile>
    <ClCompile Include="F:\code\3rdparty\PROJ\PROJ-master\src\transformations\vgridshift.cpp">
      <Filter>Source Files\Transformations</Filter>
    </ClCompile>
    <ClCompile Include="F:\code\3rdparty\PROJ\PROJ-master\src\transformations\xyzgridshift.cpp">
      <Filter>Source Files\Transformations</Filter>
    </ClCompile>
    <ClCompile Include="F:\code\3rdparty\PROJ\PROJ-master\src\transformations\defmodel.cpp">
      <Filter>Source Files\Transformations</Filter>
    </ClCompile>
    <ClCompile Include="F:\code\3rdparty\PROJ\PROJ-master\src\iso19111\static.cpp">
      <Filter>Source Files\ISO19111</Filter>
    </ClCompile>
    <ClCompile Include="F:\code\3rdparty\PROJ\PROJ-master\src\iso19111\util.cpp">
      <Filter>Source Files\ISO19111</Filter>
    </ClCompile>
    <ClCompile Include="F:\code\3rdparty\PROJ\PROJ-master\src\iso19111\metadata.cpp">
      <Filter>Source Files\ISO19111</Filter>
    </ClCompile>
    <ClCompile Include="F:\code\3rdparty\PROJ\PROJ-master\src\iso19111\common.cpp">
      <Filter>Source Files\ISO19111</Filter>
    </ClCompile>
    <ClCompile Include="F:\code\3rdparty\PROJ\PROJ-master\src\iso19111\crs.cpp">
      <Filter>Source Files\ISO19111</Filter>
    </ClCompile>
    <ClCompile Include="F:\code\3rdparty\PROJ\PROJ-master\src\iso19111\datum.cpp">
      <Filter>Source Files\ISO19111</Filter>
    </ClCompile>
    <ClCompile Include="F:\code\3rdparty\PROJ\PROJ-master\src\iso19111\coordinatesystem.cpp">
      <Filter>Source Files\ISO19111</Filter>
    </ClCompile>
    <ClCompile Include="F:\code\3rdparty\PROJ\PROJ-master\src\iso19111\coordinateoperation.cpp">
      <Filter>Source Files\ISO19111</Filter>
    </ClCompile>
    <ClCompile Include="F:\code\3rdparty\PROJ\PROJ-master\src\iso19111\io.cpp">
      <Filter>Source Files\ISO19111</Filter>
    </ClCompile>
    <ClCompile Include="F:\code\3rdparty\PROJ\PROJ-master\src\iso19111\internal.cpp">
      <Filter>Source Files\ISO19111</Filter>
    </ClCompile>
    <ClCompile Include="F:\code\3rdparty\PROJ\PROJ-master\src\iso19111\factory.cpp">
      <Filter>Source Files\ISO19111</Filter>
    </ClCompile>
    <ClCompile Include="F:\code\3rdparty\PROJ\PROJ-master\src\iso19111\c_api.cpp">
      <Filter>Source Files\ISO19111</Filter>
    </ClCompile>
  </ItemGroup>
  <ItemGroup>
    <ClInclude Include="F:\code\3rdparty\PROJ\PROJ-master\src\pj_list.h">
      <Filter>Source Files\Core</Filter>
    </ClInclude>
    <ClInclude Include="F:\code\3rdparty\PROJ\PROJ-master\src\proj_internal.h">
      <Filter>Source Files\Core</Filter>
    </ClInclude>
    <ClInclude Include="F:\code\3rdparty\PROJ\PROJ-master\src\wkt1_generated_parser.h">
      <Filter>Source Files\Core</Filter>
    </ClInclude>
    <ClInclude Include="F:\code\3rdparty\PROJ\PROJ-master\src\wkt1_parser.h">
      <Filter>Source Files\Core</Filter>
    </ClInclude>
    <ClInclude Include="F:\code\3rdparty\PROJ\PROJ-master\src\wkt2_generated_parser.h">
      <Filter>Source Files\Core</Filter>
    </ClInclude>
    <ClInclude Include="F:\code\3rdparty\PROJ\PROJ-master\src\wkt2_parser.h">
      <Filter>Source Files\Core</Filter>
    </ClInclude>
    <ClInclude Include="F:\code\3rdparty\PROJ\PROJ-master\src\wkt_parser.hpp">
      <Filter>Source Files\Core</Filter>
    </ClInclude>
    <ClInclude Include="F:\code\3rdparty\PROJ\PROJ-master\src\proj_json_streaming_writer.hpp">
      <Filter>Source Files\Core</Filter>
    </ClInclude>
    <ClInclude Include="F:\code\3rdparty\PROJ\PROJ-master\src\grids.hpp">
      <Filter>Source Files\Core</Filter>
    </ClInclude>
    <ClInclude Include="F:\code\3rdparty\PROJ\PROJ-master\src\filemanager.hpp">
      <Filter>Source Files\Core</Filter>
    </ClInclude>
    <ClInclude Include="F:\code\3rdparty\PROJ\PROJ-master\src\sqlite3_utils.hpp">
      <Filter>Source Files\Core</Filter>
    </ClInclude>
    <ClInclude Include="F:\code\3rdparty\PROJ\vs2019\src\proj_config.h">
      <Filter>Source Files\Core</Filter>
    </ClInclude>
    <ClInclude Include="F:\code\3rdparty\PROJ\PROJ-master\src\proj_api.h">
      <Filter>Header Files</Filter>
    </ClInclude>
    <ClInclude Include="F:\code\3rdparty\PROJ\PROJ-master\src\proj.h">
      <Filter>Header Files</Filter>
    </ClInclude>
    <ClInclude Include="F:\code\3rdparty\PROJ\PROJ-master\src\proj_experimental.h">
      <Filter>Header Files</Filter>
    </ClInclude>
    <ClInclude Include="F:\code\3rdparty\PROJ\PROJ-master\src\proj_constants.h">
      <Filter>Header Files</Filter>
    </ClInclude>
    <ClInclude Include="F:\code\3rdparty\PROJ\PROJ-master\src\geodesic.h">
      <Filter>Header Files</Filter>
    </ClInclude>
  </ItemGroup>
  <ItemGroup>
    <CustomBuild Include="F:\code\3rdparty\PROJ\PROJ-master\src\CMakeLists.txt">
      <Filter>CMake Files</Filter>
    </CustomBuild>
  </ItemGroup>
  <ItemGroup>
    <Filter Include="CMake Files">
      <UniqueIdentifier>{27E1FF21-1607-3EEB-ACC0-DF656F37FCF5}</UniqueIdentifier>
    </Filter>
    <Filter Include="Header Files">
      <UniqueIdentifier>{127CD30E-B8FE-3EF3-B2F4-500F26898B92}</UniqueIdentifier>
    </Filter>
    <Filter Include="Source Files">
      <UniqueIdentifier>{9C4C7F55-50C8-335B-9C31-9A4C63EB2C0F}</UniqueIdentifier>
    </Filter>
    <Filter Include="Source Files\Conversions">
      <UniqueIdentifier>{36D009DC-5FD5-3AC6-99B7-A20D92EFB216}</UniqueIdentifier>
    </Filter>
    <Filter Include="Source Files\Core">
      <UniqueIdentifier>{04A31673-C7DD-319D-91EC-8D30F9BFEB47}</UniqueIdentifier>
    </Filter>
    <Filter Include="Source Files\ISO19111">
      <UniqueIdentifier>{F86F034C-A12E-3C1A-9206-0DF1FC374DDF}</UniqueIdentifier>
    </Filter>
    <Filter Include="Source Files\Projections">
      <UniqueIdentifier>{014E77E1-2B7D-3238-8828-FE7A70A31CB3}</UniqueIdentifier>
    </Filter>
    <Filter Include="Source Files\Transformations">
      <UniqueIdentifier>{CF1D9D67-695D-3697-A258-D0C2214DA9B9}</UniqueIdentifier>
    </Filter>
  </ItemGroup>
</Project>
