Microsoft Visual Studio Solution File, Format Version 12.00
# Visual Studio 16
Project("{8BC9CEB8-8B4A-11D0-8D11-00A0C91BC942}") = "ALL_BUILD", "ALL_BUILD.vcxproj", "{C270FA52-884A-33DB-BEF1-6F99A98C4846}"
	ProjectSection(ProjectDependencies) = postProject
		{2C4DE970-7921-3B7E-AA00-BF1CF0122B15} = {2C4DE970-7921-3B7E-AA00-BF1CF0122B15}
		{BB81AF6A-354D-3F48-8331-B5442EEA9C3C} = {BB81AF6A-354D-3F48-8331-B5442EEA9C3C}
		{9BDF5C4D-3872-3CBB-902E-4E1FCBB64144} = {9BDF5C4D-3872-3CBB-902E-4E1FCBB64144}
		{D51AC038-84B7-33FA-9897-3B49CEFC907F} = {D51AC038-84B7-33FA-9897-3B49CEFC907F}
		{4C94E80D-37B3-39D5-A9EF-6D979106A3E3} = {4C94E80D-37B3-39D5-A9EF-6D979106A3E3}
		{1E574D88-36F8-3C8A-BBDB-19102F41786A} = {1E574D88-36F8-3C8A-BBDB-19102F41786A}
		{00AE357A-7A46-3589-98B5-AFC4E9BDE9CB} = {00AE357A-7A46-3589-98B5-AFC4E9BDE9CB}
		{DF974D39-39BA-3BC4-B735-70D57D2B93D7} = {DF974D39-39BA-3BC4-B735-70D57D2B93D7}
		{43ACF252-37B0-3C78-B555-C4C7CBD291FE} = {43ACF252-37B0-3C78-B555-C4C7CBD291FE}
		{BB41F28D-F419-32C1-8023-84AF2DD66523} = {BB41F28D-F419-32C1-8023-84AF2DD66523}
		{07037597-D23A-348E-90CD-AEE942C10539} = {07037597-D23A-348E-90CD-AEE942C10539}
		{04641E76-47FC-3870-9E79-2A469E6DEE7C} = {04641E76-47FC-3870-9E79-2A469E6DEE7C}
		{780B363C-6CB8-3E52-822C-245DEE0E8EDA} = {780B363C-6CB8-3E52-822C-245DEE0E8EDA}
		{A5CCAB2E-DF39-3277-A957-7A6C7511D353} = {A5CCAB2E-DF39-3277-A957-7A6C7511D353}
		{978625F4-AAAF-3EC3-86C6-3BEF63BBA3C2} = {978625F4-AAAF-3EC3-86C6-3BEF63BBA3C2}
		{520BF135-C80C-3598-BC5E-8292740702B4} = {520BF135-C80C-3598-BC5E-8292740702B4}
		{9C31EDA0-79CC-39FD-9F80-76C9867312E0} = {9C31EDA0-79CC-39FD-9F80-76C9867312E0}
		{92794693-2BB7-354E-95F2-A441904A99BD} = {92794693-2BB7-354E-95F2-A441904A99BD}
		{933CA0D3-2EEB-3682-AD1E-9227B133B5FE} = {933CA0D3-2EEB-3682-AD1E-9227B133B5FE}
		{83708C04-6A2B-3D2B-9819-294EF9DBF235} = {83708C04-6A2B-3D2B-9819-294EF9DBF235}
		{A16D36AC-9BC5-39CE-B346-4947CE1F1B04} = {A16D36AC-9BC5-39CE-B346-4947CE1F1B04}
		{41FF6A8B-7259-37E7-9363-9D48E6CD64C8} = {41FF6A8B-7259-37E7-9363-9D48E6CD64C8}
		{F36E31D1-4F09-3FEC-9A8E-FF22A9619804} = {F36E31D1-4F09-3FEC-9A8E-FF22A9619804}
		{61945901-3A1D-3C29-A6E9-535B7BBEC877} = {61945901-3A1D-3C29-A6E9-535B7BBEC877}
		{F724A2DC-B7BE-3E39-987F-98D09F219362} = {F724A2DC-B7BE-3E39-987F-98D09F219362}
	EndProjectSection
EndProject
Project("{8BC9CEB8-8B4A-11D0-8D11-00A0C91BC942}") = "CallbackMaker", "CallbackMaker.vcxproj", "{2C4DE970-7921-3B7E-AA00-BF1CF0122B15}"
	ProjectSection(ProjectDependencies) = postProject
		{780B363C-6CB8-3E52-822C-245DEE0E8EDA} = {780B363C-6CB8-3E52-822C-245DEE0E8EDA}
		{A5CCAB2E-DF39-3277-A957-7A6C7511D353} = {A5CCAB2E-DF39-3277-A957-7A6C7511D353}
	EndProjectSection
EndProject
Project("{8BC9CEB8-8B4A-11D0-8D11-00A0C91BC942}") = "CallbackMaker_static", "CallbackMaker_static.vcxproj", "{BB81AF6A-354D-3F48-8331-B5442EEA9C3C}"
	ProjectSection(ProjectDependencies) = postProject
		{780B363C-6CB8-3E52-822C-245DEE0E8EDA} = {780B363C-6CB8-3E52-822C-245DEE0E8EDA}
		{978625F4-AAAF-3EC3-86C6-3BEF63BBA3C2} = {978625F4-AAAF-3EC3-86C6-3BEF63BBA3C2}
	EndProjectSection
EndProject
Project("{8BC9CEB8-8B4A-11D0-8D11-00A0C91BC942}") = "Fractals", "Fractals.vcxproj", "{9BDF5C4D-3872-3CBB-902E-4E1FCBB64144}"
	ProjectSection(ProjectDependencies) = postProject
		{780B363C-6CB8-3E52-822C-245DEE0E8EDA} = {780B363C-6CB8-3E52-822C-245DEE0E8EDA}
		{A5CCAB2E-DF39-3277-A957-7A6C7511D353} = {A5CCAB2E-DF39-3277-A957-7A6C7511D353}
	EndProjectSection
EndProject
Project("{8BC9CEB8-8B4A-11D0-8D11-00A0C91BC942}") = "Fractals_random", "Fractals_random.vcxproj", "{D51AC038-84B7-33FA-9897-3B49CEFC907F}"
	ProjectSection(ProjectDependencies) = postProject
		{780B363C-6CB8-3E52-822C-245DEE0E8EDA} = {780B363C-6CB8-3E52-822C-245DEE0E8EDA}
		{A5CCAB2E-DF39-3277-A957-7A6C7511D353} = {A5CCAB2E-DF39-3277-A957-7A6C7511D353}
	EndProjectSection
EndProject
Project("{8BC9CEB8-8B4A-11D0-8D11-00A0C91BC942}") = "Fractals_random_static", "Fractals_random_static.vcxproj", "{4C94E80D-37B3-39D5-A9EF-6D979106A3E3}"
	ProjectSection(ProjectDependencies) = postProject
		{780B363C-6CB8-3E52-822C-245DEE0E8EDA} = {780B363C-6CB8-3E52-822C-245DEE0E8EDA}
		{978625F4-AAAF-3EC3-86C6-3BEF63BBA3C2} = {978625F4-AAAF-3EC3-86C6-3BEF63BBA3C2}
	EndProjectSection
EndProject
Project("{8BC9CEB8-8B4A-11D0-8D11-00A0C91BC942}") = "Fractals_static", "Fractals_static.vcxproj", "{1E574D88-36F8-3C8A-BBDB-19102F41786A}"
	ProjectSection(ProjectDependencies) = postProject
		{780B363C-6CB8-3E52-822C-245DEE0E8EDA} = {780B363C-6CB8-3E52-822C-245DEE0E8EDA}
		{978625F4-AAAF-3EC3-86C6-3BEF63BBA3C2} = {978625F4-AAAF-3EC3-86C6-3BEF63BBA3C2}
	EndProjectSection
EndProject
Project("{8BC9CEB8-8B4A-11D0-8D11-00A0C91BC942}") = "INSTALL", "INSTALL.vcxproj", "{2D25072B-E727-3FD7-AEC7-E7BCBAEBE214}"
	ProjectSection(ProjectDependencies) = postProject
		{C270FA52-884A-33DB-BEF1-6F99A98C4846} = {C270FA52-884A-33DB-BEF1-6F99A98C4846}
		{780B363C-6CB8-3E52-822C-245DEE0E8EDA} = {780B363C-6CB8-3E52-822C-245DEE0E8EDA}
	EndProjectSection
EndProject
Project("{8BC9CEB8-8B4A-11D0-8D11-00A0C91BC942}") = "Lorenz", "Lorenz.vcxproj", "{00AE357A-7A46-3589-98B5-AFC4E9BDE9CB}"
	ProjectSection(ProjectDependencies) = postProject
		{780B363C-6CB8-3E52-822C-245DEE0E8EDA} = {780B363C-6CB8-3E52-822C-245DEE0E8EDA}
		{A5CCAB2E-DF39-3277-A957-7A6C7511D353} = {A5CCAB2E-DF39-3277-A957-7A6C7511D353}
	EndProjectSection
EndProject
Project("{8BC9CEB8-8B4A-11D0-8D11-00A0C91BC942}") = "Lorenz_static", "Lorenz_static.vcxproj", "{DF974D39-39BA-3BC4-B735-70D57D2B93D7}"
	ProjectSection(ProjectDependencies) = postProject
		{780B363C-6CB8-3E52-822C-245DEE0E8EDA} = {780B363C-6CB8-3E52-822C-245DEE0E8EDA}
		{978625F4-AAAF-3EC3-86C6-3BEF63BBA3C2} = {978625F4-AAAF-3EC3-86C6-3BEF63BBA3C2}
	EndProjectSection
EndProject
Project("{8BC9CEB8-8B4A-11D0-8D11-00A0C91BC942}") = "One", "One.vcxproj", "{43ACF252-37B0-3C78-B555-C4C7CBD291FE}"
	ProjectSection(ProjectDependencies) = postProject
		{780B363C-6CB8-3E52-822C-245DEE0E8EDA} = {780B363C-6CB8-3E52-822C-245DEE0E8EDA}
		{A5CCAB2E-DF39-3277-A957-7A6C7511D353} = {A5CCAB2E-DF39-3277-A957-7A6C7511D353}
	EndProjectSection
EndProject
Project("{8BC9CEB8-8B4A-11D0-8D11-00A0C91BC942}") = "One_static", "One_static.vcxproj", "{BB41F28D-F419-32C1-8023-84AF2DD66523}"
	ProjectSection(ProjectDependencies) = postProject
		{780B363C-6CB8-3E52-822C-245DEE0E8EDA} = {780B363C-6CB8-3E52-822C-245DEE0E8EDA}
		{978625F4-AAAF-3EC3-86C6-3BEF63BBA3C2} = {978625F4-AAAF-3EC3-86C6-3BEF63BBA3C2}
	EndProjectSection
EndProject
Project("{8BC9CEB8-8B4A-11D0-8D11-00A0C91BC942}") = "Resizer", "Resizer.vcxproj", "{07037597-D23A-348E-90CD-AEE942C10539}"
	ProjectSection(ProjectDependencies) = postProject
		{780B363C-6CB8-3E52-822C-245DEE0E8EDA} = {780B363C-6CB8-3E52-822C-245DEE0E8EDA}
		{A5CCAB2E-DF39-3277-A957-7A6C7511D353} = {A5CCAB2E-DF39-3277-A957-7A6C7511D353}
	EndProjectSection
EndProject
Project("{8BC9CEB8-8B4A-11D0-8D11-00A0C91BC942}") = "Resizer_static", "Resizer_static.vcxproj", "{04641E76-47FC-3870-9E79-2A469E6DEE7C}"
	ProjectSection(ProjectDependencies) = postProject
		{780B363C-6CB8-3E52-822C-245DEE0E8EDA} = {780B363C-6CB8-3E52-822C-245DEE0E8EDA}
		{978625F4-AAAF-3EC3-86C6-3BEF63BBA3C2} = {978625F4-AAAF-3EC3-86C6-3BEF63BBA3C2}
	EndProjectSection
EndProject
Project("{8BC9CEB8-8B4A-11D0-8D11-00A0C91BC942}") = "ZERO_CHECK", "ZERO_CHECK.vcxproj", "{780B363C-6CB8-3E52-822C-245DEE0E8EDA}"
	ProjectSection(ProjectDependencies) = postProject
	EndProjectSection
EndProject
Project("{8BC9CEB8-8B4A-11D0-8D11-00A0C91BC942}") = "freeglut", "freeglut.vcxproj", "{A5CCAB2E-DF39-3277-A957-7A6C7511D353}"
	ProjectSection(ProjectDependencies) = postProject
		{780B363C-6CB8-3E52-822C-245DEE0E8EDA} = {780B363C-6CB8-3E52-822C-245DEE0E8EDA}
	EndProjectSection
EndProject
Project("{8BC9CEB8-8B4A-11D0-8D11-00A0C91BC942}") = "freeglut_static", "freeglut_static.vcxproj", "{978625F4-AAAF-3EC3-86C6-3BEF63BBA3C2}"
	ProjectSection(ProjectDependencies) = postProject
		{780B363C-6CB8-3E52-822C-245DEE0E8EDA} = {780B363C-6CB8-3E52-822C-245DEE0E8EDA}
	EndProjectSection
EndProject
Project("{8BC9CEB8-8B4A-11D0-8D11-00A0C91BC942}") = "multi-touch", "multi-touch.vcxproj", "{520BF135-C80C-3598-BC5E-8292740702B4}"
	ProjectSection(ProjectDependencies) = postProject
		{780B363C-6CB8-3E52-822C-245DEE0E8EDA} = {780B363C-6CB8-3E52-822C-245DEE0E8EDA}
		{A5CCAB2E-DF39-3277-A957-7A6C7511D353} = {A5CCAB2E-DF39-3277-A957-7A6C7511D353}
	EndProjectSection
EndProject
Project("{8BC9CEB8-8B4A-11D0-8D11-00A0C91BC942}") = "multi-touch_static", "multi-touch_static.vcxproj", "{9C31EDA0-79CC-39FD-9F80-76C9867312E0}"
	ProjectSection(ProjectDependencies) = postProject
		{780B363C-6CB8-3E52-822C-245DEE0E8EDA} = {780B363C-6CB8-3E52-822C-245DEE0E8EDA}
		{978625F4-AAAF-3EC3-86C6-3BEF63BBA3C2} = {978625F4-AAAF-3EC3-86C6-3BEF63BBA3C2}
	EndProjectSection
EndProject
Project("{8BC9CEB8-8B4A-11D0-8D11-00A0C91BC942}") = "shapes", "shapes.vcxproj", "{92794693-2BB7-354E-95F2-A441904A99BD}"
	ProjectSection(ProjectDependencies) = postProject
		{780B363C-6CB8-3E52-822C-245DEE0E8EDA} = {780B363C-6CB8-3E52-822C-245DEE0E8EDA}
		{A5CCAB2E-DF39-3277-A957-7A6C7511D353} = {A5CCAB2E-DF39-3277-A957-7A6C7511D353}
	EndProjectSection
EndProject
Project("{8BC9CEB8-8B4A-11D0-8D11-00A0C91BC942}") = "shapes_static", "shapes_static.vcxproj", "{933CA0D3-2EEB-3682-AD1E-9227B133B5FE}"
	ProjectSection(ProjectDependencies) = postProject
		{780B363C-6CB8-3E52-822C-245DEE0E8EDA} = {780B363C-6CB8-3E52-822C-245DEE0E8EDA}
		{978625F4-AAAF-3EC3-86C6-3BEF63BBA3C2} = {978625F4-AAAF-3EC3-86C6-3BEF63BBA3C2}
	EndProjectSection
EndProject
Project("{8BC9CEB8-8B4A-11D0-8D11-00A0C91BC942}") = "smooth_opengl3", "smooth_opengl3.vcxproj", "{83708C04-6A2B-3D2B-9819-294EF9DBF235}"
	ProjectSection(ProjectDependencies) = postProject
		{780B363C-6CB8-3E52-822C-245DEE0E8EDA} = {780B363C-6CB8-3E52-822C-245DEE0E8EDA}
		{A5CCAB2E-DF39-3277-A957-7A6C7511D353} = {A5CCAB2E-DF39-3277-A957-7A6C7511D353}
	EndProjectSection
EndProject
Project("{8BC9CEB8-8B4A-11D0-8D11-00A0C91BC942}") = "smooth_opengl3_static", "smooth_opengl3_static.vcxproj", "{A16D36AC-9BC5-39CE-B346-4947CE1F1B04}"
	ProjectSection(ProjectDependencies) = postProject
		{780B363C-6CB8-3E52-822C-245DEE0E8EDA} = {780B363C-6CB8-3E52-822C-245DEE0E8EDA}
		{978625F4-AAAF-3EC3-86C6-3BEF63BBA3C2} = {978625F4-AAAF-3EC3-86C6-3BEF63BBA3C2}
	EndProjectSection
EndProject
Project("{8BC9CEB8-8B4A-11D0-8D11-00A0C91BC942}") = "subwin", "subwin.vcxproj", "{41FF6A8B-7259-37E7-9363-9D48E6CD64C8}"
	ProjectSection(ProjectDependencies) = postProject
		{780B363C-6CB8-3E52-822C-245DEE0E8EDA} = {780B363C-6CB8-3E52-822C-245DEE0E8EDA}
		{A5CCAB2E-DF39-3277-A957-7A6C7511D353} = {A5CCAB2E-DF39-3277-A957-7A6C7511D353}
	EndProjectSection
EndProject
Project("{8BC9CEB8-8B4A-11D0-8D11-00A0C91BC942}") = "subwin_static", "subwin_static.vcxproj", "{F36E31D1-4F09-3FEC-9A8E-FF22A9619804}"
	ProjectSection(ProjectDependencies) = postProject
		{780B363C-6CB8-3E52-822C-245DEE0E8EDA} = {780B363C-6CB8-3E52-822C-245DEE0E8EDA}
		{978625F4-AAAF-3EC3-86C6-3BEF63BBA3C2} = {978625F4-AAAF-3EC3-86C6-3BEF63BBA3C2}
	EndProjectSection
EndProject
Project("{8BC9CEB8-8B4A-11D0-8D11-00A0C91BC942}") = "timer", "timer.vcxproj", "{61945901-3A1D-3C29-A6E9-535B7BBEC877}"
	ProjectSection(ProjectDependencies) = postProject
		{780B363C-6CB8-3E52-822C-245DEE0E8EDA} = {780B363C-6CB8-3E52-822C-245DEE0E8EDA}
		{A5CCAB2E-DF39-3277-A957-7A6C7511D353} = {A5CCAB2E-DF39-3277-A957-7A6C7511D353}
	EndProjectSection
EndProject
Project("{8BC9CEB8-8B4A-11D0-8D11-00A0C91BC942}") = "timer_static", "timer_static.vcxproj", "{F724A2DC-B7BE-3E39-987F-98D09F219362}"
	ProjectSection(ProjectDependencies) = postProject
		{780B363C-6CB8-3E52-822C-245DEE0E8EDA} = {780B363C-6CB8-3E52-822C-245DEE0E8EDA}
		{978625F4-AAAF-3EC3-86C6-3BEF63BBA3C2} = {978625F4-AAAF-3EC3-86C6-3BEF63BBA3C2}
	EndProjectSection
EndProject
Global
	GlobalSection(SolutionConfigurationPlatforms) = preSolution
		Debug|x64 = Debug|x64
		Release|x64 = Release|x64
		MinSizeRel|x64 = MinSizeRel|x64
		RelWithDebInfo|x64 = RelWithDebInfo|x64
	EndGlobalSection
	GlobalSection(ProjectConfigurationPlatforms) = postSolution
		{C270FA52-884A-33DB-BEF1-6F99A98C4846}.Debug|x64.ActiveCfg = Debug|x64
		{C270FA52-884A-33DB-BEF1-6F99A98C4846}.Debug|x64.Build.0 = Debug|x64
		{C270FA52-884A-33DB-BEF1-6F99A98C4846}.Release|x64.ActiveCfg = Release|x64
		{C270FA52-884A-33DB-BEF1-6F99A98C4846}.Release|x64.Build.0 = Release|x64
		{C270FA52-884A-33DB-BEF1-6F99A98C4846}.MinSizeRel|x64.ActiveCfg = MinSizeRel|x64
		{C270FA52-884A-33DB-BEF1-6F99A98C4846}.MinSizeRel|x64.Build.0 = MinSizeRel|x64
		{C270FA52-884A-33DB-BEF1-6F99A98C4846}.RelWithDebInfo|x64.ActiveCfg = RelWithDebInfo|x64
		{C270FA52-884A-33DB-BEF1-6F99A98C4846}.RelWithDebInfo|x64.Build.0 = RelWithDebInfo|x64
		{2C4DE970-7921-3B7E-AA00-BF1CF0122B15}.Debug|x64.ActiveCfg = Debug|x64
		{2C4DE970-7921-3B7E-AA00-BF1CF0122B15}.Debug|x64.Build.0 = Debug|x64
		{2C4DE970-7921-3B7E-AA00-BF1CF0122B15}.Release|x64.ActiveCfg = Release|x64
		{2C4DE970-7921-3B7E-AA00-BF1CF0122B15}.Release|x64.Build.0 = Release|x64
		{2C4DE970-7921-3B7E-AA00-BF1CF0122B15}.MinSizeRel|x64.ActiveCfg = MinSizeRel|x64
		{2C4DE970-7921-3B7E-AA00-BF1CF0122B15}.MinSizeRel|x64.Build.0 = MinSizeRel|x64
		{2C4DE970-7921-3B7E-AA00-BF1CF0122B15}.RelWithDebInfo|x64.ActiveCfg = RelWithDebInfo|x64
		{2C4DE970-7921-3B7E-AA00-BF1CF0122B15}.RelWithDebInfo|x64.Build.0 = RelWithDebInfo|x64
		{BB81AF6A-354D-3F48-8331-B5442EEA9C3C}.Debug|x64.ActiveCfg = Debug|x64
		{BB81AF6A-354D-3F48-8331-B5442EEA9C3C}.Debug|x64.Build.0 = Debug|x64
		{BB81AF6A-354D-3F48-8331-B5442EEA9C3C}.Release|x64.ActiveCfg = Release|x64
		{BB81AF6A-354D-3F48-8331-B5442EEA9C3C}.Release|x64.Build.0 = Release|x64
		{BB81AF6A-354D-3F48-8331-B5442EEA9C3C}.MinSizeRel|x64.ActiveCfg = MinSizeRel|x64
		{BB81AF6A-354D-3F48-8331-B5442EEA9C3C}.MinSizeRel|x64.Build.0 = MinSizeRel|x64
		{BB81AF6A-354D-3F48-8331-B5442EEA9C3C}.RelWithDebInfo|x64.ActiveCfg = RelWithDebInfo|x64
		{BB81AF6A-354D-3F48-8331-B5442EEA9C3C}.RelWithDebInfo|x64.Build.0 = RelWithDebInfo|x64
		{9BDF5C4D-3872-3CBB-902E-4E1FCBB64144}.Debug|x64.ActiveCfg = Debug|x64
		{9BDF5C4D-3872-3CBB-902E-4E1FCBB64144}.Debug|x64.Build.0 = Debug|x64
		{9BDF5C4D-3872-3CBB-902E-4E1FCBB64144}.Release|x64.ActiveCfg = Release|x64
		{9BDF5C4D-3872-3CBB-902E-4E1FCBB64144}.Release|x64.Build.0 = Release|x64
		{9BDF5C4D-3872-3CBB-902E-4E1FCBB64144}.MinSizeRel|x64.ActiveCfg = MinSizeRel|x64
		{9BDF5C4D-3872-3CBB-902E-4E1FCBB64144}.MinSizeRel|x64.Build.0 = MinSizeRel|x64
		{9BDF5C4D-3872-3CBB-902E-4E1FCBB64144}.RelWithDebInfo|x64.ActiveCfg = RelWithDebInfo|x64
		{9BDF5C4D-3872-3CBB-902E-4E1FCBB64144}.RelWithDebInfo|x64.Build.0 = RelWithDebInfo|x64
		{D51AC038-84B7-33FA-9897-3B49CEFC907F}.Debug|x64.ActiveCfg = Debug|x64
		{D51AC038-84B7-33FA-9897-3B49CEFC907F}.Debug|x64.Build.0 = Debug|x64
		{D51AC038-84B7-33FA-9897-3B49CEFC907F}.Release|x64.ActiveCfg = Release|x64
		{D51AC038-84B7-33FA-9897-3B49CEFC907F}.Release|x64.Build.0 = Release|x64
		{D51AC038-84B7-33FA-9897-3B49CEFC907F}.MinSizeRel|x64.ActiveCfg = MinSizeRel|x64
		{D51AC038-84B7-33FA-9897-3B49CEFC907F}.MinSizeRel|x64.Build.0 = MinSizeRel|x64
		{D51AC038-84B7-33FA-9897-3B49CEFC907F}.RelWithDebInfo|x64.ActiveCfg = RelWithDebInfo|x64
		{D51AC038-84B7-33FA-9897-3B49CEFC907F}.RelWithDebInfo|x64.Build.0 = RelWithDebInfo|x64
		{4C94E80D-37B3-39D5-A9EF-6D979106A3E3}.Debug|x64.ActiveCfg = Debug|x64
		{4C94E80D-37B3-39D5-A9EF-6D979106A3E3}.Debug|x64.Build.0 = Debug|x64
		{4C94E80D-37B3-39D5-A9EF-6D979106A3E3}.Release|x64.ActiveCfg = Release|x64
		{4C94E80D-37B3-39D5-A9EF-6D979106A3E3}.Release|x64.Build.0 = Release|x64
		{4C94E80D-37B3-39D5-A9EF-6D979106A3E3}.MinSizeRel|x64.ActiveCfg = MinSizeRel|x64
		{4C94E80D-37B3-39D5-A9EF-6D979106A3E3}.MinSizeRel|x64.Build.0 = MinSizeRel|x64
		{4C94E80D-37B3-39D5-A9EF-6D979106A3E3}.RelWithDebInfo|x64.ActiveCfg = RelWithDebInfo|x64
		{4C94E80D-37B3-39D5-A9EF-6D979106A3E3}.RelWithDebInfo|x64.Build.0 = RelWithDebInfo|x64
		{1E574D88-36F8-3C8A-BBDB-19102F41786A}.Debug|x64.ActiveCfg = Debug|x64
		{1E574D88-36F8-3C8A-BBDB-19102F41786A}.Debug|x64.Build.0 = Debug|x64
		{1E574D88-36F8-3C8A-BBDB-19102F41786A}.Release|x64.ActiveCfg = Release|x64
		{1E574D88-36F8-3C8A-BBDB-19102F41786A}.Release|x64.Build.0 = Release|x64
		{1E574D88-36F8-3C8A-BBDB-19102F41786A}.MinSizeRel|x64.ActiveCfg = MinSizeRel|x64
		{1E574D88-36F8-3C8A-BBDB-19102F41786A}.MinSizeRel|x64.Build.0 = MinSizeRel|x64
		{1E574D88-36F8-3C8A-BBDB-19102F41786A}.RelWithDebInfo|x64.ActiveCfg = RelWithDebInfo|x64
		{1E574D88-36F8-3C8A-BBDB-19102F41786A}.RelWithDebInfo|x64.Build.0 = RelWithDebInfo|x64
		{2D25072B-E727-3FD7-AEC7-E7BCBAEBE214}.Debug|x64.ActiveCfg = Debug|x64
		{2D25072B-E727-3FD7-AEC7-E7BCBAEBE214}.Release|x64.ActiveCfg = Release|x64
		{2D25072B-E727-3FD7-AEC7-E7BCBAEBE214}.MinSizeRel|x64.ActiveCfg = MinSizeRel|x64
		{2D25072B-E727-3FD7-AEC7-E7BCBAEBE214}.RelWithDebInfo|x64.ActiveCfg = RelWithDebInfo|x64
		{00AE357A-7A46-3589-98B5-AFC4E9BDE9CB}.Debug|x64.ActiveCfg = Debug|x64
		{00AE357A-7A46-3589-98B5-AFC4E9BDE9CB}.Debug|x64.Build.0 = Debug|x64
		{00AE357A-7A46-3589-98B5-AFC4E9BDE9CB}.Release|x64.ActiveCfg = Release|x64
		{00AE357A-7A46-3589-98B5-AFC4E9BDE9CB}.Release|x64.Build.0 = Release|x64
		{00AE357A-7A46-3589-98B5-AFC4E9BDE9CB}.MinSizeRel|x64.ActiveCfg = MinSizeRel|x64
		{00AE357A-7A46-3589-98B5-AFC4E9BDE9CB}.MinSizeRel|x64.Build.0 = MinSizeRel|x64
		{00AE357A-7A46-3589-98B5-AFC4E9BDE9CB}.RelWithDebInfo|x64.ActiveCfg = RelWithDebInfo|x64
		{00AE357A-7A46-3589-98B5-AFC4E9BDE9CB}.RelWithDebInfo|x64.Build.0 = RelWithDebInfo|x64
		{DF974D39-39BA-3BC4-B735-70D57D2B93D7}.Debug|x64.ActiveCfg = Debug|x64
		{DF974D39-39BA-3BC4-B735-70D57D2B93D7}.Debug|x64.Build.0 = Debug|x64
		{DF974D39-39BA-3BC4-B735-70D57D2B93D7}.Release|x64.ActiveCfg = Release|x64
		{DF974D39-39BA-3BC4-B735-70D57D2B93D7}.Release|x64.Build.0 = Release|x64
		{DF974D39-39BA-3BC4-B735-70D57D2B93D7}.MinSizeRel|x64.ActiveCfg = MinSizeRel|x64
		{DF974D39-39BA-3BC4-B735-70D57D2B93D7}.MinSizeRel|x64.Build.0 = MinSizeRel|x64
		{DF974D39-39BA-3BC4-B735-70D57D2B93D7}.RelWithDebInfo|x64.ActiveCfg = RelWithDebInfo|x64
		{DF974D39-39BA-3BC4-B735-70D57D2B93D7}.RelWithDebInfo|x64.Build.0 = RelWithDebInfo|x64
		{43ACF252-37B0-3C78-B555-C4C7CBD291FE}.Debug|x64.ActiveCfg = Debug|x64
		{43ACF252-37B0-3C78-B555-C4C7CBD291FE}.Debug|x64.Build.0 = Debug|x64
		{43ACF252-37B0-3C78-B555-C4C7CBD291FE}.Release|x64.ActiveCfg = Release|x64
		{43ACF252-37B0-3C78-B555-C4C7CBD291FE}.Release|x64.Build.0 = Release|x64
		{43ACF252-37B0-3C78-B555-C4C7CBD291FE}.MinSizeRel|x64.ActiveCfg = MinSizeRel|x64
		{43ACF252-37B0-3C78-B555-C4C7CBD291FE}.MinSizeRel|x64.Build.0 = MinSizeRel|x64
		{43ACF252-37B0-3C78-B555-C4C7CBD291FE}.RelWithDebInfo|x64.ActiveCfg = RelWithDebInfo|x64
		{43ACF252-37B0-3C78-B555-C4C7CBD291FE}.RelWithDebInfo|x64.Build.0 = RelWithDebInfo|x64
		{BB41F28D-F419-32C1-8023-84AF2DD66523}.Debug|x64.ActiveCfg = Debug|x64
		{BB41F28D-F419-32C1-8023-84AF2DD66523}.Debug|x64.Build.0 = Debug|x64
		{BB41F28D-F419-32C1-8023-84AF2DD66523}.Release|x64.ActiveCfg = Release|x64
		{BB41F28D-F419-32C1-8023-84AF2DD66523}.Release|x64.Build.0 = Release|x64
		{BB41F28D-F419-32C1-8023-84AF2DD66523}.MinSizeRel|x64.ActiveCfg = MinSizeRel|x64
		{BB41F28D-F419-32C1-8023-84AF2DD66523}.MinSizeRel|x64.Build.0 = MinSizeRel|x64
		{BB41F28D-F419-32C1-8023-84AF2DD66523}.RelWithDebInfo|x64.ActiveCfg = RelWithDebInfo|x64
		{BB41F28D-F419-32C1-8023-84AF2DD66523}.RelWithDebInfo|x64.Build.0 = RelWithDebInfo|x64
		{07037597-D23A-348E-90CD-AEE942C10539}.Debug|x64.ActiveCfg = Debug|x64
		{07037597-D23A-348E-90CD-AEE942C10539}.Debug|x64.Build.0 = Debug|x64
		{07037597-D23A-348E-90CD-AEE942C10539}.Release|x64.ActiveCfg = Release|x64
		{07037597-D23A-348E-90CD-AEE942C10539}.Release|x64.Build.0 = Release|x64
		{07037597-D23A-348E-90CD-AEE942C10539}.MinSizeRel|x64.ActiveCfg = MinSizeRel|x64
		{07037597-D23A-348E-90CD-AEE942C10539}.MinSizeRel|x64.Build.0 = MinSizeRel|x64
		{07037597-D23A-348E-90CD-AEE942C10539}.RelWithDebInfo|x64.ActiveCfg = RelWithDebInfo|x64
		{07037597-D23A-348E-90CD-AEE942C10539}.RelWithDebInfo|x64.Build.0 = RelWithDebInfo|x64
		{04641E76-47FC-3870-9E79-2A469E6DEE7C}.Debug|x64.ActiveCfg = Debug|x64
		{04641E76-47FC-3870-9E79-2A469E6DEE7C}.Debug|x64.Build.0 = Debug|x64
		{04641E76-47FC-3870-9E79-2A469E6DEE7C}.Release|x64.ActiveCfg = Release|x64
		{04641E76-47FC-3870-9E79-2A469E6DEE7C}.Release|x64.Build.0 = Release|x64
		{04641E76-47FC-3870-9E79-2A469E6DEE7C}.MinSizeRel|x64.ActiveCfg = MinSizeRel|x64
		{04641E76-47FC-3870-9E79-2A469E6DEE7C}.MinSizeRel|x64.Build.0 = MinSizeRel|x64
		{04641E76-47FC-3870-9E79-2A469E6DEE7C}.RelWithDebInfo|x64.ActiveCfg = RelWithDebInfo|x64
		{04641E76-47FC-3870-9E79-2A469E6DEE7C}.RelWithDebInfo|x64.Build.0 = RelWithDebInfo|x64
		{780B363C-6CB8-3E52-822C-245DEE0E8EDA}.Debug|x64.ActiveCfg = Debug|x64
		{780B363C-6CB8-3E52-822C-245DEE0E8EDA}.Debug|x64.Build.0 = Debug|x64
		{780B363C-6CB8-3E52-822C-245DEE0E8EDA}.Release|x64.ActiveCfg = Release|x64
		{780B363C-6CB8-3E52-822C-245DEE0E8EDA}.Release|x64.Build.0 = Release|x64
		{780B363C-6CB8-3E52-822C-245DEE0E8EDA}.MinSizeRel|x64.ActiveCfg = MinSizeRel|x64
		{780B363C-6CB8-3E52-822C-245DEE0E8EDA}.MinSizeRel|x64.Build.0 = MinSizeRel|x64
		{780B363C-6CB8-3E52-822C-245DEE0E8EDA}.RelWithDebInfo|x64.ActiveCfg = RelWithDebInfo|x64
		{780B363C-6CB8-3E52-822C-245DEE0E8EDA}.RelWithDebInfo|x64.Build.0 = RelWithDebInfo|x64
		{A5CCAB2E-DF39-3277-A957-7A6C7511D353}.Debug|x64.ActiveCfg = Debug|x64
		{A5CCAB2E-DF39-3277-A957-7A6C7511D353}.Debug|x64.Build.0 = Debug|x64
		{A5CCAB2E-DF39-3277-A957-7A6C7511D353}.Release|x64.ActiveCfg = Release|x64
		{A5CCAB2E-DF39-3277-A957-7A6C7511D353}.Release|x64.Build.0 = Release|x64
		{A5CCAB2E-DF39-3277-A957-7A6C7511D353}.MinSizeRel|x64.ActiveCfg = MinSizeRel|x64
		{A5CCAB2E-DF39-3277-A957-7A6C7511D353}.MinSizeRel|x64.Build.0 = MinSizeRel|x64
		{A5CCAB2E-DF39-3277-A957-7A6C7511D353}.RelWithDebInfo|x64.ActiveCfg = RelWithDebInfo|x64
		{A5CCAB2E-DF39-3277-A957-7A6C7511D353}.RelWithDebInfo|x64.Build.0 = RelWithDebInfo|x64
		{978625F4-AAAF-3EC3-86C6-3BEF63BBA3C2}.Debug|x64.ActiveCfg = Debug|x64
		{978625F4-AAAF-3EC3-86C6-3BEF63BBA3C2}.Debug|x64.Build.0 = Debug|x64
		{978625F4-AAAF-3EC3-86C6-3BEF63BBA3C2}.Release|x64.ActiveCfg = Release|x64
		{978625F4-AAAF-3EC3-86C6-3BEF63BBA3C2}.Release|x64.Build.0 = Release|x64
		{978625F4-AAAF-3EC3-86C6-3BEF63BBA3C2}.MinSizeRel|x64.ActiveCfg = MinSizeRel|x64
		{978625F4-AAAF-3EC3-86C6-3BEF63BBA3C2}.MinSizeRel|x64.Build.0 = MinSizeRel|x64
		{978625F4-AAAF-3EC3-86C6-3BEF63BBA3C2}.RelWithDebInfo|x64.ActiveCfg = RelWithDebInfo|x64
		{978625F4-AAAF-3EC3-86C6-3BEF63BBA3C2}.RelWithDebInfo|x64.Build.0 = RelWithDebInfo|x64
		{520BF135-C80C-3598-BC5E-8292740702B4}.Debug|x64.ActiveCfg = Debug|x64
		{520BF135-C80C-3598-BC5E-8292740702B4}.Debug|x64.Build.0 = Debug|x64
		{520BF135-C80C-3598-BC5E-8292740702B4}.Release|x64.ActiveCfg = Release|x64
		{520BF135-C80C-3598-BC5E-8292740702B4}.Release|x64.Build.0 = Release|x64
		{520BF135-C80C-3598-BC5E-8292740702B4}.MinSizeRel|x64.ActiveCfg = MinSizeRel|x64
		{520BF135-C80C-3598-BC5E-8292740702B4}.MinSizeRel|x64.Build.0 = MinSizeRel|x64
		{520BF135-C80C-3598-BC5E-8292740702B4}.RelWithDebInfo|x64.ActiveCfg = RelWithDebInfo|x64
		{520BF135-C80C-3598-BC5E-8292740702B4}.RelWithDebInfo|x64.Build.0 = RelWithDebInfo|x64
		{9C31EDA0-79CC-39FD-9F80-76C9867312E0}.Debug|x64.ActiveCfg = Debug|x64
		{9C31EDA0-79CC-39FD-9F80-76C9867312E0}.Debug|x64.Build.0 = Debug|x64
		{9C31EDA0-79CC-39FD-9F80-76C9867312E0}.Release|x64.ActiveCfg = Release|x64
		{9C31EDA0-79CC-39FD-9F80-76C9867312E0}.Release|x64.Build.0 = Release|x64
		{9C31EDA0-79CC-39FD-9F80-76C9867312E0}.MinSizeRel|x64.ActiveCfg = MinSizeRel|x64
		{9C31EDA0-79CC-39FD-9F80-76C9867312E0}.MinSizeRel|x64.Build.0 = MinSizeRel|x64
		{9C31EDA0-79CC-39FD-9F80-76C9867312E0}.RelWithDebInfo|x64.ActiveCfg = RelWithDebInfo|x64
		{9C31EDA0-79CC-39FD-9F80-76C9867312E0}.RelWithDebInfo|x64.Build.0 = RelWithDebInfo|x64
		{92794693-2BB7-354E-95F2-A441904A99BD}.Debug|x64.ActiveCfg = Debug|x64
		{92794693-2BB7-354E-95F2-A441904A99BD}.Debug|x64.Build.0 = Debug|x64
		{92794693-2BB7-354E-95F2-A441904A99BD}.Release|x64.ActiveCfg = Release|x64
		{92794693-2BB7-354E-95F2-A441904A99BD}.Release|x64.Build.0 = Release|x64
		{92794693-2BB7-354E-95F2-A441904A99BD}.MinSizeRel|x64.ActiveCfg = MinSizeRel|x64
		{92794693-2BB7-354E-95F2-A441904A99BD}.MinSizeRel|x64.Build.0 = MinSizeRel|x64
		{92794693-2BB7-354E-95F2-A441904A99BD}.RelWithDebInfo|x64.ActiveCfg = RelWithDebInfo|x64
		{92794693-2BB7-354E-95F2-A441904A99BD}.RelWithDebInfo|x64.Build.0 = RelWithDebInfo|x64
		{933CA0D3-2EEB-3682-AD1E-9227B133B5FE}.Debug|x64.ActiveCfg = Debug|x64
		{933CA0D3-2EEB-3682-AD1E-9227B133B5FE}.Debug|x64.Build.0 = Debug|x64
		{933CA0D3-2EEB-3682-AD1E-9227B133B5FE}.Release|x64.ActiveCfg = Release|x64
		{933CA0D3-2EEB-3682-AD1E-9227B133B5FE}.Release|x64.Build.0 = Release|x64
		{933CA0D3-2EEB-3682-AD1E-9227B133B5FE}.MinSizeRel|x64.ActiveCfg = MinSizeRel|x64
		{933CA0D3-2EEB-3682-AD1E-9227B133B5FE}.MinSizeRel|x64.Build.0 = MinSizeRel|x64
		{933CA0D3-2EEB-3682-AD1E-9227B133B5FE}.RelWithDebInfo|x64.ActiveCfg = RelWithDebInfo|x64
		{933CA0D3-2EEB-3682-AD1E-9227B133B5FE}.RelWithDebInfo|x64.Build.0 = RelWithDebInfo|x64
		{83708C04-6A2B-3D2B-9819-294EF9DBF235}.Debug|x64.ActiveCfg = Debug|x64
		{83708C04-6A2B-3D2B-9819-294EF9DBF235}.Debug|x64.Build.0 = Debug|x64
		{83708C04-6A2B-3D2B-9819-294EF9DBF235}.Release|x64.ActiveCfg = Release|x64
		{83708C04-6A2B-3D2B-9819-294EF9DBF235}.Release|x64.Build.0 = Release|x64
		{83708C04-6A2B-3D2B-9819-294EF9DBF235}.MinSizeRel|x64.ActiveCfg = MinSizeRel|x64
		{83708C04-6A2B-3D2B-9819-294EF9DBF235}.MinSizeRel|x64.Build.0 = MinSizeRel|x64
		{83708C04-6A2B-3D2B-9819-294EF9DBF235}.RelWithDebInfo|x64.ActiveCfg = RelWithDebInfo|x64
		{83708C04-6A2B-3D2B-9819-294EF9DBF235}.RelWithDebInfo|x64.Build.0 = RelWithDebInfo|x64
		{A16D36AC-9BC5-39CE-B346-4947CE1F1B04}.Debug|x64.ActiveCfg = Debug|x64
		{A16D36AC-9BC5-39CE-B346-4947CE1F1B04}.Debug|x64.Build.0 = Debug|x64
		{A16D36AC-9BC5-39CE-B346-4947CE1F1B04}.Release|x64.ActiveCfg = Release|x64
		{A16D36AC-9BC5-39CE-B346-4947CE1F1B04}.Release|x64.Build.0 = Release|x64
		{A16D36AC-9BC5-39CE-B346-4947CE1F1B04}.MinSizeRel|x64.ActiveCfg = MinSizeRel|x64
		{A16D36AC-9BC5-39CE-B346-4947CE1F1B04}.MinSizeRel|x64.Build.0 = MinSizeRel|x64
		{A16D36AC-9BC5-39CE-B346-4947CE1F1B04}.RelWithDebInfo|x64.ActiveCfg = RelWithDebInfo|x64
		{A16D36AC-9BC5-39CE-B346-4947CE1F1B04}.RelWithDebInfo|x64.Build.0 = RelWithDebInfo|x64
		{41FF6A8B-7259-37E7-9363-9D48E6CD64C8}.Debug|x64.ActiveCfg = Debug|x64
		{41FF6A8B-7259-37E7-9363-9D48E6CD64C8}.Debug|x64.Build.0 = Debug|x64
		{41FF6A8B-7259-37E7-9363-9D48E6CD64C8}.Release|x64.ActiveCfg = Release|x64
		{41FF6A8B-7259-37E7-9363-9D48E6CD64C8}.Release|x64.Build.0 = Release|x64
		{41FF6A8B-7259-37E7-9363-9D48E6CD64C8}.MinSizeRel|x64.ActiveCfg = MinSizeRel|x64
		{41FF6A8B-7259-37E7-9363-9D48E6CD64C8}.MinSizeRel|x64.Build.0 = MinSizeRel|x64
		{41FF6A8B-7259-37E7-9363-9D48E6CD64C8}.RelWithDebInfo|x64.ActiveCfg = RelWithDebInfo|x64
		{41FF6A8B-7259-37E7-9363-9D48E6CD64C8}.RelWithDebInfo|x64.Build.0 = RelWithDebInfo|x64
		{F36E31D1-4F09-3FEC-9A8E-FF22A9619804}.Debug|x64.ActiveCfg = Debug|x64
		{F36E31D1-4F09-3FEC-9A8E-FF22A9619804}.Debug|x64.Build.0 = Debug|x64
		{F36E31D1-4F09-3FEC-9A8E-FF22A9619804}.Release|x64.ActiveCfg = Release|x64
		{F36E31D1-4F09-3FEC-9A8E-FF22A9619804}.Release|x64.Build.0 = Release|x64
		{F36E31D1-4F09-3FEC-9A8E-FF22A9619804}.MinSizeRel|x64.ActiveCfg = MinSizeRel|x64
		{F36E31D1-4F09-3FEC-9A8E-FF22A9619804}.MinSizeRel|x64.Build.0 = MinSizeRel|x64
		{F36E31D1-4F09-3FEC-9A8E-FF22A9619804}.RelWithDebInfo|x64.ActiveCfg = RelWithDebInfo|x64
		{F36E31D1-4F09-3FEC-9A8E-FF22A9619804}.RelWithDebInfo|x64.Build.0 = RelWithDebInfo|x64
		{61945901-3A1D-3C29-A6E9-535B7BBEC877}.Debug|x64.ActiveCfg = Debug|x64
		{61945901-3A1D-3C29-A6E9-535B7BBEC877}.Debug|x64.Build.0 = Debug|x64
		{61945901-3A1D-3C29-A6E9-535B7BBEC877}.Release|x64.ActiveCfg = Release|x64
		{61945901-3A1D-3C29-A6E9-535B7BBEC877}.Release|x64.Build.0 = Release|x64
		{61945901-3A1D-3C29-A6E9-535B7BBEC877}.MinSizeRel|x64.ActiveCfg = MinSizeRel|x64
		{61945901-3A1D-3C29-A6E9-535B7BBEC877}.MinSizeRel|x64.Build.0 = MinSizeRel|x64
		{61945901-3A1D-3C29-A6E9-535B7BBEC877}.RelWithDebInfo|x64.ActiveCfg = RelWithDebInfo|x64
		{61945901-3A1D-3C29-A6E9-535B7BBEC877}.RelWithDebInfo|x64.Build.0 = RelWithDebInfo|x64
		{F724A2DC-B7BE-3E39-987F-98D09F219362}.Debug|x64.ActiveCfg = Debug|x64
		{F724A2DC-B7BE-3E39-987F-98D09F219362}.Debug|x64.Build.0 = Debug|x64
		{F724A2DC-B7BE-3E39-987F-98D09F219362}.Release|x64.ActiveCfg = Release|x64
		{F724A2DC-B7BE-3E39-987F-98D09F219362}.Release|x64.Build.0 = Release|x64
		{F724A2DC-B7BE-3E39-987F-98D09F219362}.MinSizeRel|x64.ActiveCfg = MinSizeRel|x64
		{F724A2DC-B7BE-3E39-987F-98D09F219362}.MinSizeRel|x64.Build.0 = MinSizeRel|x64
		{F724A2DC-B7BE-3E39-987F-98D09F219362}.RelWithDebInfo|x64.ActiveCfg = RelWithDebInfo|x64
		{F724A2DC-B7BE-3E39-987F-98D09F219362}.RelWithDebInfo|x64.Build.0 = RelWithDebInfo|x64
	EndGlobalSection
	GlobalSection(ExtensibilityGlobals) = postSolution
		SolutionGuid = {E78AD250-9B7B-37D9-A2F8-D698993CB53D}
	EndGlobalSection
	GlobalSection(ExtensibilityAddIns) = postSolution
	EndGlobalSection
EndGlobal
