<?xml version="1.0" encoding="utf-8"?>
<Project ToolsVersion="16.0" xmlns="http://schemas.microsoft.com/developer/msbuild/2003">
  <ItemGroup>
    <CustomBuild Include="F:\code\3rdparty\tiff-4.1.0\vs2019\CMakeFiles\225cca127b48c086e8d43614fa5675a5\RUN_TESTS_force.rule">
      <Filter>CMake Rules</Filter>
    </CustomBuild>
  </ItemGroup>
  <ItemGroup>
    <Filter Include="CMake Rules">
      <UniqueIdentifier>{4625E780-D9DD-3D90-8F3A-EC4813460D70}</UniqueIdentifier>
    </Filter>
  </ItemGroup>
</Project>
