<?xml version="1.0" encoding="utf-8"?>
<Project ToolsVersion="16.0" xmlns="http://schemas.microsoft.com/developer/msbuild/2003">
  <ItemGroup>
    <ClCompile Include="F:\code\3rdparty\libpng16\libpng16\png.c">
      <Filter>Source Files</Filter>
    </ClCompile>
    <ClCompile Include="F:\code\3rdparty\libpng16\libpng16\pngerror.c">
      <Filter>Source Files</Filter>
    </ClCompile>
    <ClCompile Include="F:\code\3rdparty\libpng16\libpng16\pngget.c">
      <Filter>Source Files</Filter>
    </ClCompile>
    <ClCompile Include="F:\code\3rdparty\libpng16\libpng16\pngmem.c">
      <Filter>Source Files</Filter>
    </ClCompile>
    <ClCompile Include="F:\code\3rdparty\libpng16\libpng16\pngpread.c">
      <Filter>Source Files</Filter>
    </ClCompile>
    <ClCompile Include="F:\code\3rdparty\libpng16\libpng16\pngread.c">
      <Filter>Source Files</Filter>
    </ClCompile>
    <ClCompile Include="F:\code\3rdparty\libpng16\libpng16\pngrio.c">
      <Filter>Source Files</Filter>
    </ClCompile>
    <ClCompile Include="F:\code\3rdparty\libpng16\libpng16\pngrtran.c">
      <Filter>Source Files</Filter>
    </ClCompile>
    <ClCompile Include="F:\code\3rdparty\libpng16\libpng16\pngrutil.c">
      <Filter>Source Files</Filter>
    </ClCompile>
    <ClCompile Include="F:\code\3rdparty\libpng16\libpng16\pngset.c">
      <Filter>Source Files</Filter>
    </ClCompile>
    <ClCompile Include="F:\code\3rdparty\libpng16\libpng16\pngtrans.c">
      <Filter>Source Files</Filter>
    </ClCompile>
    <ClCompile Include="F:\code\3rdparty\libpng16\libpng16\pngwio.c">
      <Filter>Source Files</Filter>
    </ClCompile>
    <ClCompile Include="F:\code\3rdparty\libpng16\libpng16\pngwrite.c">
      <Filter>Source Files</Filter>
    </ClCompile>
    <ClCompile Include="F:\code\3rdparty\libpng16\libpng16\pngwtran.c">
      <Filter>Source Files</Filter>
    </ClCompile>
    <ClCompile Include="F:\code\3rdparty\libpng16\libpng16\pngwutil.c">
      <Filter>Source Files</Filter>
    </ClCompile>
  </ItemGroup>
  <ItemGroup>
    <ClInclude Include="F:\code\3rdparty\libpng16\libpng16\png.h">
      <Filter>Header Files</Filter>
    </ClInclude>
    <ClInclude Include="F:\code\3rdparty\libpng16\libpng16\pngconf.h">
      <Filter>Header Files</Filter>
    </ClInclude>
    <ClInclude Include="F:\code\3rdparty\libpng16\vs2019\pnglibconf.h">
      <Filter>Header Files</Filter>
    </ClInclude>
    <ClInclude Include="F:\code\3rdparty\libpng16\libpng16\pngdebug.h">
      <Filter>Header Files</Filter>
    </ClInclude>
    <ClInclude Include="F:\code\3rdparty\libpng16\libpng16\pnginfo.h">
      <Filter>Header Files</Filter>
    </ClInclude>
    <ClInclude Include="F:\code\3rdparty\libpng16\libpng16\pngpriv.h">
      <Filter>Header Files</Filter>
    </ClInclude>
    <ClInclude Include="F:\code\3rdparty\libpng16\libpng16\pngstruct.h">
      <Filter>Header Files</Filter>
    </ClInclude>
  </ItemGroup>
  <ItemGroup>
    <CustomBuild Include="F:\code\3rdparty\libpng16\libpng16\CMakeLists.txt" />
  </ItemGroup>
  <ItemGroup>
    <Filter Include="Header Files">
      <UniqueIdentifier>{7BFC4AEB-87C0-375D-A606-B70CF53D3284}</UniqueIdentifier>
    </Filter>
    <Filter Include="Source Files">
      <UniqueIdentifier>{2EA80347-27D6-37E0-8E13-AD233F2AE83B}</UniqueIdentifier>
    </Filter>
  </ItemGroup>
</Project>
