<?xml version="1.0" encoding="utf-8"?>
<Project ToolsVersion="16.0" xmlns="http://schemas.microsoft.com/developer/msbuild/2003">
  <ItemGroup>
    <CustomBuild Include="F:\code\3rdparty\PROJ\vs2019\CMakeFiles\c3998704fc05d54b1a83a6946711da3b\proj.db.rule">
      <Filter>CMake Rules</Filter>
    </CustomBuild>
    <CustomBuild Include="F:\code\3rdparty\PROJ\vs2019\CMakeFiles\42ed9d374c0246e01251e4b6a2554eb5\generate_proj_db.rule">
      <Filter>CMake Rules</Filter>
    </CustomBuild>
    <CustomBuild Include="F:\code\3rdparty\PROJ\PROJ-master\data\CMakeLists.txt" />
  </ItemGroup>
  <ItemGroup>
    <None Include="F:\code\3rdparty\PROJ\vs2019\data\CMakeFiles\generate_proj_db" />
  </ItemGroup>
  <ItemGroup>
    <Filter Include="CMake Rules">
      <UniqueIdentifier>{7BC5703F-ED08-33AE-8A7A-0F24DFDC6304}</UniqueIdentifier>
    </Filter>
  </ItemGroup>
</Project>
