Microsoft Visual Studio Solution File, Format Version 12.00
# Visual Studio 16
Project("{8BC9CEB8-8B4A-11D0-8D11-00A0C91BC942}") = "ALL_BUILD", "ALL_BUILD.vcxproj", "{210F384A-F7BB-3058-BE29-009C30ED14DE}"
	ProjectSection(ProjectDependencies) = postProject
		{843E9B6F-264F-36A6-8707-B3D4A5A2F78A} = {843E9B6F-264F-36A6-8707-B3D4A5A2F78A}
		{DE797490-A3C4-3329-8462-5F2FD93E8308} = {DE797490-A3C4-3329-8462-5F2FD93E8308}
		{5B914C69-FC43-30FF-B6DC-B2B7BA4DD233} = {5B914C69-FC43-30FF-B6DC-B2B7BA4DD233}
		{5173A06F-76B9-387F-BB60-CDF523901271} = {5173A06F-76B9-387F-BB60-CDF523901271}
		{BA3E303A-9103-30D5-8EEA-2EA6E7503377} = {BA3E303A-9103-30D5-8EEA-2EA6E7503377}
	EndProjectSection
EndProject
Project("{8BC9CEB8-8B4A-11D0-8D11-00A0C91BC942}") = "INSTALL", "INSTALL.vcxproj", "{7B3FF459-2D53-3613-BDFD-4434E865630F}"
	ProjectSection(ProjectDependencies) = postProject
		{210F384A-F7BB-3058-BE29-009C30ED14DE} = {210F384A-F7BB-3058-BE29-009C30ED14DE}
		{843E9B6F-264F-36A6-8707-B3D4A5A2F78A} = {843E9B6F-264F-36A6-8707-B3D4A5A2F78A}
	EndProjectSection
EndProject
Project("{8BC9CEB8-8B4A-11D0-8D11-00A0C91BC942}") = "RUN_TESTS", "RUN_TESTS.vcxproj", "{C8758396-9B95-3F1D-A1C0-857209FDD35E}"
	ProjectSection(ProjectDependencies) = postProject
		{843E9B6F-264F-36A6-8707-B3D4A5A2F78A} = {843E9B6F-264F-36A6-8707-B3D4A5A2F78A}
	EndProjectSection
EndProject
Project("{8BC9CEB8-8B4A-11D0-8D11-00A0C91BC942}") = "ZERO_CHECK", "ZERO_CHECK.vcxproj", "{843E9B6F-264F-36A6-8707-B3D4A5A2F78A}"
	ProjectSection(ProjectDependencies) = postProject
	EndProjectSection
EndProject
Project("{8BC9CEB8-8B4A-11D0-8D11-00A0C91BC942}") = "example", "example.vcxproj", "{DE797490-A3C4-3329-8462-5F2FD93E8308}"
	ProjectSection(ProjectDependencies) = postProject
		{843E9B6F-264F-36A6-8707-B3D4A5A2F78A} = {843E9B6F-264F-36A6-8707-B3D4A5A2F78A}
		{5173A06F-76B9-387F-BB60-CDF523901271} = {5173A06F-76B9-387F-BB60-CDF523901271}
	EndProjectSection
EndProject
Project("{8BC9CEB8-8B4A-11D0-8D11-00A0C91BC942}") = "minigzip", "minigzip.vcxproj", "{5B914C69-FC43-30FF-B6DC-B2B7BA4DD233}"
	ProjectSection(ProjectDependencies) = postProject
		{843E9B6F-264F-36A6-8707-B3D4A5A2F78A} = {843E9B6F-264F-36A6-8707-B3D4A5A2F78A}
		{5173A06F-76B9-387F-BB60-CDF523901271} = {5173A06F-76B9-387F-BB60-CDF523901271}
	EndProjectSection
EndProject
Project("{8BC9CEB8-8B4A-11D0-8D11-00A0C91BC942}") = "zlib", "zlib.vcxproj", "{5173A06F-76B9-387F-BB60-CDF523901271}"
	ProjectSection(ProjectDependencies) = postProject
		{843E9B6F-264F-36A6-8707-B3D4A5A2F78A} = {843E9B6F-264F-36A6-8707-B3D4A5A2F78A}
	EndProjectSection
EndProject
Project("{8BC9CEB8-8B4A-11D0-8D11-00A0C91BC942}") = "zlibstatic", "zlibstatic.vcxproj", "{BA3E303A-9103-30D5-8EEA-2EA6E7503377}"
	ProjectSection(ProjectDependencies) = postProject
		{843E9B6F-264F-36A6-8707-B3D4A5A2F78A} = {843E9B6F-264F-36A6-8707-B3D4A5A2F78A}
	EndProjectSection
EndProject
Global
	GlobalSection(SolutionConfigurationPlatforms) = preSolution
		Debug|x64 = Debug|x64
		Release|x64 = Release|x64
		MinSizeRel|x64 = MinSizeRel|x64
		RelWithDebInfo|x64 = RelWithDebInfo|x64
	EndGlobalSection
	GlobalSection(ProjectConfigurationPlatforms) = postSolution
		{210F384A-F7BB-3058-BE29-009C30ED14DE}.Debug|x64.ActiveCfg = Debug|x64
		{210F384A-F7BB-3058-BE29-009C30ED14DE}.Debug|x64.Build.0 = Debug|x64
		{210F384A-F7BB-3058-BE29-009C30ED14DE}.Release|x64.ActiveCfg = Release|x64
		{210F384A-F7BB-3058-BE29-009C30ED14DE}.Release|x64.Build.0 = Release|x64
		{210F384A-F7BB-3058-BE29-009C30ED14DE}.MinSizeRel|x64.ActiveCfg = MinSizeRel|x64
		{210F384A-F7BB-3058-BE29-009C30ED14DE}.MinSizeRel|x64.Build.0 = MinSizeRel|x64
		{210F384A-F7BB-3058-BE29-009C30ED14DE}.RelWithDebInfo|x64.ActiveCfg = RelWithDebInfo|x64
		{210F384A-F7BB-3058-BE29-009C30ED14DE}.RelWithDebInfo|x64.Build.0 = RelWithDebInfo|x64
		{7B3FF459-2D53-3613-BDFD-4434E865630F}.Debug|x64.ActiveCfg = Debug|x64
		{7B3FF459-2D53-3613-BDFD-4434E865630F}.Release|x64.ActiveCfg = Release|x64
		{7B3FF459-2D53-3613-BDFD-4434E865630F}.MinSizeRel|x64.ActiveCfg = MinSizeRel|x64
		{7B3FF459-2D53-3613-BDFD-4434E865630F}.RelWithDebInfo|x64.ActiveCfg = RelWithDebInfo|x64
		{C8758396-9B95-3F1D-A1C0-857209FDD35E}.Debug|x64.ActiveCfg = Debug|x64
		{C8758396-9B95-3F1D-A1C0-857209FDD35E}.Release|x64.ActiveCfg = Release|x64
		{C8758396-9B95-3F1D-A1C0-857209FDD35E}.MinSizeRel|x64.ActiveCfg = MinSizeRel|x64
		{C8758396-9B95-3F1D-A1C0-857209FDD35E}.RelWithDebInfo|x64.ActiveCfg = RelWithDebInfo|x64
		{843E9B6F-264F-36A6-8707-B3D4A5A2F78A}.Debug|x64.ActiveCfg = Debug|x64
		{843E9B6F-264F-36A6-8707-B3D4A5A2F78A}.Debug|x64.Build.0 = Debug|x64
		{843E9B6F-264F-36A6-8707-B3D4A5A2F78A}.Release|x64.ActiveCfg = Release|x64
		{843E9B6F-264F-36A6-8707-B3D4A5A2F78A}.Release|x64.Build.0 = Release|x64
		{843E9B6F-264F-36A6-8707-B3D4A5A2F78A}.MinSizeRel|x64.ActiveCfg = MinSizeRel|x64
		{843E9B6F-264F-36A6-8707-B3D4A5A2F78A}.MinSizeRel|x64.Build.0 = MinSizeRel|x64
		{843E9B6F-264F-36A6-8707-B3D4A5A2F78A}.RelWithDebInfo|x64.ActiveCfg = RelWithDebInfo|x64
		{843E9B6F-264F-36A6-8707-B3D4A5A2F78A}.RelWithDebInfo|x64.Build.0 = RelWithDebInfo|x64
		{DE797490-A3C4-3329-8462-5F2FD93E8308}.Debug|x64.ActiveCfg = Debug|x64
		{DE797490-A3C4-3329-8462-5F2FD93E8308}.Debug|x64.Build.0 = Debug|x64
		{DE797490-A3C4-3329-8462-5F2FD93E8308}.Release|x64.ActiveCfg = Release|x64
		{DE797490-A3C4-3329-8462-5F2FD93E8308}.Release|x64.Build.0 = Release|x64
		{DE797490-A3C4-3329-8462-5F2FD93E8308}.MinSizeRel|x64.ActiveCfg = MinSizeRel|x64
		{DE797490-A3C4-3329-8462-5F2FD93E8308}.MinSizeRel|x64.Build.0 = MinSizeRel|x64
		{DE797490-A3C4-3329-8462-5F2FD93E8308}.RelWithDebInfo|x64.ActiveCfg = RelWithDebInfo|x64
		{DE797490-A3C4-3329-8462-5F2FD93E8308}.RelWithDebInfo|x64.Build.0 = RelWithDebInfo|x64
		{5B914C69-FC43-30FF-B6DC-B2B7BA4DD233}.Debug|x64.ActiveCfg = Debug|x64
		{5B914C69-FC43-30FF-B6DC-B2B7BA4DD233}.Debug|x64.Build.0 = Debug|x64
		{5B914C69-FC43-30FF-B6DC-B2B7BA4DD233}.Release|x64.ActiveCfg = Release|x64
		{5B914C69-FC43-30FF-B6DC-B2B7BA4DD233}.Release|x64.Build.0 = Release|x64
		{5B914C69-FC43-30FF-B6DC-B2B7BA4DD233}.MinSizeRel|x64.ActiveCfg = MinSizeRel|x64
		{5B914C69-FC43-30FF-B6DC-B2B7BA4DD233}.MinSizeRel|x64.Build.0 = MinSizeRel|x64
		{5B914C69-FC43-30FF-B6DC-B2B7BA4DD233}.RelWithDebInfo|x64.ActiveCfg = RelWithDebInfo|x64
		{5B914C69-FC43-30FF-B6DC-B2B7BA4DD233}.RelWithDebInfo|x64.Build.0 = RelWithDebInfo|x64
		{5173A06F-76B9-387F-BB60-CDF523901271}.Debug|x64.ActiveCfg = Debug|x64
		{5173A06F-76B9-387F-BB60-CDF523901271}.Debug|x64.Build.0 = Debug|x64
		{5173A06F-76B9-387F-BB60-CDF523901271}.Release|x64.ActiveCfg = Release|x64
		{5173A06F-76B9-387F-BB60-CDF523901271}.Release|x64.Build.0 = Release|x64
		{5173A06F-76B9-387F-BB60-CDF523901271}.MinSizeRel|x64.ActiveCfg = MinSizeRel|x64
		{5173A06F-76B9-387F-BB60-CDF523901271}.MinSizeRel|x64.Build.0 = MinSizeRel|x64
		{5173A06F-76B9-387F-BB60-CDF523901271}.RelWithDebInfo|x64.ActiveCfg = RelWithDebInfo|x64
		{5173A06F-76B9-387F-BB60-CDF523901271}.RelWithDebInfo|x64.Build.0 = RelWithDebInfo|x64
		{BA3E303A-9103-30D5-8EEA-2EA6E7503377}.Debug|x64.ActiveCfg = Debug|x64
		{BA3E303A-9103-30D5-8EEA-2EA6E7503377}.Debug|x64.Build.0 = Debug|x64
		{BA3E303A-9103-30D5-8EEA-2EA6E7503377}.Release|x64.ActiveCfg = Release|x64
		{BA3E303A-9103-30D5-8EEA-2EA6E7503377}.Release|x64.Build.0 = Release|x64
		{BA3E303A-9103-30D5-8EEA-2EA6E7503377}.MinSizeRel|x64.ActiveCfg = MinSizeRel|x64
		{BA3E303A-9103-30D5-8EEA-2EA6E7503377}.MinSizeRel|x64.Build.0 = MinSizeRel|x64
		{BA3E303A-9103-30D5-8EEA-2EA6E7503377}.RelWithDebInfo|x64.ActiveCfg = RelWithDebInfo|x64
		{BA3E303A-9103-30D5-8EEA-2EA6E7503377}.RelWithDebInfo|x64.Build.0 = RelWithDebInfo|x64
	EndGlobalSection
	GlobalSection(ExtensibilityGlobals) = postSolution
		SolutionGuid = {85B2681D-8AE6-351E-87E9-B2F2FDCBEC82}
	EndGlobalSection
	GlobalSection(ExtensibilityAddIns) = postSolution
	EndGlobalSection
EndGlobal
