Microsoft Visual Studio Solution File, Format Version 12.00
# Visual Studio 16
Project("{8BC9CEB8-8B4A-11D0-8D11-00A0C91BC942}") = "ALL_BUILD", "ALL_BUILD.vcxproj", "{5430926D-78F1-3F34-89BC-D5874422D86E}"
	ProjectSection(ProjectDependencies) = postProject
		{2C15A93D-E080-3964-AA82-1DA9CB7488BD} = {2C15A93D-E080-3964-AA82-1DA9CB7488BD}
		{80FF052D-29FC-3007-943A-647D561D7651} = {80FF052D-29FC-3007-943A-647D561D7651}
		{962562A4-DE0B-3C6F-895A-AB835F0279FD} = {962562A4-DE0B-3C6F-895A-AB835F0279FD}
		{42F710A8-1A18-36D7-9C24-5CA46A3235A6} = {42F710A8-1A18-36D7-9C24-5CA46A3235A6}
		{50EACE2D-FC26-3977-A9BC-3D18ACB4B546} = {50EACE2D-FC26-3977-A9BC-3D18ACB4B546}
		{1AEF01F5-AF32-3FB9-8B99-90F53E04ED20} = {1AEF01F5-AF32-3FB9-8B99-90F53E04ED20}
		{39BF6806-121E-395E-B90A-E58610476A8F} = {39BF6806-121E-395E-B90A-E58610476A8F}
		{5472592C-26D2-3E51-852D-AA27D0E3A15E} = {5472592C-26D2-3E51-852D-AA27D0E3A15E}
		{135A9474-4D35-3E21-849B-6F903617D68F} = {135A9474-4D35-3E21-849B-6F903617D68F}
		{245821D6-78B3-32E4-81A8-3DDF3E6B043E} = {245821D6-78B3-32E4-81A8-3DDF3E6B043E}
		{3D5ABBC0-441D-346F-BAA0-1FB4602979DC} = {3D5ABBC0-441D-346F-BAA0-1FB4602979DC}
		{3274C501-3FC3-30D1-A915-FAC4EE2BF856} = {3274C501-3FC3-30D1-A915-FAC4EE2BF856}
		{179AC396-0D89-3B8D-B12D-D28C7665F2DD} = {179AC396-0D89-3B8D-B12D-D28C7665F2DD}
		{DED8A302-21DA-331E-963C-DFFA2BC07B36} = {DED8A302-21DA-331E-963C-DFFA2BC07B36}
		{98931D82-2265-3EAD-A734-AB24FFA87D0E} = {98931D82-2265-3EAD-A734-AB24FFA87D0E}
		{7C340032-205E-3DB8-A22D-8C6E154DAF5D} = {7C340032-205E-3DB8-A22D-8C6E154DAF5D}
		{124531D2-192A-3225-B2F3-78322438F778} = {124531D2-192A-3225-B2F3-78322438F778}
		{5BFCC81C-378F-3430-A955-5948CC450BB3} = {5BFCC81C-378F-3430-A955-5948CC450BB3}
		{60BF6351-60F9-3B3B-9D73-4F8EB0D932C3} = {60BF6351-60F9-3B3B-9D73-4F8EB0D932C3}
		{43688D60-9DD1-3AE6-865F-D6065C988D4D} = {43688D60-9DD1-3AE6-865F-D6065C988D4D}
		{EE2136D9-ED6A-3F3C-9BAE-03A727EAB424} = {EE2136D9-ED6A-3F3C-9BAE-03A727EAB424}
		{A2C2DB05-AC91-35A5-A9CB-75558E20C122} = {A2C2DB05-AC91-35A5-A9CB-75558E20C122}
		{6E940875-909C-34BD-A3A0-FCE5BF954F8D} = {6E940875-909C-34BD-A3A0-FCE5BF954F8D}
		{063D8781-3693-3552-9540-23D4A278A736} = {063D8781-3693-3552-9540-23D4A278A736}
		{7A863EF4-DE3C-333E-A388-AB336EC63335} = {7A863EF4-DE3C-333E-A388-AB336EC63335}
		{6209E688-9E51-32B0-83F6-3C611296B7F9} = {6209E688-9E51-32B0-83F6-3C611296B7F9}
		{8127108C-AFCC-38C8-88FF-E39F016D0637} = {8127108C-AFCC-38C8-88FF-E39F016D0637}
		{B0965B70-D76B-3E49-9AE8-361B8B960594} = {B0965B70-D76B-3E49-9AE8-361B8B960594}
		{45440E8C-2CE6-3E2F-91CC-5F3AB083A80B} = {45440E8C-2CE6-3E2F-91CC-5F3AB083A80B}
		{7812E1F7-7CEB-3243-9FBD-84C0144C7011} = {7812E1F7-7CEB-3243-9FBD-84C0144C7011}
		{EC57F3ED-5FE9-3031-BA9F-0AFAACA6FED1} = {EC57F3ED-5FE9-3031-BA9F-0AFAACA6FED1}
		{925AF0FB-F527-30FA-B2AD-8D09B0901C0B} = {925AF0FB-F527-30FA-B2AD-8D09B0901C0B}
		{1669F231-CD25-38D5-AF62-804CE368CEFC} = {1669F231-CD25-38D5-AF62-804CE368CEFC}
		{EDDEDEC2-32AD-3412-992A-B09FF24F22DE} = {EDDEDEC2-32AD-3412-992A-B09FF24F22DE}
		{21E98ED2-9A1B-3CCE-BF26-E934AF32DDE4} = {21E98ED2-9A1B-3CCE-BF26-E934AF32DDE4}
		{6BDEADA9-496B-34D4-AB1B-D644DF011E34} = {6BDEADA9-496B-34D4-AB1B-D644DF011E34}
		{574875D1-2FD4-32D9-A150-2E10E9F6D334} = {574875D1-2FD4-32D9-A150-2E10E9F6D334}
		{DC02E727-6B6B-3A19-A331-094AC40E2207} = {DC02E727-6B6B-3A19-A331-094AC40E2207}
		{B676640C-4550-351C-9723-D945FCDB956C} = {B676640C-4550-351C-9723-D945FCDB956C}
		{5639C416-6462-3F5E-ABAF-6559CD2ECA93} = {5639C416-6462-3F5E-ABAF-6559CD2ECA93}
	EndProjectSection
EndProject
Project("{8BC9CEB8-8B4A-11D0-8D11-00A0C91BC942}") = "INSTALL", "INSTALL.vcxproj", "{7A685DE8-2765-32D5-A1A1-38710CAD1CFA}"
	ProjectSection(ProjectDependencies) = postProject
		{5430926D-78F1-3F34-89BC-D5874422D86E} = {5430926D-78F1-3F34-89BC-D5874422D86E}
		{2C15A93D-E080-3964-AA82-1DA9CB7488BD} = {2C15A93D-E080-3964-AA82-1DA9CB7488BD}
	EndProjectSection
EndProject
Project("{8BC9CEB8-8B4A-11D0-8D11-00A0C91BC942}") = "RUN_TESTS", "RUN_TESTS.vcxproj", "{1DDB193B-F43E-3488-B847-50447CBB9326}"
	ProjectSection(ProjectDependencies) = postProject
		{2C15A93D-E080-3964-AA82-1DA9CB7488BD} = {2C15A93D-E080-3964-AA82-1DA9CB7488BD}
	EndProjectSection
EndProject
Project("{8BC9CEB8-8B4A-11D0-8D11-00A0C91BC942}") = "ZERO_CHECK", "ZERO_CHECK.vcxproj", "{2C15A93D-E080-3964-AA82-1DA9CB7488BD}"
	ProjectSection(ProjectDependencies) = postProject
	EndProjectSection
EndProject
Project("{8BC9CEB8-8B4A-11D0-8D11-00A0C91BC942}") = "addtiffo", "contrib\addtiffo\addtiffo.vcxproj", "{80FF052D-29FC-3007-943A-647D561D7651}"
	ProjectSection(ProjectDependencies) = postProject
		{2C15A93D-E080-3964-AA82-1DA9CB7488BD} = {2C15A93D-E080-3964-AA82-1DA9CB7488BD}
		{3274C501-3FC3-30D1-A915-FAC4EE2BF856} = {3274C501-3FC3-30D1-A915-FAC4EE2BF856}
		{A2C2DB05-AC91-35A5-A9CB-75558E20C122} = {A2C2DB05-AC91-35A5-A9CB-75558E20C122}
	EndProjectSection
EndProject
Project("{8BC9CEB8-8B4A-11D0-8D11-00A0C91BC942}") = "ascii_tag", "test\ascii_tag.vcxproj", "{962562A4-DE0B-3C6F-895A-AB835F0279FD}"
	ProjectSection(ProjectDependencies) = postProject
		{2C15A93D-E080-3964-AA82-1DA9CB7488BD} = {2C15A93D-E080-3964-AA82-1DA9CB7488BD}
		{3274C501-3FC3-30D1-A915-FAC4EE2BF856} = {3274C501-3FC3-30D1-A915-FAC4EE2BF856}
		{A2C2DB05-AC91-35A5-A9CB-75558E20C122} = {A2C2DB05-AC91-35A5-A9CB-75558E20C122}
	EndProjectSection
EndProject
Project("{8BC9CEB8-8B4A-11D0-8D11-00A0C91BC942}") = "custom_dir", "test\custom_dir.vcxproj", "{42F710A8-1A18-36D7-9C24-5CA46A3235A6}"
	ProjectSection(ProjectDependencies) = postProject
		{2C15A93D-E080-3964-AA82-1DA9CB7488BD} = {2C15A93D-E080-3964-AA82-1DA9CB7488BD}
		{3274C501-3FC3-30D1-A915-FAC4EE2BF856} = {3274C501-3FC3-30D1-A915-FAC4EE2BF856}
		{A2C2DB05-AC91-35A5-A9CB-75558E20C122} = {A2C2DB05-AC91-35A5-A9CB-75558E20C122}
	EndProjectSection
EndProject
Project("{8BC9CEB8-8B4A-11D0-8D11-00A0C91BC942}") = "defer_strile_loading", "test\defer_strile_loading.vcxproj", "{50EACE2D-FC26-3977-A9BC-3D18ACB4B546}"
	ProjectSection(ProjectDependencies) = postProject
		{2C15A93D-E080-3964-AA82-1DA9CB7488BD} = {2C15A93D-E080-3964-AA82-1DA9CB7488BD}
		{3274C501-3FC3-30D1-A915-FAC4EE2BF856} = {3274C501-3FC3-30D1-A915-FAC4EE2BF856}
		{A2C2DB05-AC91-35A5-A9CB-75558E20C122} = {A2C2DB05-AC91-35A5-A9CB-75558E20C122}
	EndProjectSection
EndProject
Project("{8BC9CEB8-8B4A-11D0-8D11-00A0C91BC942}") = "defer_strile_writing", "test\defer_strile_writing.vcxproj", "{1AEF01F5-AF32-3FB9-8B99-90F53E04ED20}"
	ProjectSection(ProjectDependencies) = postProject
		{2C15A93D-E080-3964-AA82-1DA9CB7488BD} = {2C15A93D-E080-3964-AA82-1DA9CB7488BD}
		{3274C501-3FC3-30D1-A915-FAC4EE2BF856} = {3274C501-3FC3-30D1-A915-FAC4EE2BF856}
		{A2C2DB05-AC91-35A5-A9CB-75558E20C122} = {A2C2DB05-AC91-35A5-A9CB-75558E20C122}
	EndProjectSection
EndProject
Project("{8BC9CEB8-8B4A-11D0-8D11-00A0C91BC942}") = "fax2ps", "tools\fax2ps.vcxproj", "{39BF6806-121E-395E-B90A-E58610476A8F}"
	ProjectSection(ProjectDependencies) = postProject
		{2C15A93D-E080-3964-AA82-1DA9CB7488BD} = {2C15A93D-E080-3964-AA82-1DA9CB7488BD}
		{3274C501-3FC3-30D1-A915-FAC4EE2BF856} = {3274C501-3FC3-30D1-A915-FAC4EE2BF856}
		{A2C2DB05-AC91-35A5-A9CB-75558E20C122} = {A2C2DB05-AC91-35A5-A9CB-75558E20C122}
	EndProjectSection
EndProject
Project("{8BC9CEB8-8B4A-11D0-8D11-00A0C91BC942}") = "fax2tiff", "tools\fax2tiff.vcxproj", "{5472592C-26D2-3E51-852D-AA27D0E3A15E}"
	ProjectSection(ProjectDependencies) = postProject
		{2C15A93D-E080-3964-AA82-1DA9CB7488BD} = {2C15A93D-E080-3964-AA82-1DA9CB7488BD}
		{3274C501-3FC3-30D1-A915-FAC4EE2BF856} = {3274C501-3FC3-30D1-A915-FAC4EE2BF856}
		{A2C2DB05-AC91-35A5-A9CB-75558E20C122} = {A2C2DB05-AC91-35A5-A9CB-75558E20C122}
	EndProjectSection
EndProject
Project("{8BC9CEB8-8B4A-11D0-8D11-00A0C91BC942}") = "htmldoc", "html\man\htmldoc.vcxproj", "{1C6C1546-C1EF-380F-9C19-9F61640222E2}"
	ProjectSection(ProjectDependencies) = postProject
		{2C15A93D-E080-3964-AA82-1DA9CB7488BD} = {2C15A93D-E080-3964-AA82-1DA9CB7488BD}
	EndProjectSection
EndProject
Project("{8BC9CEB8-8B4A-11D0-8D11-00A0C91BC942}") = "iptcutil", "contrib\iptcutil\iptcutil.vcxproj", "{135A9474-4D35-3E21-849B-6F903617D68F}"
	ProjectSection(ProjectDependencies) = postProject
		{2C15A93D-E080-3964-AA82-1DA9CB7488BD} = {2C15A93D-E080-3964-AA82-1DA9CB7488BD}
		{3274C501-3FC3-30D1-A915-FAC4EE2BF856} = {3274C501-3FC3-30D1-A915-FAC4EE2BF856}
		{A2C2DB05-AC91-35A5-A9CB-75558E20C122} = {A2C2DB05-AC91-35A5-A9CB-75558E20C122}
	EndProjectSection
EndProject
Project("{8BC9CEB8-8B4A-11D0-8D11-00A0C91BC942}") = "long_tag", "test\long_tag.vcxproj", "{245821D6-78B3-32E4-81A8-3DDF3E6B043E}"
	ProjectSection(ProjectDependencies) = postProject
		{2C15A93D-E080-3964-AA82-1DA9CB7488BD} = {2C15A93D-E080-3964-AA82-1DA9CB7488BD}
		{3274C501-3FC3-30D1-A915-FAC4EE2BF856} = {3274C501-3FC3-30D1-A915-FAC4EE2BF856}
		{A2C2DB05-AC91-35A5-A9CB-75558E20C122} = {A2C2DB05-AC91-35A5-A9CB-75558E20C122}
	EndProjectSection
EndProject
Project("{8BC9CEB8-8B4A-11D0-8D11-00A0C91BC942}") = "pal2rgb", "tools\pal2rgb.vcxproj", "{3D5ABBC0-441D-346F-BAA0-1FB4602979DC}"
	ProjectSection(ProjectDependencies) = postProject
		{2C15A93D-E080-3964-AA82-1DA9CB7488BD} = {2C15A93D-E080-3964-AA82-1DA9CB7488BD}
		{3274C501-3FC3-30D1-A915-FAC4EE2BF856} = {3274C501-3FC3-30D1-A915-FAC4EE2BF856}
		{A2C2DB05-AC91-35A5-A9CB-75558E20C122} = {A2C2DB05-AC91-35A5-A9CB-75558E20C122}
	EndProjectSection
EndProject
Project("{8BC9CEB8-8B4A-11D0-8D11-00A0C91BC942}") = "port", "port\port.vcxproj", "{3274C501-3FC3-30D1-A915-FAC4EE2BF856}"
	ProjectSection(ProjectDependencies) = postProject
		{2C15A93D-E080-3964-AA82-1DA9CB7488BD} = {2C15A93D-E080-3964-AA82-1DA9CB7488BD}
	EndProjectSection
EndProject
Project("{8BC9CEB8-8B4A-11D0-8D11-00A0C91BC942}") = "ppm2tiff", "tools\ppm2tiff.vcxproj", "{179AC396-0D89-3B8D-B12D-D28C7665F2DD}"
	ProjectSection(ProjectDependencies) = postProject
		{2C15A93D-E080-3964-AA82-1DA9CB7488BD} = {2C15A93D-E080-3964-AA82-1DA9CB7488BD}
		{3274C501-3FC3-30D1-A915-FAC4EE2BF856} = {3274C501-3FC3-30D1-A915-FAC4EE2BF856}
		{A2C2DB05-AC91-35A5-A9CB-75558E20C122} = {A2C2DB05-AC91-35A5-A9CB-75558E20C122}
	EndProjectSection
EndProject
Project("{8BC9CEB8-8B4A-11D0-8D11-00A0C91BC942}") = "raw2tiff", "tools\raw2tiff.vcxproj", "{DED8A302-21DA-331E-963C-DFFA2BC07B36}"
	ProjectSection(ProjectDependencies) = postProject
		{2C15A93D-E080-3964-AA82-1DA9CB7488BD} = {2C15A93D-E080-3964-AA82-1DA9CB7488BD}
		{3274C501-3FC3-30D1-A915-FAC4EE2BF856} = {3274C501-3FC3-30D1-A915-FAC4EE2BF856}
		{A2C2DB05-AC91-35A5-A9CB-75558E20C122} = {A2C2DB05-AC91-35A5-A9CB-75558E20C122}
	EndProjectSection
EndProject
Project("{8BC9CEB8-8B4A-11D0-8D11-00A0C91BC942}") = "raw_decode", "test\raw_decode.vcxproj", "{98931D82-2265-3EAD-A734-AB24FFA87D0E}"
	ProjectSection(ProjectDependencies) = postProject
		{2C15A93D-E080-3964-AA82-1DA9CB7488BD} = {2C15A93D-E080-3964-AA82-1DA9CB7488BD}
		{3274C501-3FC3-30D1-A915-FAC4EE2BF856} = {3274C501-3FC3-30D1-A915-FAC4EE2BF856}
		{A2C2DB05-AC91-35A5-A9CB-75558E20C122} = {A2C2DB05-AC91-35A5-A9CB-75558E20C122}
	EndProjectSection
EndProject
Project("{8BC9CEB8-8B4A-11D0-8D11-00A0C91BC942}") = "rewrite", "test\rewrite.vcxproj", "{7C340032-205E-3DB8-A22D-8C6E154DAF5D}"
	ProjectSection(ProjectDependencies) = postProject
		{2C15A93D-E080-3964-AA82-1DA9CB7488BD} = {2C15A93D-E080-3964-AA82-1DA9CB7488BD}
		{3274C501-3FC3-30D1-A915-FAC4EE2BF856} = {3274C501-3FC3-30D1-A915-FAC4EE2BF856}
		{A2C2DB05-AC91-35A5-A9CB-75558E20C122} = {A2C2DB05-AC91-35A5-A9CB-75558E20C122}
	EndProjectSection
EndProject
Project("{8BC9CEB8-8B4A-11D0-8D11-00A0C91BC942}") = "rgb2ycbcr", "tools\rgb2ycbcr.vcxproj", "{124531D2-192A-3225-B2F3-78322438F778}"
	ProjectSection(ProjectDependencies) = postProject
		{2C15A93D-E080-3964-AA82-1DA9CB7488BD} = {2C15A93D-E080-3964-AA82-1DA9CB7488BD}
		{3274C501-3FC3-30D1-A915-FAC4EE2BF856} = {3274C501-3FC3-30D1-A915-FAC4EE2BF856}
		{A2C2DB05-AC91-35A5-A9CB-75558E20C122} = {A2C2DB05-AC91-35A5-A9CB-75558E20C122}
	EndProjectSection
EndProject
Project("{8BC9CEB8-8B4A-11D0-8D11-00A0C91BC942}") = "short_tag", "test\short_tag.vcxproj", "{5BFCC81C-378F-3430-A955-5948CC450BB3}"
	ProjectSection(ProjectDependencies) = postProject
		{2C15A93D-E080-3964-AA82-1DA9CB7488BD} = {2C15A93D-E080-3964-AA82-1DA9CB7488BD}
		{3274C501-3FC3-30D1-A915-FAC4EE2BF856} = {3274C501-3FC3-30D1-A915-FAC4EE2BF856}
		{A2C2DB05-AC91-35A5-A9CB-75558E20C122} = {A2C2DB05-AC91-35A5-A9CB-75558E20C122}
	EndProjectSection
EndProject
Project("{8BC9CEB8-8B4A-11D0-8D11-00A0C91BC942}") = "strip_rw", "test\strip_rw.vcxproj", "{60BF6351-60F9-3B3B-9D73-4F8EB0D932C3}"
	ProjectSection(ProjectDependencies) = postProject
		{2C15A93D-E080-3964-AA82-1DA9CB7488BD} = {2C15A93D-E080-3964-AA82-1DA9CB7488BD}
		{3274C501-3FC3-30D1-A915-FAC4EE2BF856} = {3274C501-3FC3-30D1-A915-FAC4EE2BF856}
		{A2C2DB05-AC91-35A5-A9CB-75558E20C122} = {A2C2DB05-AC91-35A5-A9CB-75558E20C122}
	EndProjectSection
EndProject
Project("{8BC9CEB8-8B4A-11D0-8D11-00A0C91BC942}") = "testtypes", "test\testtypes.vcxproj", "{43688D60-9DD1-3AE6-865F-D6065C988D4D}"
	ProjectSection(ProjectDependencies) = postProject
		{2C15A93D-E080-3964-AA82-1DA9CB7488BD} = {2C15A93D-E080-3964-AA82-1DA9CB7488BD}
		{3274C501-3FC3-30D1-A915-FAC4EE2BF856} = {3274C501-3FC3-30D1-A915-FAC4EE2BF856}
		{A2C2DB05-AC91-35A5-A9CB-75558E20C122} = {A2C2DB05-AC91-35A5-A9CB-75558E20C122}
	EndProjectSection
EndProject
Project("{8BC9CEB8-8B4A-11D0-8D11-00A0C91BC942}") = "thumbnail", "tools\thumbnail.vcxproj", "{EE2136D9-ED6A-3F3C-9BAE-03A727EAB424}"
	ProjectSection(ProjectDependencies) = postProject
		{2C15A93D-E080-3964-AA82-1DA9CB7488BD} = {2C15A93D-E080-3964-AA82-1DA9CB7488BD}
		{3274C501-3FC3-30D1-A915-FAC4EE2BF856} = {3274C501-3FC3-30D1-A915-FAC4EE2BF856}
		{A2C2DB05-AC91-35A5-A9CB-75558E20C122} = {A2C2DB05-AC91-35A5-A9CB-75558E20C122}
	EndProjectSection
EndProject
Project("{8BC9CEB8-8B4A-11D0-8D11-00A0C91BC942}") = "tiff", "libtiff\tiff.vcxproj", "{A2C2DB05-AC91-35A5-A9CB-75558E20C122}"
	ProjectSection(ProjectDependencies) = postProject
		{2C15A93D-E080-3964-AA82-1DA9CB7488BD} = {2C15A93D-E080-3964-AA82-1DA9CB7488BD}
	EndProjectSection
EndProject
Project("{8BC9CEB8-8B4A-11D0-8D11-00A0C91BC942}") = "tiff-bi", "contrib\dbs\tiff-bi.vcxproj", "{6E940875-909C-34BD-A3A0-FCE5BF954F8D}"
	ProjectSection(ProjectDependencies) = postProject
		{2C15A93D-E080-3964-AA82-1DA9CB7488BD} = {2C15A93D-E080-3964-AA82-1DA9CB7488BD}
		{3274C501-3FC3-30D1-A915-FAC4EE2BF856} = {3274C501-3FC3-30D1-A915-FAC4EE2BF856}
		{A2C2DB05-AC91-35A5-A9CB-75558E20C122} = {A2C2DB05-AC91-35A5-A9CB-75558E20C122}
	EndProjectSection
EndProject
Project("{8BC9CEB8-8B4A-11D0-8D11-00A0C91BC942}") = "tiff-grayscale", "contrib\dbs\tiff-grayscale.vcxproj", "{063D8781-3693-3552-9540-23D4A278A736}"
	ProjectSection(ProjectDependencies) = postProject
		{2C15A93D-E080-3964-AA82-1DA9CB7488BD} = {2C15A93D-E080-3964-AA82-1DA9CB7488BD}
		{3274C501-3FC3-30D1-A915-FAC4EE2BF856} = {3274C501-3FC3-30D1-A915-FAC4EE2BF856}
		{A2C2DB05-AC91-35A5-A9CB-75558E20C122} = {A2C2DB05-AC91-35A5-A9CB-75558E20C122}
	EndProjectSection
EndProject
Project("{8BC9CEB8-8B4A-11D0-8D11-00A0C91BC942}") = "tiff-palette", "contrib\dbs\tiff-palette.vcxproj", "{7A863EF4-DE3C-333E-A388-AB336EC63335}"
	ProjectSection(ProjectDependencies) = postProject
		{2C15A93D-E080-3964-AA82-1DA9CB7488BD} = {2C15A93D-E080-3964-AA82-1DA9CB7488BD}
		{3274C501-3FC3-30D1-A915-FAC4EE2BF856} = {3274C501-3FC3-30D1-A915-FAC4EE2BF856}
		{A2C2DB05-AC91-35A5-A9CB-75558E20C122} = {A2C2DB05-AC91-35A5-A9CB-75558E20C122}
	EndProjectSection
EndProject
Project("{8BC9CEB8-8B4A-11D0-8D11-00A0C91BC942}") = "tiff-rgb", "contrib\dbs\tiff-rgb.vcxproj", "{6209E688-9E51-32B0-83F6-3C611296B7F9}"
	ProjectSection(ProjectDependencies) = postProject
		{2C15A93D-E080-3964-AA82-1DA9CB7488BD} = {2C15A93D-E080-3964-AA82-1DA9CB7488BD}
		{3274C501-3FC3-30D1-A915-FAC4EE2BF856} = {3274C501-3FC3-30D1-A915-FAC4EE2BF856}
		{A2C2DB05-AC91-35A5-A9CB-75558E20C122} = {A2C2DB05-AC91-35A5-A9CB-75558E20C122}
	EndProjectSection
EndProject
Project("{8BC9CEB8-8B4A-11D0-8D11-00A0C91BC942}") = "tiff2bw", "tools\tiff2bw.vcxproj", "{8127108C-AFCC-38C8-88FF-E39F016D0637}"
	ProjectSection(ProjectDependencies) = postProject
		{2C15A93D-E080-3964-AA82-1DA9CB7488BD} = {2C15A93D-E080-3964-AA82-1DA9CB7488BD}
		{3274C501-3FC3-30D1-A915-FAC4EE2BF856} = {3274C501-3FC3-30D1-A915-FAC4EE2BF856}
		{A2C2DB05-AC91-35A5-A9CB-75558E20C122} = {A2C2DB05-AC91-35A5-A9CB-75558E20C122}
	EndProjectSection
EndProject
Project("{8BC9CEB8-8B4A-11D0-8D11-00A0C91BC942}") = "tiff2pdf", "tools\tiff2pdf.vcxproj", "{B0965B70-D76B-3E49-9AE8-361B8B960594}"
	ProjectSection(ProjectDependencies) = postProject
		{2C15A93D-E080-3964-AA82-1DA9CB7488BD} = {2C15A93D-E080-3964-AA82-1DA9CB7488BD}
		{3274C501-3FC3-30D1-A915-FAC4EE2BF856} = {3274C501-3FC3-30D1-A915-FAC4EE2BF856}
		{A2C2DB05-AC91-35A5-A9CB-75558E20C122} = {A2C2DB05-AC91-35A5-A9CB-75558E20C122}
	EndProjectSection
EndProject
Project("{8BC9CEB8-8B4A-11D0-8D11-00A0C91BC942}") = "tiff2ps", "tools\tiff2ps.vcxproj", "{45440E8C-2CE6-3E2F-91CC-5F3AB083A80B}"
	ProjectSection(ProjectDependencies) = postProject
		{2C15A93D-E080-3964-AA82-1DA9CB7488BD} = {2C15A93D-E080-3964-AA82-1DA9CB7488BD}
		{3274C501-3FC3-30D1-A915-FAC4EE2BF856} = {3274C501-3FC3-30D1-A915-FAC4EE2BF856}
		{A2C2DB05-AC91-35A5-A9CB-75558E20C122} = {A2C2DB05-AC91-35A5-A9CB-75558E20C122}
	EndProjectSection
EndProject
Project("{8BC9CEB8-8B4A-11D0-8D11-00A0C91BC942}") = "tiff2rgba", "tools\tiff2rgba.vcxproj", "{7812E1F7-7CEB-3243-9FBD-84C0144C7011}"
	ProjectSection(ProjectDependencies) = postProject
		{2C15A93D-E080-3964-AA82-1DA9CB7488BD} = {2C15A93D-E080-3964-AA82-1DA9CB7488BD}
		{3274C501-3FC3-30D1-A915-FAC4EE2BF856} = {3274C501-3FC3-30D1-A915-FAC4EE2BF856}
		{A2C2DB05-AC91-35A5-A9CB-75558E20C122} = {A2C2DB05-AC91-35A5-A9CB-75558E20C122}
	EndProjectSection
EndProject
Project("{8BC9CEB8-8B4A-11D0-8D11-00A0C91BC942}") = "tiffcmp", "tools\tiffcmp.vcxproj", "{EC57F3ED-5FE9-3031-BA9F-0AFAACA6FED1}"
	ProjectSection(ProjectDependencies) = postProject
		{2C15A93D-E080-3964-AA82-1DA9CB7488BD} = {2C15A93D-E080-3964-AA82-1DA9CB7488BD}
		{3274C501-3FC3-30D1-A915-FAC4EE2BF856} = {3274C501-3FC3-30D1-A915-FAC4EE2BF856}
		{A2C2DB05-AC91-35A5-A9CB-75558E20C122} = {A2C2DB05-AC91-35A5-A9CB-75558E20C122}
	EndProjectSection
EndProject
Project("{8BC9CEB8-8B4A-11D0-8D11-00A0C91BC942}") = "tiffcp", "tools\tiffcp.vcxproj", "{925AF0FB-F527-30FA-B2AD-8D09B0901C0B}"
	ProjectSection(ProjectDependencies) = postProject
		{2C15A93D-E080-3964-AA82-1DA9CB7488BD} = {2C15A93D-E080-3964-AA82-1DA9CB7488BD}
		{3274C501-3FC3-30D1-A915-FAC4EE2BF856} = {3274C501-3FC3-30D1-A915-FAC4EE2BF856}
		{A2C2DB05-AC91-35A5-A9CB-75558E20C122} = {A2C2DB05-AC91-35A5-A9CB-75558E20C122}
	EndProjectSection
EndProject
Project("{8BC9CEB8-8B4A-11D0-8D11-00A0C91BC942}") = "tiffcrop", "tools\tiffcrop.vcxproj", "{1669F231-CD25-38D5-AF62-804CE368CEFC}"
	ProjectSection(ProjectDependencies) = postProject
		{2C15A93D-E080-3964-AA82-1DA9CB7488BD} = {2C15A93D-E080-3964-AA82-1DA9CB7488BD}
		{3274C501-3FC3-30D1-A915-FAC4EE2BF856} = {3274C501-3FC3-30D1-A915-FAC4EE2BF856}
		{A2C2DB05-AC91-35A5-A9CB-75558E20C122} = {A2C2DB05-AC91-35A5-A9CB-75558E20C122}
	EndProjectSection
EndProject
Project("{8BC9CEB8-8B4A-11D0-8D11-00A0C91BC942}") = "tiffdither", "tools\tiffdither.vcxproj", "{EDDEDEC2-32AD-3412-992A-B09FF24F22DE}"
	ProjectSection(ProjectDependencies) = postProject
		{2C15A93D-E080-3964-AA82-1DA9CB7488BD} = {2C15A93D-E080-3964-AA82-1DA9CB7488BD}
		{3274C501-3FC3-30D1-A915-FAC4EE2BF856} = {3274C501-3FC3-30D1-A915-FAC4EE2BF856}
		{A2C2DB05-AC91-35A5-A9CB-75558E20C122} = {A2C2DB05-AC91-35A5-A9CB-75558E20C122}
	EndProjectSection
EndProject
Project("{8BC9CEB8-8B4A-11D0-8D11-00A0C91BC942}") = "tiffdump", "tools\tiffdump.vcxproj", "{21E98ED2-9A1B-3CCE-BF26-E934AF32DDE4}"
	ProjectSection(ProjectDependencies) = postProject
		{2C15A93D-E080-3964-AA82-1DA9CB7488BD} = {2C15A93D-E080-3964-AA82-1DA9CB7488BD}
		{3274C501-3FC3-30D1-A915-FAC4EE2BF856} = {3274C501-3FC3-30D1-A915-FAC4EE2BF856}
		{A2C2DB05-AC91-35A5-A9CB-75558E20C122} = {A2C2DB05-AC91-35A5-A9CB-75558E20C122}
	EndProjectSection
EndProject
Project("{8BC9CEB8-8B4A-11D0-8D11-00A0C91BC942}") = "tiffinfo", "tools\tiffinfo.vcxproj", "{6BDEADA9-496B-34D4-AB1B-D644DF011E34}"
	ProjectSection(ProjectDependencies) = postProject
		{2C15A93D-E080-3964-AA82-1DA9CB7488BD} = {2C15A93D-E080-3964-AA82-1DA9CB7488BD}
		{3274C501-3FC3-30D1-A915-FAC4EE2BF856} = {3274C501-3FC3-30D1-A915-FAC4EE2BF856}
		{A2C2DB05-AC91-35A5-A9CB-75558E20C122} = {A2C2DB05-AC91-35A5-A9CB-75558E20C122}
	EndProjectSection
EndProject
Project("{8BC9CEB8-8B4A-11D0-8D11-00A0C91BC942}") = "tiffmedian", "tools\tiffmedian.vcxproj", "{574875D1-2FD4-32D9-A150-2E10E9F6D334}"
	ProjectSection(ProjectDependencies) = postProject
		{2C15A93D-E080-3964-AA82-1DA9CB7488BD} = {2C15A93D-E080-3964-AA82-1DA9CB7488BD}
		{3274C501-3FC3-30D1-A915-FAC4EE2BF856} = {3274C501-3FC3-30D1-A915-FAC4EE2BF856}
		{A2C2DB05-AC91-35A5-A9CB-75558E20C122} = {A2C2DB05-AC91-35A5-A9CB-75558E20C122}
	EndProjectSection
EndProject
Project("{8BC9CEB8-8B4A-11D0-8D11-00A0C91BC942}") = "tiffset", "tools\tiffset.vcxproj", "{DC02E727-6B6B-3A19-A331-094AC40E2207}"
	ProjectSection(ProjectDependencies) = postProject
		{2C15A93D-E080-3964-AA82-1DA9CB7488BD} = {2C15A93D-E080-3964-AA82-1DA9CB7488BD}
		{3274C501-3FC3-30D1-A915-FAC4EE2BF856} = {3274C501-3FC3-30D1-A915-FAC4EE2BF856}
		{A2C2DB05-AC91-35A5-A9CB-75558E20C122} = {A2C2DB05-AC91-35A5-A9CB-75558E20C122}
	EndProjectSection
EndProject
Project("{8BC9CEB8-8B4A-11D0-8D11-00A0C91BC942}") = "tiffsplit", "tools\tiffsplit.vcxproj", "{B676640C-4550-351C-9723-D945FCDB956C}"
	ProjectSection(ProjectDependencies) = postProject
		{2C15A93D-E080-3964-AA82-1DA9CB7488BD} = {2C15A93D-E080-3964-AA82-1DA9CB7488BD}
		{3274C501-3FC3-30D1-A915-FAC4EE2BF856} = {3274C501-3FC3-30D1-A915-FAC4EE2BF856}
		{A2C2DB05-AC91-35A5-A9CB-75558E20C122} = {A2C2DB05-AC91-35A5-A9CB-75558E20C122}
	EndProjectSection
EndProject
Project("{8BC9CEB8-8B4A-11D0-8D11-00A0C91BC942}") = "tiffxx", "libtiff\tiffxx.vcxproj", "{5639C416-6462-3F5E-ABAF-6559CD2ECA93}"
	ProjectSection(ProjectDependencies) = postProject
		{2C15A93D-E080-3964-AA82-1DA9CB7488BD} = {2C15A93D-E080-3964-AA82-1DA9CB7488BD}
		{A2C2DB05-AC91-35A5-A9CB-75558E20C122} = {A2C2DB05-AC91-35A5-A9CB-75558E20C122}
	EndProjectSection
EndProject
Global
	GlobalSection(SolutionConfigurationPlatforms) = preSolution
		Debug|x64 = Debug|x64
		Release|x64 = Release|x64
		MinSizeRel|x64 = MinSizeRel|x64
		RelWithDebInfo|x64 = RelWithDebInfo|x64
	EndGlobalSection
	GlobalSection(ProjectConfigurationPlatforms) = postSolution
		{5430926D-78F1-3F34-89BC-D5874422D86E}.Debug|x64.ActiveCfg = Debug|x64
		{5430926D-78F1-3F34-89BC-D5874422D86E}.Debug|x64.Build.0 = Debug|x64
		{5430926D-78F1-3F34-89BC-D5874422D86E}.Release|x64.ActiveCfg = Release|x64
		{5430926D-78F1-3F34-89BC-D5874422D86E}.Release|x64.Build.0 = Release|x64
		{5430926D-78F1-3F34-89BC-D5874422D86E}.MinSizeRel|x64.ActiveCfg = MinSizeRel|x64
		{5430926D-78F1-3F34-89BC-D5874422D86E}.MinSizeRel|x64.Build.0 = MinSizeRel|x64
		{5430926D-78F1-3F34-89BC-D5874422D86E}.RelWithDebInfo|x64.ActiveCfg = RelWithDebInfo|x64
		{5430926D-78F1-3F34-89BC-D5874422D86E}.RelWithDebInfo|x64.Build.0 = RelWithDebInfo|x64
		{7A685DE8-2765-32D5-A1A1-38710CAD1CFA}.Debug|x64.ActiveCfg = Debug|x64
		{7A685DE8-2765-32D5-A1A1-38710CAD1CFA}.Release|x64.ActiveCfg = Release|x64
		{7A685DE8-2765-32D5-A1A1-38710CAD1CFA}.MinSizeRel|x64.ActiveCfg = MinSizeRel|x64
		{7A685DE8-2765-32D5-A1A1-38710CAD1CFA}.RelWithDebInfo|x64.ActiveCfg = RelWithDebInfo|x64
		{1DDB193B-F43E-3488-B847-50447CBB9326}.Debug|x64.ActiveCfg = Debug|x64
		{1DDB193B-F43E-3488-B847-50447CBB9326}.Release|x64.ActiveCfg = Release|x64
		{1DDB193B-F43E-3488-B847-50447CBB9326}.MinSizeRel|x64.ActiveCfg = MinSizeRel|x64
		{1DDB193B-F43E-3488-B847-50447CBB9326}.RelWithDebInfo|x64.ActiveCfg = RelWithDebInfo|x64
		{2C15A93D-E080-3964-AA82-1DA9CB7488BD}.Debug|x64.ActiveCfg = Debug|x64
		{2C15A93D-E080-3964-AA82-1DA9CB7488BD}.Debug|x64.Build.0 = Debug|x64
		{2C15A93D-E080-3964-AA82-1DA9CB7488BD}.Release|x64.ActiveCfg = Release|x64
		{2C15A93D-E080-3964-AA82-1DA9CB7488BD}.Release|x64.Build.0 = Release|x64
		{2C15A93D-E080-3964-AA82-1DA9CB7488BD}.MinSizeRel|x64.ActiveCfg = MinSizeRel|x64
		{2C15A93D-E080-3964-AA82-1DA9CB7488BD}.MinSizeRel|x64.Build.0 = MinSizeRel|x64
		{2C15A93D-E080-3964-AA82-1DA9CB7488BD}.RelWithDebInfo|x64.ActiveCfg = RelWithDebInfo|x64
		{2C15A93D-E080-3964-AA82-1DA9CB7488BD}.RelWithDebInfo|x64.Build.0 = RelWithDebInfo|x64
		{80FF052D-29FC-3007-943A-647D561D7651}.Debug|x64.ActiveCfg = Debug|x64
		{80FF052D-29FC-3007-943A-647D561D7651}.Debug|x64.Build.0 = Debug|x64
		{80FF052D-29FC-3007-943A-647D561D7651}.Release|x64.ActiveCfg = Release|x64
		{80FF052D-29FC-3007-943A-647D561D7651}.Release|x64.Build.0 = Release|x64
		{80FF052D-29FC-3007-943A-647D561D7651}.MinSizeRel|x64.ActiveCfg = MinSizeRel|x64
		{80FF052D-29FC-3007-943A-647D561D7651}.MinSizeRel|x64.Build.0 = MinSizeRel|x64
		{80FF052D-29FC-3007-943A-647D561D7651}.RelWithDebInfo|x64.ActiveCfg = RelWithDebInfo|x64
		{80FF052D-29FC-3007-943A-647D561D7651}.RelWithDebInfo|x64.Build.0 = RelWithDebInfo|x64
		{962562A4-DE0B-3C6F-895A-AB835F0279FD}.Debug|x64.ActiveCfg = Debug|x64
		{962562A4-DE0B-3C6F-895A-AB835F0279FD}.Debug|x64.Build.0 = Debug|x64
		{962562A4-DE0B-3C6F-895A-AB835F0279FD}.Release|x64.ActiveCfg = Release|x64
		{962562A4-DE0B-3C6F-895A-AB835F0279FD}.Release|x64.Build.0 = Release|x64
		{962562A4-DE0B-3C6F-895A-AB835F0279FD}.MinSizeRel|x64.ActiveCfg = MinSizeRel|x64
		{962562A4-DE0B-3C6F-895A-AB835F0279FD}.MinSizeRel|x64.Build.0 = MinSizeRel|x64
		{962562A4-DE0B-3C6F-895A-AB835F0279FD}.RelWithDebInfo|x64.ActiveCfg = RelWithDebInfo|x64
		{962562A4-DE0B-3C6F-895A-AB835F0279FD}.RelWithDebInfo|x64.Build.0 = RelWithDebInfo|x64
		{42F710A8-1A18-36D7-9C24-5CA46A3235A6}.Debug|x64.ActiveCfg = Debug|x64
		{42F710A8-1A18-36D7-9C24-5CA46A3235A6}.Debug|x64.Build.0 = Debug|x64
		{42F710A8-1A18-36D7-9C24-5CA46A3235A6}.Release|x64.ActiveCfg = Release|x64
		{42F710A8-1A18-36D7-9C24-5CA46A3235A6}.Release|x64.Build.0 = Release|x64
		{42F710A8-1A18-36D7-9C24-5CA46A3235A6}.MinSizeRel|x64.ActiveCfg = MinSizeRel|x64
		{42F710A8-1A18-36D7-9C24-5CA46A3235A6}.MinSizeRel|x64.Build.0 = MinSizeRel|x64
		{42F710A8-1A18-36D7-9C24-5CA46A3235A6}.RelWithDebInfo|x64.ActiveCfg = RelWithDebInfo|x64
		{42F710A8-1A18-36D7-9C24-5CA46A3235A6}.RelWithDebInfo|x64.Build.0 = RelWithDebInfo|x64
		{50EACE2D-FC26-3977-A9BC-3D18ACB4B546}.Debug|x64.ActiveCfg = Debug|x64
		{50EACE2D-FC26-3977-A9BC-3D18ACB4B546}.Debug|x64.Build.0 = Debug|x64
		{50EACE2D-FC26-3977-A9BC-3D18ACB4B546}.Release|x64.ActiveCfg = Release|x64
		{50EACE2D-FC26-3977-A9BC-3D18ACB4B546}.Release|x64.Build.0 = Release|x64
		{50EACE2D-FC26-3977-A9BC-3D18ACB4B546}.MinSizeRel|x64.ActiveCfg = MinSizeRel|x64
		{50EACE2D-FC26-3977-A9BC-3D18ACB4B546}.MinSizeRel|x64.Build.0 = MinSizeRel|x64
		{50EACE2D-FC26-3977-A9BC-3D18ACB4B546}.RelWithDebInfo|x64.ActiveCfg = RelWithDebInfo|x64
		{50EACE2D-FC26-3977-A9BC-3D18ACB4B546}.RelWithDebInfo|x64.Build.0 = RelWithDebInfo|x64
		{1AEF01F5-AF32-3FB9-8B99-90F53E04ED20}.Debug|x64.ActiveCfg = Debug|x64
		{1AEF01F5-AF32-3FB9-8B99-90F53E04ED20}.Debug|x64.Build.0 = Debug|x64
		{1AEF01F5-AF32-3FB9-8B99-90F53E04ED20}.Release|x64.ActiveCfg = Release|x64
		{1AEF01F5-AF32-3FB9-8B99-90F53E04ED20}.Release|x64.Build.0 = Release|x64
		{1AEF01F5-AF32-3FB9-8B99-90F53E04ED20}.MinSizeRel|x64.ActiveCfg = MinSizeRel|x64
		{1AEF01F5-AF32-3FB9-8B99-90F53E04ED20}.MinSizeRel|x64.Build.0 = MinSizeRel|x64
		{1AEF01F5-AF32-3FB9-8B99-90F53E04ED20}.RelWithDebInfo|x64.ActiveCfg = RelWithDebInfo|x64
		{1AEF01F5-AF32-3FB9-8B99-90F53E04ED20}.RelWithDebInfo|x64.Build.0 = RelWithDebInfo|x64
		{39BF6806-121E-395E-B90A-E58610476A8F}.Debug|x64.ActiveCfg = Debug|x64
		{39BF6806-121E-395E-B90A-E58610476A8F}.Debug|x64.Build.0 = Debug|x64
		{39BF6806-121E-395E-B90A-E58610476A8F}.Release|x64.ActiveCfg = Release|x64
		{39BF6806-121E-395E-B90A-E58610476A8F}.Release|x64.Build.0 = Release|x64
		{39BF6806-121E-395E-B90A-E58610476A8F}.MinSizeRel|x64.ActiveCfg = MinSizeRel|x64
		{39BF6806-121E-395E-B90A-E58610476A8F}.MinSizeRel|x64.Build.0 = MinSizeRel|x64
		{39BF6806-121E-395E-B90A-E58610476A8F}.RelWithDebInfo|x64.ActiveCfg = RelWithDebInfo|x64
		{39BF6806-121E-395E-B90A-E58610476A8F}.RelWithDebInfo|x64.Build.0 = RelWithDebInfo|x64
		{5472592C-26D2-3E51-852D-AA27D0E3A15E}.Debug|x64.ActiveCfg = Debug|x64
		{5472592C-26D2-3E51-852D-AA27D0E3A15E}.Debug|x64.Build.0 = Debug|x64
		{5472592C-26D2-3E51-852D-AA27D0E3A15E}.Release|x64.ActiveCfg = Release|x64
		{5472592C-26D2-3E51-852D-AA27D0E3A15E}.Release|x64.Build.0 = Release|x64
		{5472592C-26D2-3E51-852D-AA27D0E3A15E}.MinSizeRel|x64.ActiveCfg = MinSizeRel|x64
		{5472592C-26D2-3E51-852D-AA27D0E3A15E}.MinSizeRel|x64.Build.0 = MinSizeRel|x64
		{5472592C-26D2-3E51-852D-AA27D0E3A15E}.RelWithDebInfo|x64.ActiveCfg = RelWithDebInfo|x64
		{5472592C-26D2-3E51-852D-AA27D0E3A15E}.RelWithDebInfo|x64.Build.0 = RelWithDebInfo|x64
		{1C6C1546-C1EF-380F-9C19-9F61640222E2}.Debug|x64.ActiveCfg = Debug|x64
		{1C6C1546-C1EF-380F-9C19-9F61640222E2}.Release|x64.ActiveCfg = Release|x64
		{1C6C1546-C1EF-380F-9C19-9F61640222E2}.MinSizeRel|x64.ActiveCfg = MinSizeRel|x64
		{1C6C1546-C1EF-380F-9C19-9F61640222E2}.RelWithDebInfo|x64.ActiveCfg = RelWithDebInfo|x64
		{135A9474-4D35-3E21-849B-6F903617D68F}.Debug|x64.ActiveCfg = Debug|x64
		{135A9474-4D35-3E21-849B-6F903617D68F}.Debug|x64.Build.0 = Debug|x64
		{135A9474-4D35-3E21-849B-6F903617D68F}.Release|x64.ActiveCfg = Release|x64
		{135A9474-4D35-3E21-849B-6F903617D68F}.Release|x64.Build.0 = Release|x64
		{135A9474-4D35-3E21-849B-6F903617D68F}.MinSizeRel|x64.ActiveCfg = MinSizeRel|x64
		{135A9474-4D35-3E21-849B-6F903617D68F}.MinSizeRel|x64.Build.0 = MinSizeRel|x64
		{135A9474-4D35-3E21-849B-6F903617D68F}.RelWithDebInfo|x64.ActiveCfg = RelWithDebInfo|x64
		{135A9474-4D35-3E21-849B-6F903617D68F}.RelWithDebInfo|x64.Build.0 = RelWithDebInfo|x64
		{245821D6-78B3-32E4-81A8-3DDF3E6B043E}.Debug|x64.ActiveCfg = Debug|x64
		{245821D6-78B3-32E4-81A8-3DDF3E6B043E}.Debug|x64.Build.0 = Debug|x64
		{245821D6-78B3-32E4-81A8-3DDF3E6B043E}.Release|x64.ActiveCfg = Release|x64
		{245821D6-78B3-32E4-81A8-3DDF3E6B043E}.Release|x64.Build.0 = Release|x64
		{245821D6-78B3-32E4-81A8-3DDF3E6B043E}.MinSizeRel|x64.ActiveCfg = MinSizeRel|x64
		{245821D6-78B3-32E4-81A8-3DDF3E6B043E}.MinSizeRel|x64.Build.0 = MinSizeRel|x64
		{245821D6-78B3-32E4-81A8-3DDF3E6B043E}.RelWithDebInfo|x64.ActiveCfg = RelWithDebInfo|x64
		{245821D6-78B3-32E4-81A8-3DDF3E6B043E}.RelWithDebInfo|x64.Build.0 = RelWithDebInfo|x64
		{3D5ABBC0-441D-346F-BAA0-1FB4602979DC}.Debug|x64.ActiveCfg = Debug|x64
		{3D5ABBC0-441D-346F-BAA0-1FB4602979DC}.Debug|x64.Build.0 = Debug|x64
		{3D5ABBC0-441D-346F-BAA0-1FB4602979DC}.Release|x64.ActiveCfg = Release|x64
		{3D5ABBC0-441D-346F-BAA0-1FB4602979DC}.Release|x64.Build.0 = Release|x64
		{3D5ABBC0-441D-346F-BAA0-1FB4602979DC}.MinSizeRel|x64.ActiveCfg = MinSizeRel|x64
		{3D5ABBC0-441D-346F-BAA0-1FB4602979DC}.MinSizeRel|x64.Build.0 = MinSizeRel|x64
		{3D5ABBC0-441D-346F-BAA0-1FB4602979DC}.RelWithDebInfo|x64.ActiveCfg = RelWithDebInfo|x64
		{3D5ABBC0-441D-346F-BAA0-1FB4602979DC}.RelWithDebInfo|x64.Build.0 = RelWithDebInfo|x64
		{3274C501-3FC3-30D1-A915-FAC4EE2BF856}.Debug|x64.ActiveCfg = Debug|x64
		{3274C501-3FC3-30D1-A915-FAC4EE2BF856}.Debug|x64.Build.0 = Debug|x64
		{3274C501-3FC3-30D1-A915-FAC4EE2BF856}.Release|x64.ActiveCfg = Release|x64
		{3274C501-3FC3-30D1-A915-FAC4EE2BF856}.Release|x64.Build.0 = Release|x64
		{3274C501-3FC3-30D1-A915-FAC4EE2BF856}.MinSizeRel|x64.ActiveCfg = MinSizeRel|x64
		{3274C501-3FC3-30D1-A915-FAC4EE2BF856}.MinSizeRel|x64.Build.0 = MinSizeRel|x64
		{3274C501-3FC3-30D1-A915-FAC4EE2BF856}.RelWithDebInfo|x64.ActiveCfg = RelWithDebInfo|x64
		{3274C501-3FC3-30D1-A915-FAC4EE2BF856}.RelWithDebInfo|x64.Build.0 = RelWithDebInfo|x64
		{179AC396-0D89-3B8D-B12D-D28C7665F2DD}.Debug|x64.ActiveCfg = Debug|x64
		{179AC396-0D89-3B8D-B12D-D28C7665F2DD}.Debug|x64.Build.0 = Debug|x64
		{179AC396-0D89-3B8D-B12D-D28C7665F2DD}.Release|x64.ActiveCfg = Release|x64
		{179AC396-0D89-3B8D-B12D-D28C7665F2DD}.Release|x64.Build.0 = Release|x64
		{179AC396-0D89-3B8D-B12D-D28C7665F2DD}.MinSizeRel|x64.ActiveCfg = MinSizeRel|x64
		{179AC396-0D89-3B8D-B12D-D28C7665F2DD}.MinSizeRel|x64.Build.0 = MinSizeRel|x64
		{179AC396-0D89-3B8D-B12D-D28C7665F2DD}.RelWithDebInfo|x64.ActiveCfg = RelWithDebInfo|x64
		{179AC396-0D89-3B8D-B12D-D28C7665F2DD}.RelWithDebInfo|x64.Build.0 = RelWithDebInfo|x64
		{DED8A302-21DA-331E-963C-DFFA2BC07B36}.Debug|x64.ActiveCfg = Debug|x64
		{DED8A302-21DA-331E-963C-DFFA2BC07B36}.Debug|x64.Build.0 = Debug|x64
		{DED8A302-21DA-331E-963C-DFFA2BC07B36}.Release|x64.ActiveCfg = Release|x64
		{DED8A302-21DA-331E-963C-DFFA2BC07B36}.Release|x64.Build.0 = Release|x64
		{DED8A302-21DA-331E-963C-DFFA2BC07B36}.MinSizeRel|x64.ActiveCfg = MinSizeRel|x64
		{DED8A302-21DA-331E-963C-DFFA2BC07B36}.MinSizeRel|x64.Build.0 = MinSizeRel|x64
		{DED8A302-21DA-331E-963C-DFFA2BC07B36}.RelWithDebInfo|x64.ActiveCfg = RelWithDebInfo|x64
		{DED8A302-21DA-331E-963C-DFFA2BC07B36}.RelWithDebInfo|x64.Build.0 = RelWithDebInfo|x64
		{98931D82-2265-3EAD-A734-AB24FFA87D0E}.Debug|x64.ActiveCfg = Debug|x64
		{98931D82-2265-3EAD-A734-AB24FFA87D0E}.Debug|x64.Build.0 = Debug|x64
		{98931D82-2265-3EAD-A734-AB24FFA87D0E}.Release|x64.ActiveCfg = Release|x64
		{98931D82-2265-3EAD-A734-AB24FFA87D0E}.Release|x64.Build.0 = Release|x64
		{98931D82-2265-3EAD-A734-AB24FFA87D0E}.MinSizeRel|x64.ActiveCfg = MinSizeRel|x64
		{98931D82-2265-3EAD-A734-AB24FFA87D0E}.MinSizeRel|x64.Build.0 = MinSizeRel|x64
		{98931D82-2265-3EAD-A734-AB24FFA87D0E}.RelWithDebInfo|x64.ActiveCfg = RelWithDebInfo|x64
		{98931D82-2265-3EAD-A734-AB24FFA87D0E}.RelWithDebInfo|x64.Build.0 = RelWithDebInfo|x64
		{7C340032-205E-3DB8-A22D-8C6E154DAF5D}.Debug|x64.ActiveCfg = Debug|x64
		{7C340032-205E-3DB8-A22D-8C6E154DAF5D}.Debug|x64.Build.0 = Debug|x64
		{7C340032-205E-3DB8-A22D-8C6E154DAF5D}.Release|x64.ActiveCfg = Release|x64
		{7C340032-205E-3DB8-A22D-8C6E154DAF5D}.Release|x64.Build.0 = Release|x64
		{7C340032-205E-3DB8-A22D-8C6E154DAF5D}.MinSizeRel|x64.ActiveCfg = MinSizeRel|x64
		{7C340032-205E-3DB8-A22D-8C6E154DAF5D}.MinSizeRel|x64.Build.0 = MinSizeRel|x64
		{7C340032-205E-3DB8-A22D-8C6E154DAF5D}.RelWithDebInfo|x64.ActiveCfg = RelWithDebInfo|x64
		{7C340032-205E-3DB8-A22D-8C6E154DAF5D}.RelWithDebInfo|x64.Build.0 = RelWithDebInfo|x64
		{124531D2-192A-3225-B2F3-78322438F778}.Debug|x64.ActiveCfg = Debug|x64
		{124531D2-192A-3225-B2F3-78322438F778}.Debug|x64.Build.0 = Debug|x64
		{124531D2-192A-3225-B2F3-78322438F778}.Release|x64.ActiveCfg = Release|x64
		{124531D2-192A-3225-B2F3-78322438F778}.Release|x64.Build.0 = Release|x64
		{124531D2-192A-3225-B2F3-78322438F778}.MinSizeRel|x64.ActiveCfg = MinSizeRel|x64
		{124531D2-192A-3225-B2F3-78322438F778}.MinSizeRel|x64.Build.0 = MinSizeRel|x64
		{124531D2-192A-3225-B2F3-78322438F778}.RelWithDebInfo|x64.ActiveCfg = RelWithDebInfo|x64
		{124531D2-192A-3225-B2F3-78322438F778}.RelWithDebInfo|x64.Build.0 = RelWithDebInfo|x64
		{5BFCC81C-378F-3430-A955-5948CC450BB3}.Debug|x64.ActiveCfg = Debug|x64
		{5BFCC81C-378F-3430-A955-5948CC450BB3}.Debug|x64.Build.0 = Debug|x64
		{5BFCC81C-378F-3430-A955-5948CC450BB3}.Release|x64.ActiveCfg = Release|x64
		{5BFCC81C-378F-3430-A955-5948CC450BB3}.Release|x64.Build.0 = Release|x64
		{5BFCC81C-378F-3430-A955-5948CC450BB3}.MinSizeRel|x64.ActiveCfg = MinSizeRel|x64
		{5BFCC81C-378F-3430-A955-5948CC450BB3}.MinSizeRel|x64.Build.0 = MinSizeRel|x64
		{5BFCC81C-378F-3430-A955-5948CC450BB3}.RelWithDebInfo|x64.ActiveCfg = RelWithDebInfo|x64
		{5BFCC81C-378F-3430-A955-5948CC450BB3}.RelWithDebInfo|x64.Build.0 = RelWithDebInfo|x64
		{60BF6351-60F9-3B3B-9D73-4F8EB0D932C3}.Debug|x64.ActiveCfg = Debug|x64
		{60BF6351-60F9-3B3B-9D73-4F8EB0D932C3}.Debug|x64.Build.0 = Debug|x64
		{60BF6351-60F9-3B3B-9D73-4F8EB0D932C3}.Release|x64.ActiveCfg = Release|x64
		{60BF6351-60F9-3B3B-9D73-4F8EB0D932C3}.Release|x64.Build.0 = Release|x64
		{60BF6351-60F9-3B3B-9D73-4F8EB0D932C3}.MinSizeRel|x64.ActiveCfg = MinSizeRel|x64
		{60BF6351-60F9-3B3B-9D73-4F8EB0D932C3}.MinSizeRel|x64.Build.0 = MinSizeRel|x64
		{60BF6351-60F9-3B3B-9D73-4F8EB0D932C3}.RelWithDebInfo|x64.ActiveCfg = RelWithDebInfo|x64
		{60BF6351-60F9-3B3B-9D73-4F8EB0D932C3}.RelWithDebInfo|x64.Build.0 = RelWithDebInfo|x64
		{43688D60-9DD1-3AE6-865F-D6065C988D4D}.Debug|x64.ActiveCfg = Debug|x64
		{43688D60-9DD1-3AE6-865F-D6065C988D4D}.Debug|x64.Build.0 = Debug|x64
		{43688D60-9DD1-3AE6-865F-D6065C988D4D}.Release|x64.ActiveCfg = Release|x64
		{43688D60-9DD1-3AE6-865F-D6065C988D4D}.Release|x64.Build.0 = Release|x64
		{43688D60-9DD1-3AE6-865F-D6065C988D4D}.MinSizeRel|x64.ActiveCfg = MinSizeRel|x64
		{43688D60-9DD1-3AE6-865F-D6065C988D4D}.MinSizeRel|x64.Build.0 = MinSizeRel|x64
		{43688D60-9DD1-3AE6-865F-D6065C988D4D}.RelWithDebInfo|x64.ActiveCfg = RelWithDebInfo|x64
		{43688D60-9DD1-3AE6-865F-D6065C988D4D}.RelWithDebInfo|x64.Build.0 = RelWithDebInfo|x64
		{EE2136D9-ED6A-3F3C-9BAE-03A727EAB424}.Debug|x64.ActiveCfg = Debug|x64
		{EE2136D9-ED6A-3F3C-9BAE-03A727EAB424}.Debug|x64.Build.0 = Debug|x64
		{EE2136D9-ED6A-3F3C-9BAE-03A727EAB424}.Release|x64.ActiveCfg = Release|x64
		{EE2136D9-ED6A-3F3C-9BAE-03A727EAB424}.Release|x64.Build.0 = Release|x64
		{EE2136D9-ED6A-3F3C-9BAE-03A727EAB424}.MinSizeRel|x64.ActiveCfg = MinSizeRel|x64
		{EE2136D9-ED6A-3F3C-9BAE-03A727EAB424}.MinSizeRel|x64.Build.0 = MinSizeRel|x64
		{EE2136D9-ED6A-3F3C-9BAE-03A727EAB424}.RelWithDebInfo|x64.ActiveCfg = RelWithDebInfo|x64
		{EE2136D9-ED6A-3F3C-9BAE-03A727EAB424}.RelWithDebInfo|x64.Build.0 = RelWithDebInfo|x64
		{A2C2DB05-AC91-35A5-A9CB-75558E20C122}.Debug|x64.ActiveCfg = Debug|x64
		{A2C2DB05-AC91-35A5-A9CB-75558E20C122}.Debug|x64.Build.0 = Debug|x64
		{A2C2DB05-AC91-35A5-A9CB-75558E20C122}.Release|x64.ActiveCfg = Release|x64
		{A2C2DB05-AC91-35A5-A9CB-75558E20C122}.Release|x64.Build.0 = Release|x64
		{A2C2DB05-AC91-35A5-A9CB-75558E20C122}.MinSizeRel|x64.ActiveCfg = MinSizeRel|x64
		{A2C2DB05-AC91-35A5-A9CB-75558E20C122}.MinSizeRel|x64.Build.0 = MinSizeRel|x64
		{A2C2DB05-AC91-35A5-A9CB-75558E20C122}.RelWithDebInfo|x64.ActiveCfg = RelWithDebInfo|x64
		{A2C2DB05-AC91-35A5-A9CB-75558E20C122}.RelWithDebInfo|x64.Build.0 = RelWithDebInfo|x64
		{6E940875-909C-34BD-A3A0-FCE5BF954F8D}.Debug|x64.ActiveCfg = Debug|x64
		{6E940875-909C-34BD-A3A0-FCE5BF954F8D}.Debug|x64.Build.0 = Debug|x64
		{6E940875-909C-34BD-A3A0-FCE5BF954F8D}.Release|x64.ActiveCfg = Release|x64
		{6E940875-909C-34BD-A3A0-FCE5BF954F8D}.Release|x64.Build.0 = Release|x64
		{6E940875-909C-34BD-A3A0-FCE5BF954F8D}.MinSizeRel|x64.ActiveCfg = MinSizeRel|x64
		{6E940875-909C-34BD-A3A0-FCE5BF954F8D}.MinSizeRel|x64.Build.0 = MinSizeRel|x64
		{6E940875-909C-34BD-A3A0-FCE5BF954F8D}.RelWithDebInfo|x64.ActiveCfg = RelWithDebInfo|x64
		{6E940875-909C-34BD-A3A0-FCE5BF954F8D}.RelWithDebInfo|x64.Build.0 = RelWithDebInfo|x64
		{063D8781-3693-3552-9540-23D4A278A736}.Debug|x64.ActiveCfg = Debug|x64
		{063D8781-3693-3552-9540-23D4A278A736}.Debug|x64.Build.0 = Debug|x64
		{063D8781-3693-3552-9540-23D4A278A736}.Release|x64.ActiveCfg = Release|x64
		{063D8781-3693-3552-9540-23D4A278A736}.Release|x64.Build.0 = Release|x64
		{063D8781-3693-3552-9540-23D4A278A736}.MinSizeRel|x64.ActiveCfg = MinSizeRel|x64
		{063D8781-3693-3552-9540-23D4A278A736}.MinSizeRel|x64.Build.0 = MinSizeRel|x64
		{063D8781-3693-3552-9540-23D4A278A736}.RelWithDebInfo|x64.ActiveCfg = RelWithDebInfo|x64
		{063D8781-3693-3552-9540-23D4A278A736}.RelWithDebInfo|x64.Build.0 = RelWithDebInfo|x64
		{7A863EF4-DE3C-333E-A388-AB336EC63335}.Debug|x64.ActiveCfg = Debug|x64
		{7A863EF4-DE3C-333E-A388-AB336EC63335}.Debug|x64.Build.0 = Debug|x64
		{7A863EF4-DE3C-333E-A388-AB336EC63335}.Release|x64.ActiveCfg = Release|x64
		{7A863EF4-DE3C-333E-A388-AB336EC63335}.Release|x64.Build.0 = Release|x64
		{7A863EF4-DE3C-333E-A388-AB336EC63335}.MinSizeRel|x64.ActiveCfg = MinSizeRel|x64
		{7A863EF4-DE3C-333E-A388-AB336EC63335}.MinSizeRel|x64.Build.0 = MinSizeRel|x64
		{7A863EF4-DE3C-333E-A388-AB336EC63335}.RelWithDebInfo|x64.ActiveCfg = RelWithDebInfo|x64
		{7A863EF4-DE3C-333E-A388-AB336EC63335}.RelWithDebInfo|x64.Build.0 = RelWithDebInfo|x64
		{6209E688-9E51-32B0-83F6-3C611296B7F9}.Debug|x64.ActiveCfg = Debug|x64
		{6209E688-9E51-32B0-83F6-3C611296B7F9}.Debug|x64.Build.0 = Debug|x64
		{6209E688-9E51-32B0-83F6-3C611296B7F9}.Release|x64.ActiveCfg = Release|x64
		{6209E688-9E51-32B0-83F6-3C611296B7F9}.Release|x64.Build.0 = Release|x64
		{6209E688-9E51-32B0-83F6-3C611296B7F9}.MinSizeRel|x64.ActiveCfg = MinSizeRel|x64
		{6209E688-9E51-32B0-83F6-3C611296B7F9}.MinSizeRel|x64.Build.0 = MinSizeRel|x64
		{6209E688-9E51-32B0-83F6-3C611296B7F9}.RelWithDebInfo|x64.ActiveCfg = RelWithDebInfo|x64
		{6209E688-9E51-32B0-83F6-3C611296B7F9}.RelWithDebInfo|x64.Build.0 = RelWithDebInfo|x64
		{8127108C-AFCC-38C8-88FF-E39F016D0637}.Debug|x64.ActiveCfg = Debug|x64
		{8127108C-AFCC-38C8-88FF-E39F016D0637}.Debug|x64.Build.0 = Debug|x64
		{8127108C-AFCC-38C8-88FF-E39F016D0637}.Release|x64.ActiveCfg = Release|x64
		{8127108C-AFCC-38C8-88FF-E39F016D0637}.Release|x64.Build.0 = Release|x64
		{8127108C-AFCC-38C8-88FF-E39F016D0637}.MinSizeRel|x64.ActiveCfg = MinSizeRel|x64
		{8127108C-AFCC-38C8-88FF-E39F016D0637}.MinSizeRel|x64.Build.0 = MinSizeRel|x64
		{8127108C-AFCC-38C8-88FF-E39F016D0637}.RelWithDebInfo|x64.ActiveCfg = RelWithDebInfo|x64
		{8127108C-AFCC-38C8-88FF-E39F016D0637}.RelWithDebInfo|x64.Build.0 = RelWithDebInfo|x64
		{B0965B70-D76B-3E49-9AE8-361B8B960594}.Debug|x64.ActiveCfg = Debug|x64
		{B0965B70-D76B-3E49-9AE8-361B8B960594}.Debug|x64.Build.0 = Debug|x64
		{B0965B70-D76B-3E49-9AE8-361B8B960594}.Release|x64.ActiveCfg = Release|x64
		{B0965B70-D76B-3E49-9AE8-361B8B960594}.Release|x64.Build.0 = Release|x64
		{B0965B70-D76B-3E49-9AE8-361B8B960594}.MinSizeRel|x64.ActiveCfg = MinSizeRel|x64
		{B0965B70-D76B-3E49-9AE8-361B8B960594}.MinSizeRel|x64.Build.0 = MinSizeRel|x64
		{B0965B70-D76B-3E49-9AE8-361B8B960594}.RelWithDebInfo|x64.ActiveCfg = RelWithDebInfo|x64
		{B0965B70-D76B-3E49-9AE8-361B8B960594}.RelWithDebInfo|x64.Build.0 = RelWithDebInfo|x64
		{45440E8C-2CE6-3E2F-91CC-5F3AB083A80B}.Debug|x64.ActiveCfg = Debug|x64
		{45440E8C-2CE6-3E2F-91CC-5F3AB083A80B}.Debug|x64.Build.0 = Debug|x64
		{45440E8C-2CE6-3E2F-91CC-5F3AB083A80B}.Release|x64.ActiveCfg = Release|x64
		{45440E8C-2CE6-3E2F-91CC-5F3AB083A80B}.Release|x64.Build.0 = Release|x64
		{45440E8C-2CE6-3E2F-91CC-5F3AB083A80B}.MinSizeRel|x64.ActiveCfg = MinSizeRel|x64
		{45440E8C-2CE6-3E2F-91CC-5F3AB083A80B}.MinSizeRel|x64.Build.0 = MinSizeRel|x64
		{45440E8C-2CE6-3E2F-91CC-5F3AB083A80B}.RelWithDebInfo|x64.ActiveCfg = RelWithDebInfo|x64
		{45440E8C-2CE6-3E2F-91CC-5F3AB083A80B}.RelWithDebInfo|x64.Build.0 = RelWithDebInfo|x64
		{7812E1F7-7CEB-3243-9FBD-84C0144C7011}.Debug|x64.ActiveCfg = Debug|x64
		{7812E1F7-7CEB-3243-9FBD-84C0144C7011}.Debug|x64.Build.0 = Debug|x64
		{7812E1F7-7CEB-3243-9FBD-84C0144C7011}.Release|x64.ActiveCfg = Release|x64
		{7812E1F7-7CEB-3243-9FBD-84C0144C7011}.Release|x64.Build.0 = Release|x64
		{7812E1F7-7CEB-3243-9FBD-84C0144C7011}.MinSizeRel|x64.ActiveCfg = MinSizeRel|x64
		{7812E1F7-7CEB-3243-9FBD-84C0144C7011}.MinSizeRel|x64.Build.0 = MinSizeRel|x64
		{7812E1F7-7CEB-3243-9FBD-84C0144C7011}.RelWithDebInfo|x64.ActiveCfg = RelWithDebInfo|x64
		{7812E1F7-7CEB-3243-9FBD-84C0144C7011}.RelWithDebInfo|x64.Build.0 = RelWithDebInfo|x64
		{EC57F3ED-5FE9-3031-BA9F-0AFAACA6FED1}.Debug|x64.ActiveCfg = Debug|x64
		{EC57F3ED-5FE9-3031-BA9F-0AFAACA6FED1}.Debug|x64.Build.0 = Debug|x64
		{EC57F3ED-5FE9-3031-BA9F-0AFAACA6FED1}.Release|x64.ActiveCfg = Release|x64
		{EC57F3ED-5FE9-3031-BA9F-0AFAACA6FED1}.Release|x64.Build.0 = Release|x64
		{EC57F3ED-5FE9-3031-BA9F-0AFAACA6FED1}.MinSizeRel|x64.ActiveCfg = MinSizeRel|x64
		{EC57F3ED-5FE9-3031-BA9F-0AFAACA6FED1}.MinSizeRel|x64.Build.0 = MinSizeRel|x64
		{EC57F3ED-5FE9-3031-BA9F-0AFAACA6FED1}.RelWithDebInfo|x64.ActiveCfg = RelWithDebInfo|x64
		{EC57F3ED-5FE9-3031-BA9F-0AFAACA6FED1}.RelWithDebInfo|x64.Build.0 = RelWithDebInfo|x64
		{925AF0FB-F527-30FA-B2AD-8D09B0901C0B}.Debug|x64.ActiveCfg = Debug|x64
		{925AF0FB-F527-30FA-B2AD-8D09B0901C0B}.Debug|x64.Build.0 = Debug|x64
		{925AF0FB-F527-30FA-B2AD-8D09B0901C0B}.Release|x64.ActiveCfg = Release|x64
		{925AF0FB-F527-30FA-B2AD-8D09B0901C0B}.Release|x64.Build.0 = Release|x64
		{925AF0FB-F527-30FA-B2AD-8D09B0901C0B}.MinSizeRel|x64.ActiveCfg = MinSizeRel|x64
		{925AF0FB-F527-30FA-B2AD-8D09B0901C0B}.MinSizeRel|x64.Build.0 = MinSizeRel|x64
		{925AF0FB-F527-30FA-B2AD-8D09B0901C0B}.RelWithDebInfo|x64.ActiveCfg = RelWithDebInfo|x64
		{925AF0FB-F527-30FA-B2AD-8D09B0901C0B}.RelWithDebInfo|x64.Build.0 = RelWithDebInfo|x64
		{1669F231-CD25-38D5-AF62-804CE368CEFC}.Debug|x64.ActiveCfg = Debug|x64
		{1669F231-CD25-38D5-AF62-804CE368CEFC}.Debug|x64.Build.0 = Debug|x64
		{1669F231-CD25-38D5-AF62-804CE368CEFC}.Release|x64.ActiveCfg = Release|x64
		{1669F231-CD25-38D5-AF62-804CE368CEFC}.Release|x64.Build.0 = Release|x64
		{1669F231-CD25-38D5-AF62-804CE368CEFC}.MinSizeRel|x64.ActiveCfg = MinSizeRel|x64
		{1669F231-CD25-38D5-AF62-804CE368CEFC}.MinSizeRel|x64.Build.0 = MinSizeRel|x64
		{1669F231-CD25-38D5-AF62-804CE368CEFC}.RelWithDebInfo|x64.ActiveCfg = RelWithDebInfo|x64
		{1669F231-CD25-38D5-AF62-804CE368CEFC}.RelWithDebInfo|x64.Build.0 = RelWithDebInfo|x64
		{EDDEDEC2-32AD-3412-992A-B09FF24F22DE}.Debug|x64.ActiveCfg = Debug|x64
		{EDDEDEC2-32AD-3412-992A-B09FF24F22DE}.Debug|x64.Build.0 = Debug|x64
		{EDDEDEC2-32AD-3412-992A-B09FF24F22DE}.Release|x64.ActiveCfg = Release|x64
		{EDDEDEC2-32AD-3412-992A-B09FF24F22DE}.Release|x64.Build.0 = Release|x64
		{EDDEDEC2-32AD-3412-992A-B09FF24F22DE}.MinSizeRel|x64.ActiveCfg = MinSizeRel|x64
		{EDDEDEC2-32AD-3412-992A-B09FF24F22DE}.MinSizeRel|x64.Build.0 = MinSizeRel|x64
		{EDDEDEC2-32AD-3412-992A-B09FF24F22DE}.RelWithDebInfo|x64.ActiveCfg = RelWithDebInfo|x64
		{EDDEDEC2-32AD-3412-992A-B09FF24F22DE}.RelWithDebInfo|x64.Build.0 = RelWithDebInfo|x64
		{21E98ED2-9A1B-3CCE-BF26-E934AF32DDE4}.Debug|x64.ActiveCfg = Debug|x64
		{21E98ED2-9A1B-3CCE-BF26-E934AF32DDE4}.Debug|x64.Build.0 = Debug|x64
		{21E98ED2-9A1B-3CCE-BF26-E934AF32DDE4}.Release|x64.ActiveCfg = Release|x64
		{21E98ED2-9A1B-3CCE-BF26-E934AF32DDE4}.Release|x64.Build.0 = Release|x64
		{21E98ED2-9A1B-3CCE-BF26-E934AF32DDE4}.MinSizeRel|x64.ActiveCfg = MinSizeRel|x64
		{21E98ED2-9A1B-3CCE-BF26-E934AF32DDE4}.MinSizeRel|x64.Build.0 = MinSizeRel|x64
		{21E98ED2-9A1B-3CCE-BF26-E934AF32DDE4}.RelWithDebInfo|x64.ActiveCfg = RelWithDebInfo|x64
		{21E98ED2-9A1B-3CCE-BF26-E934AF32DDE4}.RelWithDebInfo|x64.Build.0 = RelWithDebInfo|x64
		{6BDEADA9-496B-34D4-AB1B-D644DF011E34}.Debug|x64.ActiveCfg = Debug|x64
		{6BDEADA9-496B-34D4-AB1B-D644DF011E34}.Debug|x64.Build.0 = Debug|x64
		{6BDEADA9-496B-34D4-AB1B-D644DF011E34}.Release|x64.ActiveCfg = Release|x64
		{6BDEADA9-496B-34D4-AB1B-D644DF011E34}.Release|x64.Build.0 = Release|x64
		{6BDEADA9-496B-34D4-AB1B-D644DF011E34}.MinSizeRel|x64.ActiveCfg = MinSizeRel|x64
		{6BDEADA9-496B-34D4-AB1B-D644DF011E34}.MinSizeRel|x64.Build.0 = MinSizeRel|x64
		{6BDEADA9-496B-34D4-AB1B-D644DF011E34}.RelWithDebInfo|x64.ActiveCfg = RelWithDebInfo|x64
		{6BDEADA9-496B-34D4-AB1B-D644DF011E34}.RelWithDebInfo|x64.Build.0 = RelWithDebInfo|x64
		{574875D1-2FD4-32D9-A150-2E10E9F6D334}.Debug|x64.ActiveCfg = Debug|x64
		{574875D1-2FD4-32D9-A150-2E10E9F6D334}.Debug|x64.Build.0 = Debug|x64
		{574875D1-2FD4-32D9-A150-2E10E9F6D334}.Release|x64.ActiveCfg = Release|x64
		{574875D1-2FD4-32D9-A150-2E10E9F6D334}.Release|x64.Build.0 = Release|x64
		{574875D1-2FD4-32D9-A150-2E10E9F6D334}.MinSizeRel|x64.ActiveCfg = MinSizeRel|x64
		{574875D1-2FD4-32D9-A150-2E10E9F6D334}.MinSizeRel|x64.Build.0 = MinSizeRel|x64
		{574875D1-2FD4-32D9-A150-2E10E9F6D334}.RelWithDebInfo|x64.ActiveCfg = RelWithDebInfo|x64
		{574875D1-2FD4-32D9-A150-2E10E9F6D334}.RelWithDebInfo|x64.Build.0 = RelWithDebInfo|x64
		{DC02E727-6B6B-3A19-A331-094AC40E2207}.Debug|x64.ActiveCfg = Debug|x64
		{DC02E727-6B6B-3A19-A331-094AC40E2207}.Debug|x64.Build.0 = Debug|x64
		{DC02E727-6B6B-3A19-A331-094AC40E2207}.Release|x64.ActiveCfg = Release|x64
		{DC02E727-6B6B-3A19-A331-094AC40E2207}.Release|x64.Build.0 = Release|x64
		{DC02E727-6B6B-3A19-A331-094AC40E2207}.MinSizeRel|x64.ActiveCfg = MinSizeRel|x64
		{DC02E727-6B6B-3A19-A331-094AC40E2207}.MinSizeRel|x64.Build.0 = MinSizeRel|x64
		{DC02E727-6B6B-3A19-A331-094AC40E2207}.RelWithDebInfo|x64.ActiveCfg = RelWithDebInfo|x64
		{DC02E727-6B6B-3A19-A331-094AC40E2207}.RelWithDebInfo|x64.Build.0 = RelWithDebInfo|x64
		{B676640C-4550-351C-9723-D945FCDB956C}.Debug|x64.ActiveCfg = Debug|x64
		{B676640C-4550-351C-9723-D945FCDB956C}.Debug|x64.Build.0 = Debug|x64
		{B676640C-4550-351C-9723-D945FCDB956C}.Release|x64.ActiveCfg = Release|x64
		{B676640C-4550-351C-9723-D945FCDB956C}.Release|x64.Build.0 = Release|x64
		{B676640C-4550-351C-9723-D945FCDB956C}.MinSizeRel|x64.ActiveCfg = MinSizeRel|x64
		{B676640C-4550-351C-9723-D945FCDB956C}.MinSizeRel|x64.Build.0 = MinSizeRel|x64
		{B676640C-4550-351C-9723-D945FCDB956C}.RelWithDebInfo|x64.ActiveCfg = RelWithDebInfo|x64
		{B676640C-4550-351C-9723-D945FCDB956C}.RelWithDebInfo|x64.Build.0 = RelWithDebInfo|x64
		{5639C416-6462-3F5E-ABAF-6559CD2ECA93}.Debug|x64.ActiveCfg = Debug|x64
		{5639C416-6462-3F5E-ABAF-6559CD2ECA93}.Debug|x64.Build.0 = Debug|x64
		{5639C416-6462-3F5E-ABAF-6559CD2ECA93}.Release|x64.ActiveCfg = Release|x64
		{5639C416-6462-3F5E-ABAF-6559CD2ECA93}.Release|x64.Build.0 = Release|x64
		{5639C416-6462-3F5E-ABAF-6559CD2ECA93}.MinSizeRel|x64.ActiveCfg = MinSizeRel|x64
		{5639C416-6462-3F5E-ABAF-6559CD2ECA93}.MinSizeRel|x64.Build.0 = MinSizeRel|x64
		{5639C416-6462-3F5E-ABAF-6559CD2ECA93}.RelWithDebInfo|x64.ActiveCfg = RelWithDebInfo|x64
		{5639C416-6462-3F5E-ABAF-6559CD2ECA93}.RelWithDebInfo|x64.Build.0 = RelWithDebInfo|x64
	EndGlobalSection
	GlobalSection(ExtensibilityGlobals) = postSolution
		SolutionGuid = {5AC29026-060F-3BA1-BA4B-0035B86BC48C}
	EndGlobalSection
	GlobalSection(ExtensibilityAddIns) = postSolution
	EndGlobalSection
EndGlobal
