<?xml version="1.0" encoding="utf-8"?>
<Project ToolsVersion="16.0" xmlns="http://schemas.microsoft.com/developer/msbuild/2003">
  <ItemGroup>
    <ClCompile Include="F:\code\3rdparty\tiff-4.1.0\tiff-4.1.0\libtiff\tif_stream.cxx">
      <Filter>Source Files</Filter>
    </ClCompile>
  </ItemGroup>
  <ItemGroup>
    <ClInclude Include="F:\code\3rdparty\tiff-4.1.0\tiff-4.1.0\libtiff\tiffio.hxx">
      <Filter>Header Files</Filter>
    </ClInclude>
  </ItemGroup>
  <ItemGroup>
    <CustomBuild Include="F:\code\3rdparty\tiff-4.1.0\tiff-4.1.0\libtiff\CMakeLists.txt" />
  </ItemGroup>
  <ItemGroup>
    <Filter Include="Header Files">
      <UniqueIdentifier>{0498119B-CDBC-3CAB-B097-5AB92C9CA36F}</UniqueIdentifier>
    </Filter>
    <Filter Include="Source Files">
      <UniqueIdentifier>{BCC63192-ED3F-3FA9-97D8-D6727F255175}</UniqueIdentifier>
    </Filter>
  </ItemGroup>
</Project>
